{
  "version": 4,
  "terraform_version": "0.12.24",
  "serial": 267,
  "lineage": "ab807f23-5cb1-b440-a126-9419061f18d8",
  "outputs": {
    "client_certificate": {
      "value": "",
      "type": "string"
    },
    "client_key": {
      "value": "",
      "type": "string",
      "sensitive": true
    },
    "cluster_ca_certificate": {
      "value": "-----BEGIN CERTIFICATE-----\nMIIDDDCCAfSgAwIBAgIRAJCDy3qG81W6l3HHDZc0jvgwDQYJKoZIhvcNAQELBQAw\nLzEtMCsGA1UEAxMkNmJhMzA0N2YtMzU0Ny00MTcyLWI4MzQtNTc2Y2M0YTg0ODY2\nMB4XDTIwMDUxOTE0NDY1OFoXDTI1MDUxODE1NDY1OFowLzEtMCsGA1UEAxMkNmJh\nMzA0N2YtMzU0Ny00MTcyLWI4MzQtNTc2Y2M0YTg0ODY2MIIBIjANBgkqhkiG9w0B\nAQEFAAOCAQ8AMIIBCgKCAQEAkyhyYpk/r42kk9bZwkAbMQSq5h+I76Kn3mPMXP5u\nnMfPWD4dMO0MJfbJRVhA9aEg0jtHY6kLo9VRu1pX2gbkO2cjpAGmm0C8WBbqjLIg\nOm9Ab1WdHGisp8I1KvoxclvPzUDDlop9/jkzFzPrAql81eG8J/S0PzdPfrw+fJkG\nwxCUjgJNGDKRw3VJ6gfy1yQyACa0Nkd5YE7DBrMVe4HP7k3FRWmc6JWzjM2djkT+\n5h4Km1QEBgyGTQY4LlRzctKynSCkxagncfXbT2ptr3edNky3fI4L4NdGdrSJEoT5\n2LU/wOnOWMtI6HLS3asErK+l52Ejk8n/epSsaNzyh02XAwIDAQABoyMwITAOBgNV\nHQ8BAf8EBAMCAgQwDwYDVR0TAQH/BAUwAwEB/zANBgkqhkiG9w0BAQsFAAOCAQEA\nNgojeR53dvgZz/XlLCeqzPSchd6U7+TUG4b3OG3QGOPhRBPAMUiivb2WAskcjDQb\nJtNhbIQmZl61wYGhw+nFjRHc/g/eIRwUqcwI+wRAzYVDOHmq/4N2jzkbeq+L/ACZ\nCPy5ks9d+k8xejjVW1zXc53lsm3a1VQBhiF+Zeoih8zAi6o1JqIUmKdyjtgYUjxe\n7PXVgKgfE5iQBAF6v7b7sDAE5Ev6CaoKi+uShre8ETW0LDdttPQa4mQXZlvkMu81\n1uEwtTuPugIaM3oRuQFW/uZjh9m4/jj69wEpqE7AzV+dCVa7C8Ojd085yhprFaus\nHwNUx5khzPWFDikAzwlkIA==\n-----END CERTIFICATE-----\n",
      "type": "string",
      "sensitive": true
    },
    "cluster_endpoint": {
      "value": "34.105.128.248",
      "type": "string",
      "sensitive": true
    }
  },
  "resources": [
    {
      "module": "module.vpc_network.module.network_firewall",
      "mode": "data",
      "type": "google_compute_subnetwork",
      "name": "private_subnetwork",
      "provider": "provider.google",
      "instances": [
        {
          "schema_version": 0,
          "attributes": {
            "description": "",
            "gateway_address": "10.3.16.1",
            "id": "europe-west2/magento-dev-cluster-network-zpb7-subnetwork-private",
            "ip_cidr_range": "10.3.16.0/20",
            "name": null,
            "network": "https://www.googleapis.com/compute/v1/projects/magento2-269418/global/networks/magento-dev-cluster-network-zpb7-network",
            "private_ip_google_access": true,
            "project": "magento2-269418",
            "region": "europe-west2",
            "secondary_ip_range": [
              {
                "ip_cidr_range": "10.4.16.0/20",
                "range_name": "private-services"
              }
            ],
            "self_link": "https://www.googleapis.com/compute/v1/projects/magento2-269418/regions/europe-west2/subnetworks/magento-dev-cluster-network-zpb7-subnetwork-private"
          }
        }
      ]
    },
    {
      "module": "module.vpc_network.module.network_firewall",
      "mode": "data",
      "type": "google_compute_subnetwork",
      "name": "public_subnetwork",
      "provider": "provider.google",
      "instances": [
        {
          "schema_version": 0,
          "attributes": {
            "description": "",
            "gateway_address": "10.3.0.1",
            "id": "europe-west2/magento-dev-cluster-network-zpb7-subnetwork-public",
            "ip_cidr_range": "10.3.0.0/20",
            "name": null,
            "network": "https://www.googleapis.com/compute/v1/projects/magento2-269418/global/networks/magento-dev-cluster-network-zpb7-network",
            "private_ip_google_access": true,
            "project": "magento2-269418",
            "region": "europe-west2",
            "secondary_ip_range": [
              {
                "ip_cidr_range": "10.4.0.0/20",
                "range_name": "public-services"
              }
            ],
            "self_link": "https://www.googleapis.com/compute/v1/projects/magento2-269418/regions/europe-west2/subnetworks/magento-dev-cluster-network-zpb7-subnetwork-public"
          }
        }
      ]
    },
    {
      "module": "module.gke_cluster",
      "mode": "data",
      "type": "google_container_engine_versions",
      "name": "location",
      "provider": "provider.google",
      "instances": [
        {
          "schema_version": 0,
          "attributes": {
            "default_cluster_version": "1.14.10-gke.36",
            "id": "2020-05-19 15:45:59.857859 +0000 UTC",
            "latest_master_version": "1.16.8-gke.15",
            "latest_node_version": "1.16.8-gke.15",
            "location": "europe-west2-a",
            "project": "magento2-269418",
            "region": null,
            "valid_master_versions": [
              "1.16.8-gke.15",
              "1.15.11-gke.13",
              "1.15.11-gke.12",
              "1.15.11-gke.11",
              "1.15.11-gke.9",
              "1.15.11-gke.5",
              "1.15.11-gke.3",
              "1.15.9-gke.24",
              "1.14.10-gke.37",
              "1.14.10-gke.36"
            ],
            "valid_node_versions": [
              "1.16.8-gke.15",
              "1.16.8-gke.12",
              "1.16.8-gke.9",
              "1.15.11-gke.13",
              "1.15.11-gke.12",
              "1.15.11-gke.11",
              "1.15.11-gke.9",
              "1.15.11-gke.5",
              "1.15.11-gke.3",
              "1.15.11-gke.1",
              "1.15.9-gke.26",
              "1.15.9-gke.24",
              "1.15.9-gke.22",
              "1.15.9-gke.12",
              "1.15.9-gke.9",
              "1.15.9-gke.8",
              "1.15.8-gke.3",
              "1.15.8-gke.2",
              "1.15.7-gke.23",
              "1.15.7-gke.2",
              "1.15.4-gke.22",
              "1.14.10-gke.37",
              "1.14.10-gke.36",
              "1.14.10-gke.34",
              "1.14.10-gke.32",
              "1.14.10-gke.31",
              "1.14.10-gke.27",
              "1.14.10-gke.24",
              "1.14.10-gke.22",
              "1.14.10-gke.21",
              "1.14.10-gke.17",
              "1.14.10-gke.0",
              "1.14.9-gke.23",
              "1.14.9-gke.2",
              "1.14.9-gke.0",
              "1.14.8-gke.33",
              "1.14.8-gke.21",
              "1.14.8-gke.18",
              "1.14.8-gke.17",
              "1.14.8-gke.14",
              "1.14.8-gke.12",
              "1.14.8-gke.7",
              "1.14.8-gke.2",
              "1.14.7-gke.40",
              "1.14.7-gke.25",
              "1.14.7-gke.23",
              "1.14.7-gke.17",
              "1.14.7-gke.14",
              "1.14.7-gke.10",
              "1.14.6-gke.13",
              "1.14.6-gke.2",
              "1.14.6-gke.1",
              "1.14.3-gke.11",
              "1.14.3-gke.10",
              "1.14.3-gke.9",
              "1.14.2-gke.9",
              "1.14.1-gke.5",
              "1.13.12-gke.30",
              "1.13.12-gke.25",
              "1.13.12-gke.17",
              "1.13.12-gke.16",
              "1.13.12-gke.14",
              "1.13.12-gke.13",
              "1.13.12-gke.10",
              "1.13.12-gke.8",
              "1.13.12-gke.4",
              "1.13.12-gke.2",
              "1.13.11-gke.23",
              "1.13.11-gke.15",
              "1.13.11-gke.14",
              "1.13.11-gke.12",
              "1.13.11-gke.11",
              "1.13.11-gke.9",
              "1.13.11-gke.5",
              "1.13.10-gke.7",
              "1.13.10-gke.0",
              "1.13.9-gke.11",
              "1.13.9-gke.3",
              "1.13.7-gke.24",
              "1.13.7-gke.19",
              "1.13.7-gke.15",
              "1.13.7-gke.8",
              "1.13.7-gke.0",
              "1.13.6-gke.13",
              "1.13.6-gke.6",
              "1.13.6-gke.5",
              "1.13.6-gke.0",
              "1.13.5-gke.10",
              "1.12.10-gke.22",
              "1.12.10-gke.20",
              "1.12.10-gke.19",
              "1.12.10-gke.18",
              "1.12.10-gke.17",
              "1.12.10-gke.15",
              "1.12.10-gke.13",
              "1.12.10-gke.11",
              "1.12.10-gke.5",
              "1.12.9-gke.16",
              "1.12.9-gke.15",
              "1.12.9-gke.13",
              "1.12.9-gke.10",
              "1.12.9-gke.7",
              "1.12.9-gke.3",
              "1.12.8-gke.12",
              "1.12.8-gke.10",
              "1.12.8-gke.7",
              "1.12.8-gke.6",
              "1.12.7-gke.26",
              "1.12.7-gke.25",
              "1.12.7-gke.24",
              "1.12.7-gke.22",
              "1.12.7-gke.21",
              "1.12.7-gke.17",
              "1.12.7-gke.10",
              "1.12.7-gke.7",
              "1.12.6-gke.11",
              "1.12.6-gke.10",
              "1.12.6-gke.7",
              "1.12.5-gke.10",
              "1.12.5-gke.5",
              "1.11.10-gke.6",
              "1.11.10-gke.5",
              "1.11.10-gke.4",
              "1.11.9-gke.13",
              "1.11.9-gke.8",
              "1.11.9-gke.5",
              "1.11.8-gke.10",
              "1.11.8-gke.6",
              "1.11.8-gke.5",
              "1.11.8-gke.4",
              "1.11.7-gke.18",
              "1.11.7-gke.12",
              "1.11.7-gke.6",
              "1.11.7-gke.4",
              "1.11.6-gke.16",
              "1.11.6-gke.11",
              "1.11.6-gke.6",
              "1.11.6-gke.3",
              "1.11.6-gke.2",
              "1.11.6-gke.0",
              "1.11.5-gke.5",
              "1.11.5-gke.4",
              "1.11.4-gke.13",
              "1.11.4-gke.12",
              "1.11.4-gke.8",
              "1.11.3-gke.24",
              "1.11.3-gke.23",
              "1.11.3-gke.18",
              "1.11.2-gke.26",
              "1.11.2-gke.25",
              "1.11.2-gke.20",
              "1.11.2-gke.18",
              "1.11.2-gke.15",
              "1.11.2-gke.9",
              "1.10.12-gke.14",
              "1.10.12-gke.9",
              "1.10.12-gke.7",
              "1.10.12-gke.1",
              "1.10.12-gke.0",
              "1.10.11-gke.1",
              "1.10.9-gke.7",
              "1.10.9-gke.5",
              "1.10.9-gke.3",
              "1.10.9-gke.0",
              "1.10.7-gke.13",
              "1.10.7-gke.11",
              "1.10.7-gke.9",
              "1.10.7-gke.6",
              "1.10.7-gke.2",
              "1.10.7-gke.1",
              "1.10.6-gke.13",
              "1.10.6-gke.11",
              "1.10.6-gke.9",
              "1.10.6-gke.6",
              "1.10.6-gke.4",
              "1.10.6-gke.3",
              "1.10.6-gke.2",
              "1.10.6-gke.1",
              "1.10.5-gke.4",
              "1.10.5-gke.3",
              "1.10.5-gke.2",
              "1.10.5-gke.0",
              "1.10.4-gke.3",
              "1.10.4-gke.2",
              "1.10.4-gke.0",
              "1.10.2-gke.4",
              "1.10.2-gke.3",
              "1.10.2-gke.1",
              "1.9.7-gke.11",
              "1.9.7-gke.7",
              "1.9.7-gke.6",
              "1.9.7-gke.5",
              "1.9.7-gke.4",
              "1.9.7-gke.3",
              "1.9.7-gke.1",
              "1.9.7-gke.0",
              "1.9.6-gke.2",
              "1.9.6-gke.1",
              "1.9.3-gke.0",
              "1.8.12-gke.3",
              "1.8.12-gke.2",
              "1.8.12-gke.1",
              "1.8.12-gke.0",
              "1.8.10-gke.2",
              "1.8.10-gke.0",
              "1.8.9-gke.1",
              "1.8.8-gke.0",
              "1.7.15-gke.0",
              "1.7.12-gke.2",
              "1.6.13-gke.1"
            ],
            "version_prefix": null,
            "zone": null
          }
        }
      ]
    },
    {
      "mode": "managed",
      "type": "google_compute_disk",
      "name": "default",
      "provider": "provider.google",
      "instances": [
        {
          "schema_version": 0,
          "attributes": {
            "creation_timestamp": "2020-05-19T08:46:04.226-07:00",
            "description": "To hold Magento peristent data i.e. media assets and logs",
            "disk_encryption_key": [],
            "disk_encryption_key_raw": null,
            "disk_encryption_key_sha256": null,
            "id": "nfs-disk",
            "image": "",
            "label_fingerprint": "a6HI36FuYIQ=",
            "labels": {
              "environment": "dev"
            },
            "last_attach_timestamp": "",
            "last_detach_timestamp": "",
            "name": "nfs-disk",
            "physical_block_size_bytes": 4096,
            "project": "magento2-269418",
            "self_link": "https://www.googleapis.com/compute/v1/projects/magento2-269418/zones/europe-west2-a/disks/nfs-disk",
            "size": 10,
            "snapshot": "",
            "source_image_encryption_key": [],
            "source_image_id": "",
            "source_snapshot_encryption_key": [],
            "source_snapshot_id": "",
            "timeouts": null,
            "type": "pd-ssd",
            "users": [],
            "zone": "europe-west2-a"
          },
          "private": "eyJlMmJmYjczMC1lY2FhLTExZTYtOGY4OC0zNDM2M2JjN2M0YzAiOnsiY3JlYXRlIjozMDAwMDAwMDAwMDAsImRlbGV0ZSI6MjQwMDAwMDAwMDAwLCJ1cGRhdGUiOjI0MDAwMDAwMDAwMH19"
        }
      ]
    },
    {
      "module": "module.vpc_network.module.network_firewall",
      "mode": "managed",
      "type": "google_compute_firewall",
      "name": "private_allow_all_network_inbound",
      "provider": "provider.google",
      "instances": [
        {
          "schema_version": 1,
          "attributes": {
            "allow": [
              {
                "ports": [],
                "protocol": "all"
              }
            ],
            "creation_timestamp": "2020-05-19T08:46:58.596-07:00",
            "deny": [],
            "description": "",
            "destination_ranges": [],
            "direction": "INGRESS",
            "disabled": false,
            "id": "magento-dev-cluster-network-zpb7-private-allow-ingress",
            "name": "magento-dev-cluster-network-zpb7-private-allow-ingress",
            "network": "https://www.googleapis.com/compute/v1/projects/magento2-269418/global/networks/magento-dev-cluster-network-zpb7-network",
            "priority": 1000,
            "project": "magento2-269418",
            "self_link": "https://www.googleapis.com/compute/v1/projects/magento2-269418/global/firewalls/magento-dev-cluster-network-zpb7-private-allow-ingress",
            "source_ranges": [
              "10.3.0.0/20",
              "10.3.16.0/20",
              "10.4.0.0/20",
              "10.4.16.0/20"
            ],
            "source_service_accounts": null,
            "source_tags": null,
            "target_service_accounts": null,
            "target_tags": [
              "private"
            ],
            "timeouts": null
          },
          "private": "eyJlMmJmYjczMC1lY2FhLTExZTYtOGY4OC0zNDM2M2JjN2M0YzAiOnsiY3JlYXRlIjoyNDAwMDAwMDAwMDAsImRlbGV0ZSI6MjQwMDAwMDAwMDAwLCJ1cGRhdGUiOjI0MDAwMDAwMDAwMH0sInNjaGVtYV92ZXJzaW9uIjoiMSJ9",
          "dependencies": [
            "module.vpc_network.google_compute_network.vpc",
            "module.vpc_network.google_compute_subnetwork.vpc_subnetwork_private",
            "module.vpc_network.google_compute_subnetwork.vpc_subnetwork_public",
            "random_string.suffix"
          ]
        }
      ]
    },
    {
      "module": "module.vpc_network.module.network_firewall",
      "mode": "managed",
      "type": "google_compute_firewall",
      "name": "private_allow_restricted_network_inbound",
      "provider": "provider.google",
      "instances": [
        {
          "schema_version": 1,
          "attributes": {
            "allow": [
              {
                "ports": [],
                "protocol": "all"
              }
            ],
            "creation_timestamp": "2020-05-19T08:46:20.370-07:00",
            "deny": [],
            "description": "",
            "destination_ranges": [],
            "direction": "INGRESS",
            "disabled": false,
            "id": "magento-dev-cluster-network-zpb7-allow-restricted-inbound",
            "name": "magento-dev-cluster-network-zpb7-allow-restricted-inbound",
            "network": "https://www.googleapis.com/compute/v1/projects/magento2-269418/global/networks/magento-dev-cluster-network-zpb7-network",
            "priority": 1000,
            "project": "magento2-269418",
            "self_link": "https://www.googleapis.com/compute/v1/projects/magento2-269418/global/firewalls/magento-dev-cluster-network-zpb7-allow-restricted-inbound",
            "source_ranges": [],
            "source_service_accounts": null,
            "source_tags": [
              "private",
              "private-persistence"
            ],
            "target_service_accounts": null,
            "target_tags": [
              "private-persistence"
            ],
            "timeouts": null
          },
          "private": "eyJlMmJmYjczMC1lY2FhLTExZTYtOGY4OC0zNDM2M2JjN2M0YzAiOnsiY3JlYXRlIjoyNDAwMDAwMDAwMDAsImRlbGV0ZSI6MjQwMDAwMDAwMDAwLCJ1cGRhdGUiOjI0MDAwMDAwMDAwMH0sInNjaGVtYV92ZXJzaW9uIjoiMSJ9",
          "dependencies": [
            "module.vpc_network.google_compute_network.vpc",
            "random_string.suffix"
          ]
        }
      ]
    },
    {
      "module": "module.vpc_network.module.network_firewall",
      "mode": "managed",
      "type": "google_compute_firewall",
      "name": "public_allow_all_inbound",
      "provider": "provider.google",
      "instances": [
        {
          "schema_version": 1,
          "attributes": {
            "allow": [
              {
                "ports": [],
                "protocol": "all"
              }
            ],
            "creation_timestamp": "2020-05-19T08:46:20.497-07:00",
            "deny": [],
            "description": "",
            "destination_ranges": [],
            "direction": "INGRESS",
            "disabled": false,
            "id": "magento-dev-cluster-network-zpb7-public-allow-ingress",
            "name": "magento-dev-cluster-network-zpb7-public-allow-ingress",
            "network": "https://www.googleapis.com/compute/v1/projects/magento2-269418/global/networks/magento-dev-cluster-network-zpb7-network",
            "priority": 1000,
            "project": "magento2-269418",
            "self_link": "https://www.googleapis.com/compute/v1/projects/magento2-269418/global/firewalls/magento-dev-cluster-network-zpb7-public-allow-ingress",
            "source_ranges": [
              "0.0.0.0/0"
            ],
            "source_service_accounts": null,
            "source_tags": null,
            "target_service_accounts": null,
            "target_tags": [
              "public"
            ],
            "timeouts": null
          },
          "private": "eyJlMmJmYjczMC1lY2FhLTExZTYtOGY4OC0zNDM2M2JjN2M0YzAiOnsiY3JlYXRlIjoyNDAwMDAwMDAwMDAsImRlbGV0ZSI6MjQwMDAwMDAwMDAwLCJ1cGRhdGUiOjI0MDAwMDAwMDAwMH0sInNjaGVtYV92ZXJzaW9uIjoiMSJ9",
          "dependencies": [
            "module.vpc_network.google_compute_network.vpc",
            "random_string.suffix"
          ]
        }
      ]
    },
    {
      "module": "module.vpc_network",
      "mode": "managed",
      "type": "google_compute_network",
      "name": "vpc",
      "provider": "provider.google",
      "instances": [
        {
          "schema_version": 0,
          "attributes": {
            "auto_create_subnetworks": false,
            "delete_default_routes_on_create": false,
            "description": "",
            "gateway_ipv4": "",
            "id": "magento-dev-cluster-network-zpb7-network",
            "ipv4_range": "",
            "name": "magento-dev-cluster-network-zpb7-network",
            "project": "magento2-269418",
            "routing_mode": "REGIONAL",
            "self_link": "https://www.googleapis.com/compute/v1/projects/magento2-269418/global/networks/magento-dev-cluster-network-zpb7-network",
            "timeouts": null
          },
          "private": "eyJlMmJmYjczMC1lY2FhLTExZTYtOGY4OC0zNDM2M2JjN2M0YzAiOnsiY3JlYXRlIjoyNDAwMDAwMDAwMDAsImRlbGV0ZSI6MjQwMDAwMDAwMDAwLCJ1cGRhdGUiOjI0MDAwMDAwMDAwMH19",
          "dependencies": [
            "random_string.suffix"
          ]
        }
      ]
    },
    {
      "module": "module.vpc_network",
      "mode": "managed",
      "type": "google_compute_router",
      "name": "vpc_router",
      "provider": "provider.google",
      "instances": [
        {
          "schema_version": 0,
          "attributes": {
            "bgp": [],
            "creation_timestamp": "2020-05-19T08:46:20.629-07:00",
            "description": "",
            "id": "europe-west2/magento-dev-cluster-network-zpb7-router",
            "name": "magento-dev-cluster-network-zpb7-router",
            "network": "https://www.googleapis.com/compute/v1/projects/magento2-269418/global/networks/magento-dev-cluster-network-zpb7-network",
            "project": "magento2-269418",
            "region": "europe-west2",
            "self_link": "https://www.googleapis.com/compute/v1/projects/magento2-269418/regions/europe-west2/routers/magento-dev-cluster-network-zpb7-router",
            "timeouts": null
          },
          "private": "eyJlMmJmYjczMC1lY2FhLTExZTYtOGY4OC0zNDM2M2JjN2M0YzAiOnsiY3JlYXRlIjoyNDAwMDAwMDAwMDAsImRlbGV0ZSI6MjQwMDAwMDAwMDAwLCJ1cGRhdGUiOjI0MDAwMDAwMDAwMH19",
          "dependencies": [
            "module.vpc_network.google_compute_network.vpc",
            "random_string.suffix"
          ]
        }
      ]
    },
    {
      "module": "module.vpc_network",
      "mode": "managed",
      "type": "google_compute_router_nat",
      "name": "vpc_nat",
      "provider": "provider.google",
      "instances": [
        {
          "schema_version": 0,
          "attributes": {
            "icmp_idle_timeout_sec": 30,
            "id": "magento2-269418/europe-west2/magento-dev-cluster-network-zpb7-router/magento-dev-cluster-network-zpb7-nat",
            "log_config": [],
            "min_ports_per_vm": 0,
            "name": "magento-dev-cluster-network-zpb7-nat",
            "nat_ip_allocate_option": "AUTO_ONLY",
            "nat_ips": null,
            "project": "magento2-269418",
            "region": "europe-west2",
            "router": "magento-dev-cluster-network-zpb7-router",
            "source_subnetwork_ip_ranges_to_nat": "LIST_OF_SUBNETWORKS",
            "subnetwork": [
              {
                "name": "https://www.googleapis.com/compute/v1/projects/magento2-269418/regions/europe-west2/subnetworks/magento-dev-cluster-network-zpb7-subnetwork-public",
                "secondary_ip_range_names": [],
                "source_ip_ranges_to_nat": [
                  "ALL_IP_RANGES"
                ]
              }
            ],
            "tcp_established_idle_timeout_sec": 1200,
            "tcp_transitory_idle_timeout_sec": 30,
            "timeouts": null,
            "udp_idle_timeout_sec": 30
          },
          "private": "eyJlMmJmYjczMC1lY2FhLTExZTYtOGY4OC0zNDM2M2JjN2M0YzAiOnsiY3JlYXRlIjo2MDAwMDAwMDAwMDAsImRlbGV0ZSI6NjAwMDAwMDAwMDAwLCJ1cGRhdGUiOjYwMDAwMDAwMDAwMH19",
          "dependencies": [
            "module.vpc_network.google_compute_network.vpc",
            "module.vpc_network.google_compute_router.vpc_router",
            "module.vpc_network.google_compute_subnetwork.vpc_subnetwork_public",
            "random_string.suffix"
          ]
        }
      ]
    },
    {
      "module": "module.vpc_network",
      "mode": "managed",
      "type": "google_compute_subnetwork",
      "name": "vpc_subnetwork_private",
      "provider": "provider.google",
      "instances": [
        {
          "schema_version": 0,
          "attributes": {
            "creation_timestamp": "2020-05-19T08:46:20.718-07:00",
            "description": "",
            "enable_flow_logs": true,
            "fingerprint": "XdYBpPOsv5k=",
            "gateway_address": "10.3.16.1",
            "id": "europe-west2/magento-dev-cluster-network-zpb7-subnetwork-private",
            "ip_cidr_range": "10.3.16.0/20",
            "log_config": [
              {
                "aggregation_interval": "INTERVAL_5_SEC",
                "flow_sampling": 0.5,
                "metadata": "INCLUDE_ALL_METADATA"
              }
            ],
            "name": "magento-dev-cluster-network-zpb7-subnetwork-private",
            "network": "https://www.googleapis.com/compute/v1/projects/magento2-269418/global/networks/magento-dev-cluster-network-zpb7-network",
            "private_ip_google_access": true,
            "project": "magento2-269418",
            "region": "europe-west2",
            "secondary_ip_range": [
              {
                "ip_cidr_range": "10.4.16.0/20",
                "range_name": "private-services"
              }
            ],
            "self_link": "https://www.googleapis.com/compute/v1/projects/magento2-269418/regions/europe-west2/subnetworks/magento-dev-cluster-network-zpb7-subnetwork-private",
            "timeouts": null
          },
          "private": "eyJlMmJmYjczMC1lY2FhLTExZTYtOGY4OC0zNDM2M2JjN2M0YzAiOnsiY3JlYXRlIjozNjAwMDAwMDAwMDAsImRlbGV0ZSI6MzYwMDAwMDAwMDAwLCJ1cGRhdGUiOjM2MDAwMDAwMDAwMH19",
          "dependencies": [
            "module.vpc_network.google_compute_network.vpc",
            "random_string.suffix"
          ]
        }
      ]
    },
    {
      "module": "module.vpc_network",
      "mode": "managed",
      "type": "google_compute_subnetwork",
      "name": "vpc_subnetwork_public",
      "provider": "provider.google",
      "instances": [
        {
          "schema_version": 0,
          "attributes": {
            "creation_timestamp": "2020-05-19T08:46:20.688-07:00",
            "description": "",
            "enable_flow_logs": true,
            "fingerprint": "zj7RRleqZtc=",
            "gateway_address": "10.3.0.1",
            "id": "europe-west2/magento-dev-cluster-network-zpb7-subnetwork-public",
            "ip_cidr_range": "10.3.0.0/20",
            "log_config": [
              {
                "aggregation_interval": "INTERVAL_5_SEC",
                "flow_sampling": 0.5,
                "metadata": "INCLUDE_ALL_METADATA"
              }
            ],
            "name": "magento-dev-cluster-network-zpb7-subnetwork-public",
            "network": "https://www.googleapis.com/compute/v1/projects/magento2-269418/global/networks/magento-dev-cluster-network-zpb7-network",
            "private_ip_google_access": true,
            "project": "magento2-269418",
            "region": "europe-west2",
            "secondary_ip_range": [
              {
                "ip_cidr_range": "10.4.0.0/20",
                "range_name": "public-services"
              }
            ],
            "self_link": "https://www.googleapis.com/compute/v1/projects/magento2-269418/regions/europe-west2/subnetworks/magento-dev-cluster-network-zpb7-subnetwork-public",
            "timeouts": null
          },
          "private": "eyJlMmJmYjczMC1lY2FhLTExZTYtOGY4OC0zNDM2M2JjN2M0YzAiOnsiY3JlYXRlIjozNjAwMDAwMDAwMDAsImRlbGV0ZSI6MzYwMDAwMDAwMDAwLCJ1cGRhdGUiOjM2MDAwMDAwMDAwMH19",
          "dependencies": [
            "module.vpc_network.google_compute_network.vpc",
            "random_string.suffix"
          ]
        }
      ]
    },
    {
      "module": "module.gke_cluster",
      "mode": "managed",
      "type": "google_container_cluster",
      "name": "cluster",
      "provider": "provider.google-beta",
      "instances": [
        {
          "schema_version": 1,
          "attributes": {
            "additional_zones": [],
            "addons_config": [
              {
                "cloudrun_config": [],
                "horizontal_pod_autoscaling": [
                  {
                    "disabled": false
                  }
                ],
                "http_load_balancing": [
                  {
                    "disabled": false
                  }
                ],
                "istio_config": [],
                "kubernetes_dashboard": [
                  {
                    "disabled": true
                  }
                ],
                "network_policy_config": [
                  {
                    "disabled": false
                  }
                ]
              }
            ],
            "authenticator_groups_config": [],
            "cluster_autoscaling": [
              {
                "enabled": false,
                "resource_limits": []
              }
            ],
            "cluster_ipv4_cidr": "10.4.0.0/20",
            "database_encryption": [
              {
                "key_name": "",
                "state": "DECRYPTED"
              }
            ],
            "default_max_pods_per_node": 110,
            "description": "",
            "enable_binary_authorization": false,
            "enable_intranode_visibility": false,
            "enable_kubernetes_alpha": false,
            "enable_legacy_abac": false,
            "enable_shielded_nodes": false,
            "enable_tpu": false,
            "endpoint": "34.105.128.248",
            "id": "magento-dev-cluster",
            "initial_node_count": 1,
            "instance_group_urls": [],
            "ip_allocation_policy": [
              {
                "cluster_ipv4_cidr_block": "10.4.0.0/20",
                "cluster_secondary_range_name": "public-services",
                "create_subnetwork": false,
                "node_ipv4_cidr_block": "10.3.0.0/20",
                "services_ipv4_cidr_block": "10.4.0.0/20",
                "services_secondary_range_name": "public-services",
                "subnetwork_name": "",
                "use_ip_aliases": true
              }
            ],
            "location": "europe-west2-a",
            "logging_service": "logging.googleapis.com/kubernetes",
            "maintenance_policy": [
              {
                "daily_maintenance_window": [
                  {
                    "duration": "PT4H0M0S",
                    "start_time": "05:00"
                  }
                ],
                "recurring_window": []
              }
            ],
            "master_auth": [
              {
                "client_certificate": "",
                "client_certificate_config": [
                  {
                    "issue_client_certificate": false
                  }
                ],
                "client_key": "",
                "cluster_ca_certificate": "LS0tLS1CRUdJTiBDRVJUSUZJQ0FURS0tLS0tCk1JSURERENDQWZTZ0F3SUJBZ0lSQUpDRHkzcUc4MVc2bDNISERaYzBqdmd3RFFZSktvWklodmNOQVFFTEJRQXcKTHpFdE1Dc0dBMVVFQXhNa05tSmhNekEwTjJZdE16VTBOeTAwTVRjeUxXSTRNelF0TlRjMlkyTTBZVGcwT0RZMgpNQjRYRFRJd01EVXhPVEUwTkRZMU9Gb1hEVEkxTURVeE9ERTFORFkxT0Zvd0x6RXRNQ3NHQTFVRUF4TWtObUpoCk16QTBOMll0TXpVME55MDBNVGN5TFdJNE16UXROVGMyWTJNMFlUZzBPRFkyTUlJQklqQU5CZ2txaGtpRzl3MEIKQVFFRkFBT0NBUThBTUlJQkNnS0NBUUVBa3loeVlway9yNDJrazliWndrQWJNUVNxNWgrSTc2S24zbVBNWFA1dQpuTWZQV0Q0ZE1PME1KZmJKUlZoQTlhRWcwanRIWTZrTG85VlJ1MXBYMmdia08yY2pwQUdtbTBDOFdCYnFqTElnCk9tOUFiMVdkSEdpc3A4STFLdm94Y2x2UHpVRERsb3A5L2prekZ6UHJBcWw4MWVHOEovUzBQemRQZnJ3K2ZKa0cKd3hDVWpnSk5HREtSdzNWSjZnZnkxeVF5QUNhME5rZDVZRTdEQnJNVmU0SFA3azNGUldtYzZKV3pqTTJkamtUKwo1aDRLbTFRRUJneUdUUVk0TGxSemN0S3luU0NreGFnbmNmWGJUMnB0cjNlZE5reTNmSTRMNE5kR2RyU0pFb1Q1CjJMVS93T25PV010STZITFMzYXNFcksrbDUyRWprOG4vZXBTc2FOenloMDJYQXdJREFRQUJveU13SVRBT0JnTlYKSFE4QkFmOEVCQU1DQWdRd0R3WURWUjBUQVFIL0JBVXdBd0VCL3pBTkJna3Foa2lHOXcwQkFRc0ZBQU9DQVFFQQpOZ29qZVI1M2R2Z1p6L1hsTENlcXpQU2NoZDZVNytUVUc0YjNPRzNRR09QaFJCUEFNVWlpdmIyV0Fza2NqRFFiCkp0TmhiSVFtWmw2MXdZR2h3K25GalJIYy9nL2VJUndVcWN3SSt3UkF6WVZET0htcS80TjJqemtiZXErTC9BQ1oKQ1B5NWtzOWQrazh4ZWpqVlcxelhjNTNsc20zYTFWUUJoaUYrWmVvaWg4ekFpNm8xSnFJVW1LZHlqdGdZVWp4ZQo3UFhWZ0tnZkU1aVFCQUY2djdiN3NEQUU1RXY2Q2FvS2krdVNocmU4RVRXMExEZHR0UFFhNG1RWFpsdmtNdTgxCjF1RXd0VHVQdWdJYU0zb1J1UUZXL3Vaamg5bTQvamo2OXdFcHFFN0F6VitkQ1ZhN0M4T2pkMDg1eWhwckZhdXMKSHdOVXg1a2h6UFdGRGlrQXp3bGtJQT09Ci0tLS0tRU5EIENFUlRJRklDQVRFLS0tLS0K",
                "password": "",
                "username": ""
              }
            ],
            "master_authorized_networks_config": [
              {
                "cidr_blocks": [
                  {
                    "cidr_block": "0.0.0.0/0",
                    "display_name": "all-for-testing"
                  }
                ]
              }
            ],
            "master_version": "1.16.8-gke.15",
            "min_master_version": "1.16.8-gke.15",
            "monitoring_service": "monitoring.googleapis.com/kubernetes",
            "name": "magento-dev-cluster",
            "network": "projects/magento2-269418/global/networks/magento-dev-cluster-network-zpb7-network",
            "network_policy": [
              {
                "enabled": true,
                "provider": "CALICO"
              }
            ],
            "node_config": [],
            "node_locations": [],
            "node_pool": [],
            "node_version": "1.16.8-gke.15",
            "pod_security_policy_config": [],
            "private_cluster_config": [
              {
                "enable_private_endpoint": false,
                "enable_private_nodes": true,
                "master_ipv4_cidr_block": "10.5.0.0/28",
                "private_endpoint": "10.5.0.2",
                "public_endpoint": "34.105.128.248"
              }
            ],
            "project": "magento2-269418",
            "region": null,
            "release_channel": [
              {
                "channel": "UNSPECIFIED"
              }
            ],
            "remove_default_node_pool": true,
            "resource_labels": null,
            "resource_usage_export_config": [],
            "services_ipv4_cidr": "10.4.0.0/20",
            "subnetwork": "projects/magento2-269418/regions/europe-west2/subnetworks/magento-dev-cluster-network-zpb7-subnetwork-public",
            "timeouts": null,
            "tpu_ipv4_cidr_block": "",
            "vertical_pod_autoscaling": [
              {
                "enabled": true
              }
            ],
            "workload_identity_config": [],
            "zone": "europe-west2-a"
          },
          "private": "eyJlMmJmYjczMC1lY2FhLTExZTYtOGY4OC0zNDM2M2JjN2M0YzAiOnsiY3JlYXRlIjoxODAwMDAwMDAwMDAwLCJkZWxldGUiOjE4MDAwMDAwMDAwMDAsInVwZGF0ZSI6MzYwMDAwMDAwMDAwMH0sInNjaGVtYV92ZXJzaW9uIjoiMSJ9",
          "dependencies": [
            "module.vpc_network.google_compute_network.vpc",
            "module.vpc_network.google_compute_subnetwork.vpc_subnetwork_public",
            "random_string.suffix"
          ]
        }
      ]
    },
    {
      "mode": "managed",
      "type": "google_container_node_pool",
      "name": "database_pool",
      "provider": "provider.google-beta",
      "instances": [
        {
          "schema_version": 1,
          "attributes": {
            "autoscaling": [],
            "cluster": "magento-dev-cluster",
            "id": "europe-west2-a/magento-dev-cluster/db-node-pool",
            "initial_node_count": 1,
            "instance_group_urls": [
              "https://www.googleapis.com/compute/v1/projects/magento2-269418/zones/europe-west2-a/instanceGroupManagers/gke-magento-dev-cluster-db-node-pool-c7fe6304-grp"
            ],
            "location": "europe-west2-a",
            "management": [
              {
                "auto_repair": false,
                "auto_upgrade": true
              }
            ],
            "max_pods_per_node": 110,
            "name": "db-node-pool",
            "name_prefix": "",
            "node_config": [
              {
                "disk_size_gb": 10,
                "disk_type": "pd-standard",
                "guest_accelerator": [],
                "image_type": "COS",
                "labels": {
                  "private-db-pool": "mysql-db"
                },
                "local_ssd_count": 0,
                "machine_type": "n1-standard-2",
                "metadata": {
                  "disable-legacy-endpoints": "true"
                },
                "min_cpu_platform": "",
                "oauth_scopes": [
                  "https://www.googleapis.com/auth/cloud-platform"
                ],
                "preemptible": false,
                "sandbox_config": [],
                "service_account": "magento-private-cluster-sa@magento2-269418.iam.gserviceaccount.com",
                "shielded_instance_config": [
                  {
                    "enable_integrity_monitoring": true,
                    "enable_secure_boot": false
                  }
                ],
                "tags": [
                  "private",
                  "private-db-pool"
                ],
                "taint": [],
                "workload_metadata_config": []
              }
            ],
            "node_count": 1,
            "node_locations": [
              "europe-west2-a"
            ],
            "project": "magento2-269418",
            "region": null,
            "timeouts": null,
            "version": "1.16.8-gke.15",
            "zone": "europe-west2-a"
          },
          "private": "eyJlMmJmYjczMC1lY2FhLTExZTYtOGY4OC0zNDM2M2JjN2M0YzAiOnsiY3JlYXRlIjoxODAwMDAwMDAwMDAwLCJkZWxldGUiOjYwMDAwMDAwMDAwMCwidXBkYXRlIjo2MDAwMDAwMDAwMDB9LCJzY2hlbWFfdmVyc2lvbiI6IjEifQ==",
          "dependencies": [
            "module.gke_cluster.google_container_cluster.cluster",
            "module.gke_service_account.google_service_account.service_account",
            "module.vpc_network.google_compute_network.vpc",
            "module.vpc_network.google_compute_subnetwork.vpc_subnetwork_public",
            "random_string.suffix"
          ]
        }
      ]
    },
    {
      "mode": "managed",
      "type": "google_container_node_pool",
      "name": "nfs_pool",
      "provider": "provider.google-beta",
      "instances": [
        {
          "schema_version": 1,
          "attributes": {
            "autoscaling": [],
            "cluster": "magento-dev-cluster",
            "id": "europe-west2-a/magento-dev-cluster/nfs-node-pool",
            "initial_node_count": 1,
            "instance_group_urls": [
              "https://www.googleapis.com/compute/v1/projects/magento2-269418/zones/europe-west2-a/instanceGroupManagers/gke-magento-dev-cluster-nfs-node-pool-9e003bd2-grp"
            ],
            "location": "europe-west2-a",
            "management": [
              {
                "auto_repair": false,
                "auto_upgrade": true
              }
            ],
            "max_pods_per_node": 110,
            "name": "nfs-node-pool",
            "name_prefix": "",
            "node_config": [
              {
                "disk_size_gb": 10,
                "disk_type": "pd-standard",
                "guest_accelerator": [],
                "image_type": "COS",
                "labels": {
                  "private-nfs-pool": "nfs-drive"
                },
                "local_ssd_count": 0,
                "machine_type": "n1-standard-2",
                "metadata": {
                  "disable-legacy-endpoints": "true"
                },
                "min_cpu_platform": "",
                "oauth_scopes": [
                  "https://www.googleapis.com/auth/cloud-platform"
                ],
                "preemptible": false,
                "sandbox_config": [],
                "service_account": "magento-private-cluster-sa@magento2-269418.iam.gserviceaccount.com",
                "shielded_instance_config": [
                  {
                    "enable_integrity_monitoring": true,
                    "enable_secure_boot": false
                  }
                ],
                "tags": [
                  "private",
                  "private-nfs-pool"
                ],
                "taint": [],
                "workload_metadata_config": []
              }
            ],
            "node_count": 1,
            "node_locations": [
              "europe-west2-a"
            ],
            "project": "magento2-269418",
            "region": null,
            "timeouts": null,
            "version": "1.16.8-gke.15",
            "zone": "europe-west2-a"
          },
          "private": "eyJlMmJmYjczMC1lY2FhLTExZTYtOGY4OC0zNDM2M2JjN2M0YzAiOnsiY3JlYXRlIjoxODAwMDAwMDAwMDAwLCJkZWxldGUiOjYwMDAwMDAwMDAwMCwidXBkYXRlIjo2MDAwMDAwMDAwMDB9LCJzY2hlbWFfdmVyc2lvbiI6IjEifQ==",
          "dependencies": [
            "module.gke_cluster.google_container_cluster.cluster",
            "module.gke_service_account.google_service_account.service_account",
            "module.vpc_network.google_compute_network.vpc",
            "module.vpc_network.google_compute_subnetwork.vpc_subnetwork_public",
            "random_string.suffix"
          ]
        }
      ]
    },
    {
      "mode": "managed",
      "type": "google_container_node_pool",
      "name": "node_pool",
      "provider": "provider.google-beta",
      "instances": [
        {
          "schema_version": 1,
          "attributes": {
            "autoscaling": [
              {
                "max_node_count": 5,
                "min_node_count": 1
              }
            ],
            "cluster": "magento-dev-cluster",
            "id": "europe-west2-a/magento-dev-cluster/app-pool",
            "initial_node_count": 1,
            "instance_group_urls": [
              "https://www.googleapis.com/compute/v1/projects/magento2-269418/zones/europe-west2-a/instanceGroupManagers/gke-magento-dev-cluster-app-pool-baf31d45-grp"
            ],
            "location": "europe-west2-a",
            "management": [
              {
                "auto_repair": true,
                "auto_upgrade": true
              }
            ],
            "max_pods_per_node": 110,
            "name": "app-pool",
            "name_prefix": "",
            "node_config": [
              {
                "disk_size_gb": 30,
                "disk_type": "pd-standard",
                "guest_accelerator": [],
                "image_type": "COS",
                "labels": {
                  "private-app-pool": "web-app"
                },
                "local_ssd_count": 0,
                "machine_type": "n1-standard-2",
                "metadata": {
                  "disable-legacy-endpoints": "true"
                },
                "min_cpu_platform": "",
                "oauth_scopes": [
                  "https://www.googleapis.com/auth/cloud-platform"
                ],
                "preemptible": false,
                "sandbox_config": [],
                "service_account": "magento-private-cluster-sa@magento2-269418.iam.gserviceaccount.com",
                "shielded_instance_config": [
                  {
                    "enable_integrity_monitoring": true,
                    "enable_secure_boot": false
                  }
                ],
                "tags": [
                  "private",
                  "private-pool-magento"
                ],
                "taint": [],
                "workload_metadata_config": []
              }
            ],
            "node_count": 1,
            "node_locations": [
              "europe-west2-a"
            ],
            "project": "magento2-269418",
            "region": null,
            "timeouts": {
              "create": "30m",
              "delete": "30m",
              "update": "30m"
            },
            "version": "1.16.8-gke.15",
            "zone": "europe-west2-a"
          },
          "private": "eyJlMmJmYjczMC1lY2FhLTExZTYtOGY4OC0zNDM2M2JjN2M0YzAiOnsiY3JlYXRlIjoxODAwMDAwMDAwMDAwLCJkZWxldGUiOjE4MDAwMDAwMDAwMDAsInVwZGF0ZSI6MTgwMDAwMDAwMDAwMH0sInNjaGVtYV92ZXJzaW9uIjoiMSJ9",
          "dependencies": [
            "module.gke_cluster.google_container_cluster.cluster",
            "module.gke_service_account.google_service_account.service_account",
            "module.vpc_network.google_compute_network.vpc",
            "module.vpc_network.google_compute_subnetwork.vpc_subnetwork_public",
            "random_string.suffix"
          ]
        }
      ]
    },
    {
      "module": "module.gke_service_account",
      "mode": "managed",
      "type": "google_project_iam_member",
      "name": "service_account-roles",
      "each": "map",
      "provider": "provider.google",
      "instances": [
        {
          "index_key": "roles/logging.logWriter",
          "schema_version": 0,
          "attributes": {
            "etag": "BwWmAi4eqTo=",
            "id": "magento2-269418/roles/logging.logWriter/serviceaccount:magento-private-cluster-sa@magento2-269418.iam.gserviceaccount.com",
            "member": "serviceAccount:magento-private-cluster-sa@magento2-269418.iam.gserviceaccount.com",
            "project": "magento2-269418",
            "role": "roles/logging.logWriter"
          },
          "private": "bnVsbA==",
          "dependencies": [
            "module.gke_service_account.google_service_account.service_account"
          ]
        },
        {
          "index_key": "roles/monitoring.metricWriter",
          "schema_version": 0,
          "attributes": {
            "etag": "BwWmAi4eqTo=",
            "id": "magento2-269418/roles/monitoring.metricWriter/serviceaccount:magento-private-cluster-sa@magento2-269418.iam.gserviceaccount.com",
            "member": "serviceAccount:magento-private-cluster-sa@magento2-269418.iam.gserviceaccount.com",
            "project": "magento2-269418",
            "role": "roles/monitoring.metricWriter"
          },
          "private": "bnVsbA==",
          "dependencies": [
            "module.gke_service_account.google_service_account.service_account"
          ]
        },
        {
          "index_key": "roles/monitoring.viewer",
          "schema_version": 0,
          "attributes": {
            "etag": "BwWmAi4eqTo=",
            "id": "magento2-269418/roles/monitoring.viewer/serviceaccount:magento-private-cluster-sa@magento2-269418.iam.gserviceaccount.com",
            "member": "serviceAccount:magento-private-cluster-sa@magento2-269418.iam.gserviceaccount.com",
            "project": "magento2-269418",
            "role": "roles/monitoring.viewer"
          },
          "private": "bnVsbA==",
          "dependencies": [
            "module.gke_service_account.google_service_account.service_account"
          ]
        },
        {
          "index_key": "roles/stackdriver.resourceMetadata.writer",
          "schema_version": 0,
          "attributes": {
            "etag": "BwWmAi4eqTo=",
            "id": "magento2-269418/roles/stackdriver.resourceMetadata.writer/serviceaccount:magento-private-cluster-sa@magento2-269418.iam.gserviceaccount.com",
            "member": "serviceAccount:magento-private-cluster-sa@magento2-269418.iam.gserviceaccount.com",
            "project": "magento2-269418",
            "role": "roles/stackdriver.resourceMetadata.writer"
          },
          "private": "bnVsbA==",
          "dependencies": [
            "module.gke_service_account.google_service_account.service_account"
          ]
        }
      ]
    },
    {
      "module": "module.gke_service_account",
      "mode": "managed",
      "type": "google_service_account",
      "name": "service_account",
      "provider": "provider.google",
      "instances": [
        {
          "schema_version": 0,
          "attributes": {
            "account_id": "magento-private-cluster-sa",
            "description": "",
            "display_name": "Magento GKE Cluster Service Account managed by Terraform",
            "email": "magento-private-cluster-sa@magento2-269418.iam.gserviceaccount.com",
            "id": "projects/magento2-269418/serviceAccounts/magento-private-cluster-sa@magento2-269418.iam.gserviceaccount.com",
            "name": "projects/magento2-269418/serviceAccounts/magento-private-cluster-sa@magento2-269418.iam.gserviceaccount.com",
            "policy_data": null,
            "project": "magento2-269418",
            "unique_id": "104606619359040507857"
          },
          "private": "bnVsbA=="
        }
      ]
    },
    {
      "mode": "managed",
      "type": "random_string",
      "name": "suffix",
      "provider": "provider.random",
      "instances": [
        {
          "schema_version": 1,
          "attributes": {
            "id": "zpb7",
            "keepers": null,
            "length": 4,
            "lower": true,
            "min_lower": 0,
            "min_numeric": 0,
            "min_special": 0,
            "min_upper": 0,
            "number": true,
            "override_special": null,
            "result": "zpb7",
            "special": false,
            "upper": false
          },
          "private": "eyJzY2hlbWFfdmVyc2lvbiI6IjEifQ=="
        }
      ]
    }
  ]
}
