{
  "version": 4,
  "terraform_version": "0.12.24",
  "serial": 1021,
  "lineage": "ab807f23-5cb1-b440-a126-9419061f18d8",
  "outputs": {
    "client_certificate": {
      "value": "",
      "type": "string"
    },
    "cluster_ca_certificate": {
      "value": "-----BEGIN CERTIFICATE-----\nMIIDDDCCAfSgAwIBAgIRAP1XqebZWOkgo/vBSkx8Ew8wDQYJKoZIhvcNAQELBQAw\nLzEtMCsGA1UEAxMkNmExZDNhZDUtMTVhNC00MmUxLWJlYjQtYTNkYjk2YTA0YjI0\nMB4XDTIwMDcxMTEzMDQzMFoXDTI1MDcxMDE0MDQzMFowLzEtMCsGA1UEAxMkNmEx\nZDNhZDUtMTVhNC00MmUxLWJlYjQtYTNkYjk2YTA0YjI0MIIBIjANBgkqhkiG9w0B\nAQEFAAOCAQ8AMIIBCgKCAQEAkvddEbqBssoTwcGBCWQmYgEuN7s/qAWb/GwrtqXm\nM0/mKtDDcR7AndcQHP/h39EO0LqAjv1+a4T7sX8nE/D0yuxKnUC/rGjiLaXeukfC\ndY8QlIeDDGIeb+tQY6XmlY7R5TVqYYCi4qW7WdPkwyPwf/XVugTFVjafVEIEf+yb\nzwPb2WFTA21o0cUBTm6ITgy+hN0jY+w7m70GDLwza4JdbpvpqE6PRME3RlUve1ir\nK5jFEARrx/Dn0NDfSo3Nv6owqHq8HUzn6vBR9LirWYPOA707ToNghx7zQ1dSXnD9\nqVK1589H6/9IFj5hwONBpJkivHQntJvTzvYop4lrS/KQDQIDAQABoyMwITAOBgNV\nHQ8BAf8EBAMCAgQwDwYDVR0TAQH/BAUwAwEB/zANBgkqhkiG9w0BAQsFAAOCAQEA\nbSg11rCeVK2sLzyY2DXpNzWgCO9oz88jouAkYZaaAEdG8xNuasmsKLDDSonTzWtF\n8trVaUvAkt4TpVmQUdl4TWAfI2ux1xD8i4biHG8uq1029UKgCYs6ne9Fk1iun9X3\nIFicbRIxNeCmzMvSrtJOrZZaZuMEncnbl6eIn4Y3mNKZPnKoANa9MnpIG4w/7nDM\nz6VKuMsZr5puG97Nln7uMg1qhidRa1j+k9tAJMnJZgJqL5iQVjpOLz7T51Tb9yBE\ny/VHos0OnhYI+2IEO+KJVJKOBS1StzRPvycy3Xg3WlFzrd7sC257XypWcZHpKQrf\nsuy9bdcstv6hfKmgg+dIRQ==\n-----END CERTIFICATE-----\n",
      "type": "string",
      "sensitive": true
    }
  },
  "resources": [
    {
      "module": "module.gke_cluster",
      "mode": "data",
      "type": "google_container_engine_versions",
      "name": "location",
      "provider": "provider.google",
      "instances": [
        {
          "schema_version": 0,
          "attributes": {
            "default_cluster_version": "1.14.10-gke.36",
            "id": "2020-07-11 14:33:35.835266 +0000 UTC",
            "latest_master_version": "1.16.10-gke.8",
            "latest_node_version": "1.16.10-gke.8",
            "location": "europe-west2-a",
            "project": "magento2-269418",
            "region": null,
            "valid_master_versions": [
              "1.16.10-gke.8",
              "1.16.9-gke.6",
              "1.16.9-gke.2",
              "1.16.8-gke.15",
              "1.15.12-gke.6",
              "1.15.12-gke.3",
              "1.15.12-gke.2",
              "1.15.11-gke.17",
              "1.15.11-gke.15",
              "1.15.9-gke.24",
              "1.14.10-gke.45",
              "1.14.10-gke.42",
              "1.14.10-gke.41",
              "1.14.10-gke.40",
              "1.14.10-gke.37",
              "1.14.10-gke.36"
            ],
            "valid_node_versions": [
              "1.16.10-gke.8",
              "1.16.9-gke.6",
              "1.16.9-gke.2",
              "1.16.8-gke.15",
              "1.16.8-gke.12",
              "1.16.8-gke.9",
              "1.15.12-gke.6",
              "1.15.12-gke.3",
              "1.15.12-gke.2",
              "1.15.11-gke.17",
              "1.15.11-gke.15",
              "1.15.11-gke.13",
              "1.15.11-gke.12",
              "1.15.11-gke.11",
              "1.15.11-gke.9",
              "1.15.11-gke.5",
              "1.15.11-gke.3",
              "1.15.11-gke.1",
              "1.15.9-gke.26",
              "1.15.9-gke.24",
              "1.15.9-gke.22",
              "1.15.9-gke.12",
              "1.15.9-gke.9",
              "1.15.9-gke.8",
              "1.15.8-gke.3",
              "1.15.8-gke.2",
              "1.15.7-gke.23",
              "1.15.7-gke.2",
              "1.15.4-gke.22",
              "1.14.10-gke.45",
              "1.14.10-gke.42",
              "1.14.10-gke.41",
              "1.14.10-gke.40",
              "1.14.10-gke.37",
              "1.14.10-gke.36",
              "1.14.10-gke.34",
              "1.14.10-gke.32",
              "1.14.10-gke.31",
              "1.14.10-gke.27",
              "1.14.10-gke.24",
              "1.14.10-gke.22",
              "1.14.10-gke.21",
              "1.14.10-gke.17",
              "1.14.10-gke.0",
              "1.14.9-gke.23",
              "1.14.9-gke.2",
              "1.14.9-gke.0",
              "1.14.8-gke.33",
              "1.14.8-gke.21",
              "1.14.8-gke.18",
              "1.14.8-gke.17",
              "1.14.8-gke.14",
              "1.14.8-gke.12",
              "1.14.8-gke.7",
              "1.14.8-gke.2",
              "1.14.7-gke.40",
              "1.14.7-gke.25",
              "1.14.7-gke.23",
              "1.14.7-gke.17",
              "1.14.7-gke.14",
              "1.14.7-gke.10",
              "1.14.6-gke.13",
              "1.14.6-gke.2",
              "1.14.6-gke.1",
              "1.14.3-gke.11",
              "1.14.3-gke.10",
              "1.14.3-gke.9",
              "1.14.2-gke.9",
              "1.14.1-gke.5",
              "1.13.12-gke.30",
              "1.13.12-gke.25",
              "1.13.12-gke.17",
              "1.13.12-gke.16",
              "1.13.12-gke.14",
              "1.13.12-gke.13",
              "1.13.12-gke.10",
              "1.13.12-gke.8",
              "1.13.12-gke.4",
              "1.13.12-gke.2",
              "1.13.11-gke.23",
              "1.13.11-gke.15",
              "1.13.11-gke.14",
              "1.13.11-gke.12",
              "1.13.11-gke.11",
              "1.13.11-gke.9",
              "1.13.11-gke.5",
              "1.13.10-gke.7",
              "1.13.10-gke.0",
              "1.13.9-gke.11",
              "1.13.9-gke.3",
              "1.13.7-gke.24",
              "1.13.7-gke.19",
              "1.13.7-gke.15",
              "1.13.7-gke.8",
              "1.13.7-gke.0",
              "1.13.6-gke.13",
              "1.13.6-gke.6",
              "1.13.6-gke.5",
              "1.13.6-gke.0",
              "1.13.5-gke.10",
              "1.12.10-gke.22",
              "1.12.10-gke.20",
              "1.12.10-gke.19",
              "1.12.10-gke.18",
              "1.12.10-gke.17",
              "1.12.10-gke.15",
              "1.12.10-gke.13",
              "1.12.10-gke.11",
              "1.12.10-gke.5",
              "1.12.9-gke.16",
              "1.12.9-gke.15",
              "1.12.9-gke.13",
              "1.12.9-gke.10",
              "1.12.9-gke.7",
              "1.12.9-gke.3",
              "1.12.8-gke.12",
              "1.12.8-gke.10",
              "1.12.8-gke.7",
              "1.12.8-gke.6",
              "1.12.7-gke.26",
              "1.12.7-gke.25",
              "1.12.7-gke.24",
              "1.12.7-gke.22",
              "1.12.7-gke.21",
              "1.12.7-gke.17",
              "1.12.7-gke.10",
              "1.12.7-gke.7",
              "1.12.6-gke.11",
              "1.12.6-gke.10",
              "1.12.6-gke.7",
              "1.12.5-gke.10",
              "1.12.5-gke.5",
              "1.11.10-gke.6",
              "1.11.10-gke.5",
              "1.11.10-gke.4",
              "1.11.9-gke.13",
              "1.11.9-gke.8",
              "1.11.9-gke.5",
              "1.11.8-gke.10",
              "1.11.8-gke.6",
              "1.11.8-gke.5",
              "1.11.8-gke.4",
              "1.11.7-gke.18",
              "1.11.7-gke.12",
              "1.11.7-gke.6",
              "1.11.7-gke.4",
              "1.11.6-gke.16",
              "1.11.6-gke.11",
              "1.11.6-gke.6",
              "1.11.6-gke.3",
              "1.11.6-gke.2",
              "1.11.6-gke.0",
              "1.11.5-gke.5",
              "1.11.5-gke.4",
              "1.11.4-gke.13",
              "1.11.4-gke.12",
              "1.11.4-gke.8",
              "1.11.3-gke.24",
              "1.11.3-gke.23",
              "1.11.3-gke.18",
              "1.11.2-gke.26",
              "1.11.2-gke.25",
              "1.11.2-gke.20",
              "1.11.2-gke.18",
              "1.11.2-gke.15",
              "1.11.2-gke.9",
              "1.10.12-gke.14",
              "1.10.12-gke.9",
              "1.10.12-gke.7",
              "1.10.12-gke.1",
              "1.10.12-gke.0",
              "1.10.11-gke.1",
              "1.10.9-gke.7",
              "1.10.9-gke.5",
              "1.10.9-gke.3",
              "1.10.9-gke.0",
              "1.10.7-gke.13",
              "1.10.7-gke.11",
              "1.10.7-gke.9",
              "1.10.7-gke.6",
              "1.10.7-gke.2",
              "1.10.7-gke.1",
              "1.10.6-gke.13",
              "1.10.6-gke.11",
              "1.10.6-gke.9",
              "1.10.6-gke.6",
              "1.10.6-gke.4",
              "1.10.6-gke.3",
              "1.10.6-gke.2",
              "1.10.6-gke.1",
              "1.10.5-gke.4",
              "1.10.5-gke.3",
              "1.10.5-gke.2",
              "1.10.5-gke.0",
              "1.10.4-gke.3",
              "1.10.4-gke.2",
              "1.10.4-gke.0",
              "1.10.2-gke.4",
              "1.10.2-gke.3",
              "1.10.2-gke.1",
              "1.9.7-gke.11",
              "1.9.7-gke.7",
              "1.9.7-gke.6",
              "1.9.7-gke.5",
              "1.9.7-gke.4",
              "1.9.7-gke.3",
              "1.9.7-gke.1",
              "1.9.7-gke.0",
              "1.9.6-gke.2",
              "1.9.6-gke.1",
              "1.9.3-gke.0",
              "1.8.12-gke.3",
              "1.8.12-gke.2",
              "1.8.12-gke.1",
              "1.8.12-gke.0",
              "1.8.10-gke.2",
              "1.8.10-gke.0",
              "1.8.9-gke.1",
              "1.8.8-gke.0",
              "1.7.15-gke.0",
              "1.7.12-gke.2",
              "1.6.13-gke.1"
            ],
            "version_prefix": null,
            "zone": null
          }
        }
      ]
    },
    {
      "module": "module.vpc_network",
      "mode": "managed",
      "type": "google_compute_network",
      "name": "vpc",
      "provider": "provider.google",
      "instances": [
        {
          "schema_version": 0,
          "attributes": {
            "auto_create_subnetworks": false,
            "delete_default_routes_on_create": false,
            "description": "",
            "gateway_ipv4": "",
            "id": "magento-dev-cluster-network-gcr9-network",
            "ipv4_range": "",
            "name": "magento-dev-cluster-network-gcr9-network",
            "project": "magento2-269418",
            "routing_mode": "REGIONAL",
            "self_link": "https://www.googleapis.com/compute/v1/projects/magento2-269418/global/networks/magento-dev-cluster-network-gcr9-network",
            "timeouts": null
          },
          "private": "eyJlMmJmYjczMC1lY2FhLTExZTYtOGY4OC0zNDM2M2JjN2M0YzAiOnsiY3JlYXRlIjoyNDAwMDAwMDAwMDAsImRlbGV0ZSI6MjQwMDAwMDAwMDAwLCJ1cGRhdGUiOjI0MDAwMDAwMDAwMH19",
          "dependencies": [
            "random_string.suffix"
          ]
        }
      ]
    },
    {
      "module": "module.vpc_network",
      "mode": "managed",
      "type": "google_compute_subnetwork",
      "name": "vpc_subnetwork_public",
      "provider": "provider.google",
      "instances": [
        {
          "schema_version": 0,
          "attributes": {
            "creation_timestamp": "2020-07-11T06:20:42.665-07:00",
            "description": "",
            "enable_flow_logs": true,
            "fingerprint": "3dowpm4ROdU=",
            "gateway_address": "10.3.0.1",
            "id": "europe-west2/magento-dev-cluster-network-gcr9-subnetwork-public",
            "ip_cidr_range": "10.3.0.0/20",
            "log_config": [
              {
                "aggregation_interval": "INTERVAL_5_SEC",
                "flow_sampling": 0.5,
                "metadata": "INCLUDE_ALL_METADATA"
              }
            ],
            "name": "magento-dev-cluster-network-gcr9-subnetwork-public",
            "network": "https://www.googleapis.com/compute/v1/projects/magento2-269418/global/networks/magento-dev-cluster-network-gcr9-network",
            "private_ip_google_access": true,
            "project": "magento2-269418",
            "region": "europe-west2",
            "secondary_ip_range": [
              {
                "ip_cidr_range": "10.4.0.0/20",
                "range_name": "public-services"
              }
            ],
            "self_link": "https://www.googleapis.com/compute/v1/projects/magento2-269418/regions/europe-west2/subnetworks/magento-dev-cluster-network-gcr9-subnetwork-public",
            "timeouts": null
          },
          "private": "eyJlMmJmYjczMC1lY2FhLTExZTYtOGY4OC0zNDM2M2JjN2M0YzAiOnsiY3JlYXRlIjozNjAwMDAwMDAwMDAsImRlbGV0ZSI6MzYwMDAwMDAwMDAwLCJ1cGRhdGUiOjM2MDAwMDAwMDAwMH19",
          "dependencies": [
            "module.vpc_network.google_compute_network.vpc",
            "random_string.suffix"
          ]
        }
      ]
    },
    {
      "module": "module.gke_cluster",
      "mode": "managed",
      "type": "google_container_cluster",
      "name": "cluster",
      "provider": "provider.google-beta",
      "instances": [
        {
          "schema_version": 1,
          "attributes": {
            "additional_zones": [],
            "addons_config": [
              {
                "cloudrun_config": [],
                "horizontal_pod_autoscaling": [
                  {
                    "disabled": false
                  }
                ],
                "http_load_balancing": [
                  {
                    "disabled": false
                  }
                ],
                "istio_config": [],
                "kubernetes_dashboard": [
                  {
                    "disabled": true
                  }
                ],
                "network_policy_config": [
                  {
                    "disabled": false
                  }
                ]
              }
            ],
            "authenticator_groups_config": [],
            "cluster_autoscaling": [
              {
                "enabled": false,
                "resource_limits": []
              }
            ],
            "cluster_ipv4_cidr": "10.4.0.0/20",
            "database_encryption": [
              {
                "key_name": "",
                "state": "DECRYPTED"
              }
            ],
            "default_max_pods_per_node": 110,
            "description": "",
            "enable_binary_authorization": false,
            "enable_intranode_visibility": false,
            "enable_kubernetes_alpha": false,
            "enable_legacy_abac": false,
            "enable_shielded_nodes": false,
            "enable_tpu": false,
            "endpoint": "34.105.251.240",
            "id": "magento-dev-cluster",
            "initial_node_count": 1,
            "instance_group_urls": [
              "https://www.googleapis.com/compute/beta/projects/magento2-269418/zones/europe-west2-a/instanceGroups/gke-magento-dev-clus-elastic-node-poo-9aa5cef2-grp",
              "https://www.googleapis.com/compute/beta/projects/magento2-269418/zones/europe-west2-a/instanceGroups/gke-magento-dev-cluster-db-node-pool-993c39ba-grp",
              "https://www.googleapis.com/compute/beta/projects/magento2-269418/zones/europe-west2-a/instanceGroups/gke-magento-dev-cluster-app-pool-adc3a377-grp",
              "https://www.googleapis.com/compute/beta/projects/magento2-269418/zones/europe-west2-a/instanceGroups/gke-magento-dev-cluster-nfs-node-pool-8f03dc40-grp"
            ],
            "ip_allocation_policy": [
              {
                "cluster_ipv4_cidr_block": "10.4.0.0/20",
                "cluster_secondary_range_name": "public-services",
                "create_subnetwork": false,
                "node_ipv4_cidr_block": "10.3.0.0/20",
                "services_ipv4_cidr_block": "10.4.0.0/20",
                "services_secondary_range_name": "public-services",
                "subnetwork_name": "",
                "use_ip_aliases": true
              }
            ],
            "location": "europe-west2-a",
            "logging_service": "logging.googleapis.com/kubernetes",
            "maintenance_policy": [
              {
                "daily_maintenance_window": [
                  {
                    "duration": "PT4H0M0S",
                    "start_time": "05:00"
                  }
                ],
                "recurring_window": []
              }
            ],
            "master_auth": [
              {
                "client_certificate": "",
                "client_certificate_config": [
                  {
                    "issue_client_certificate": false
                  }
                ],
                "client_key": "",
                "cluster_ca_certificate": "LS0tLS1CRUdJTiBDRVJUSUZJQ0FURS0tLS0tCk1JSURERENDQWZTZ0F3SUJBZ0lSQVAxWHFlYlpXT2tnby92QlNreDhFdzh3RFFZSktvWklodmNOQVFFTEJRQXcKTHpFdE1Dc0dBMVVFQXhNa05tRXhaRE5oWkRVdE1UVmhOQzAwTW1VeExXSmxZalF0WVROa1lqazJZVEEwWWpJMApNQjRYRFRJd01EY3hNVEV6TURRek1Gb1hEVEkxTURjeE1ERTBNRFF6TUZvd0x6RXRNQ3NHQTFVRUF4TWtObUV4ClpETmhaRFV0TVRWaE5DMDBNbVV4TFdKbFlqUXRZVE5rWWprMllUQTBZakkwTUlJQklqQU5CZ2txaGtpRzl3MEIKQVFFRkFBT0NBUThBTUlJQkNnS0NBUUVBa3ZkZEVicUJzc29Ud2NHQkNXUW1ZZ0V1TjdzL3FBV2IvR3dydHFYbQpNMC9tS3RERGNSN0FuZGNRSFAvaDM5RU8wTHFBanYxK2E0VDdzWDhuRS9EMHl1eEtuVUMvckdqaUxhWGV1a2ZDCmRZOFFsSWVEREdJZWIrdFFZNlhtbFk3UjVUVnFZWUNpNHFXN1dkUGt3eVB3Zi9YVnVnVEZWamFmVkVJRWYreWIKendQYjJXRlRBMjFvMGNVQlRtNklUZ3kraE4walkrdzdtNzBHREx3emE0SmRicHZwcUU2UFJNRTNSbFV2ZTFpcgpLNWpGRUFScngvRG4wTkRmU28zTnY2b3dxSHE4SFV6bjZ2QlI5TGlyV1lQT0E3MDdUb05naHg3elExZFNYbkQ5CnFWSzE1ODlINi85SUZqNWh3T05CcEpraXZIUW50SnZUenZZb3A0bHJTL0tRRFFJREFRQUJveU13SVRBT0JnTlYKSFE4QkFmOEVCQU1DQWdRd0R3WURWUjBUQVFIL0JBVXdBd0VCL3pBTkJna3Foa2lHOXcwQkFRc0ZBQU9DQVFFQQpiU2cxMXJDZVZLMnNMenlZMkRYcE56V2dDTzlvejg4am91QWtZWmFhQUVkRzh4TnVhc21zS0xERFNvblR6V3RGCjh0clZhVXZBa3Q0VHBWbVFVZGw0VFdBZkkydXgxeEQ4aTRiaUhHOHVxMTAyOVVLZ0NZczZuZTlGazFpdW45WDMKSUZpY2JSSXhOZUNtek12U3J0Sk9yWlphWnVNRW5jbmJsNmVJbjRZM21OS1pQbktvQU5hOU1ucElHNHcvN25ETQp6NlZLdU1zWnI1cHVHOTdObG43dU1nMXFoaWRSYTFqK2s5dEFKTW5KWmdKcUw1aVFWanBPTHo3VDUxVGI5eUJFCnkvVkhvczBPbmhZSSsySUVPK0tKVkpLT0JTMVN0elJQdnljeTNYZzNXbEZ6cmQ3c0MyNTdYeXBXY1pIcEtRcmYKc3V5OWJkY3N0djZoZkttZ2crZElSUT09Ci0tLS0tRU5EIENFUlRJRklDQVRFLS0tLS0K",
                "password": "",
                "username": ""
              }
            ],
            "master_authorized_networks_config": [
              {
                "cidr_blocks": [
                  {
                    "cidr_block": "0.0.0.0/0",
                    "display_name": "all-for-testing"
                  }
                ]
              }
            ],
            "master_version": "1.16.10-gke.8",
            "min_master_version": "1.16.10-gke.8",
            "monitoring_service": "monitoring.googleapis.com/kubernetes",
            "name": "magento-dev-cluster",
            "network": "projects/magento2-269418/global/networks/magento-dev-cluster-network-gcr9-network",
            "network_policy": [
              {
                "enabled": true,
                "provider": "CALICO"
              }
            ],
            "node_config": [
              {
                "disk_size_gb": 10,
                "disk_type": "pd-standard",
                "guest_accelerator": [],
                "image_type": "COS",
                "labels": {
                  "private-elastic-pool": "elastic-drive"
                },
                "local_ssd_count": 0,
                "machine_type": "n1-standard-2",
                "metadata": {
                  "disable-legacy-endpoints": "true"
                },
                "min_cpu_platform": "",
                "oauth_scopes": [
                  "https://www.googleapis.com/auth/cloud-platform"
                ],
                "preemptible": false,
                "sandbox_config": [],
                "service_account": "magento-private-cluster-sa@magento2-269418.iam.gserviceaccount.com",
                "shielded_instance_config": [
                  {
                    "enable_integrity_monitoring": true,
                    "enable_secure_boot": false
                  }
                ],
                "tags": [
                  "private",
                  "private-elastic-pool"
                ],
                "taint": [],
                "workload_metadata_config": []
              }
            ],
            "node_locations": [],
            "node_pool": [
              {
                "autoscaling": [],
                "initial_node_count": 1,
                "instance_group_urls": [
                  "https://www.googleapis.com/compute/v1/projects/magento2-269418/zones/europe-west2-a/instanceGroupManagers/gke-magento-dev-clus-elastic-node-poo-9aa5cef2-grp"
                ],
                "management": [
                  {
                    "auto_repair": true,
                    "auto_upgrade": true
                  }
                ],
                "max_pods_per_node": 110,
                "name": "elastic-node-pool",
                "name_prefix": "",
                "node_config": [
                  {
                    "disk_size_gb": 10,
                    "disk_type": "pd-standard",
                    "guest_accelerator": [],
                    "image_type": "COS",
                    "labels": {
                      "private-elastic-pool": "elastic-drive"
                    },
                    "local_ssd_count": 0,
                    "machine_type": "n1-standard-2",
                    "metadata": {
                      "disable-legacy-endpoints": "true"
                    },
                    "min_cpu_platform": "",
                    "oauth_scopes": [
                      "https://www.googleapis.com/auth/cloud-platform"
                    ],
                    "preemptible": false,
                    "sandbox_config": [],
                    "service_account": "magento-private-cluster-sa@magento2-269418.iam.gserviceaccount.com",
                    "shielded_instance_config": [
                      {
                        "enable_integrity_monitoring": true,
                        "enable_secure_boot": false
                      }
                    ],
                    "tags": [
                      "private",
                      "private-elastic-pool"
                    ],
                    "taint": [],
                    "workload_metadata_config": []
                  }
                ],
                "node_count": 1,
                "node_locations": [
                  "europe-west2-a"
                ],
                "version": "1.16.10-gke.8"
              },
              {
                "autoscaling": [],
                "initial_node_count": 1,
                "instance_group_urls": [
                  "https://www.googleapis.com/compute/v1/projects/magento2-269418/zones/europe-west2-a/instanceGroupManagers/gke-magento-dev-cluster-db-node-pool-993c39ba-grp"
                ],
                "management": [
                  {
                    "auto_repair": true,
                    "auto_upgrade": true
                  }
                ],
                "max_pods_per_node": 110,
                "name": "db-node-pool",
                "name_prefix": "",
                "node_config": [
                  {
                    "disk_size_gb": 10,
                    "disk_type": "pd-standard",
                    "guest_accelerator": [],
                    "image_type": "COS",
                    "labels": {
                      "private-db-pool": "mysql-db"
                    },
                    "local_ssd_count": 0,
                    "machine_type": "n1-standard-2",
                    "metadata": {
                      "disable-legacy-endpoints": "true"
                    },
                    "min_cpu_platform": "",
                    "oauth_scopes": [
                      "https://www.googleapis.com/auth/cloud-platform"
                    ],
                    "preemptible": false,
                    "sandbox_config": [],
                    "service_account": "magento-private-cluster-sa@magento2-269418.iam.gserviceaccount.com",
                    "shielded_instance_config": [
                      {
                        "enable_integrity_monitoring": true,
                        "enable_secure_boot": false
                      }
                    ],
                    "tags": [
                      "private",
                      "private-db-pool"
                    ],
                    "taint": [],
                    "workload_metadata_config": []
                  }
                ],
                "node_count": 1,
                "node_locations": [
                  "europe-west2-a"
                ],
                "version": "1.16.10-gke.8"
              },
              {
                "autoscaling": [
                  {
                    "max_node_count": 5,
                    "min_node_count": 1
                  }
                ],
                "initial_node_count": 1,
                "instance_group_urls": [
                  "https://www.googleapis.com/compute/v1/projects/magento2-269418/zones/europe-west2-a/instanceGroupManagers/gke-magento-dev-cluster-app-pool-adc3a377-grp"
                ],
                "management": [
                  {
                    "auto_repair": true,
                    "auto_upgrade": true
                  }
                ],
                "max_pods_per_node": 110,
                "name": "app-pool",
                "name_prefix": "",
                "node_config": [
                  {
                    "disk_size_gb": 30,
                    "disk_type": "pd-standard",
                    "guest_accelerator": [],
                    "image_type": "COS",
                    "labels": {
                      "private-app-pool": "web-app"
                    },
                    "local_ssd_count": 0,
                    "machine_type": "n1-standard-2",
                    "metadata": {
                      "disable-legacy-endpoints": "true"
                    },
                    "min_cpu_platform": "",
                    "oauth_scopes": [
                      "https://www.googleapis.com/auth/cloud-platform"
                    ],
                    "preemptible": false,
                    "sandbox_config": [],
                    "service_account": "magento-private-cluster-sa@magento2-269418.iam.gserviceaccount.com",
                    "shielded_instance_config": [
                      {
                        "enable_integrity_monitoring": true,
                        "enable_secure_boot": false
                      }
                    ],
                    "tags": [
                      "private",
                      "private-pool-magento"
                    ],
                    "taint": [],
                    "workload_metadata_config": []
                  }
                ],
                "node_count": 1,
                "node_locations": [
                  "europe-west2-a"
                ],
                "version": "1.16.10-gke.8"
              },
              {
                "autoscaling": [],
                "initial_node_count": 1,
                "instance_group_urls": [
                  "https://www.googleapis.com/compute/v1/projects/magento2-269418/zones/europe-west2-a/instanceGroupManagers/gke-magento-dev-cluster-nfs-node-pool-8f03dc40-grp"
                ],
                "management": [
                  {
                    "auto_repair": true,
                    "auto_upgrade": true
                  }
                ],
                "max_pods_per_node": 110,
                "name": "nfs-node-pool",
                "name_prefix": "",
                "node_config": [
                  {
                    "disk_size_gb": 10,
                    "disk_type": "pd-standard",
                    "guest_accelerator": [],
                    "image_type": "COS",
                    "labels": {
                      "private-nfs-pool": "nfs-drive"
                    },
                    "local_ssd_count": 0,
                    "machine_type": "n1-standard-4",
                    "metadata": {
                      "disable-legacy-endpoints": "true"
                    },
                    "min_cpu_platform": "",
                    "oauth_scopes": [
                      "https://www.googleapis.com/auth/cloud-platform"
                    ],
                    "preemptible": false,
                    "sandbox_config": [],
                    "service_account": "magento-private-cluster-sa@magento2-269418.iam.gserviceaccount.com",
                    "shielded_instance_config": [
                      {
                        "enable_integrity_monitoring": true,
                        "enable_secure_boot": false
                      }
                    ],
                    "tags": [
                      "private",
                      "private-nfs-pool"
                    ],
                    "taint": [],
                    "workload_metadata_config": []
                  }
                ],
                "node_count": 1,
                "node_locations": [
                  "europe-west2-a"
                ],
                "version": "1.16.10-gke.8"
              }
            ],
            "node_version": "1.16.10-gke.8",
            "pod_security_policy_config": [],
            "private_cluster_config": [
              {
                "enable_private_endpoint": false,
                "enable_private_nodes": true,
                "master_ipv4_cidr_block": "10.5.0.0/28",
                "private_endpoint": "10.5.0.2",
                "public_endpoint": "34.105.251.240"
              }
            ],
            "project": "magento2-269418",
            "region": null,
            "release_channel": [
              {
                "channel": "UNSPECIFIED"
              }
            ],
            "remove_default_node_pool": true,
            "resource_labels": {},
            "resource_usage_export_config": [],
            "services_ipv4_cidr": "10.4.0.0/20",
            "subnetwork": "projects/magento2-269418/regions/europe-west2/subnetworks/magento-dev-cluster-network-gcr9-subnetwork-public",
            "timeouts": null,
            "tpu_ipv4_cidr_block": "",
            "vertical_pod_autoscaling": [
              {
                "enabled": true
              }
            ],
            "workload_identity_config": [],
            "zone": "europe-west2-a"
          },
          "private": "eyJlMmJmYjczMC1lY2FhLTExZTYtOGY4OC0zNDM2M2JjN2M0YzAiOnsiY3JlYXRlIjoxODAwMDAwMDAwMDAwLCJkZWxldGUiOjE4MDAwMDAwMDAwMDAsInVwZGF0ZSI6MzYwMDAwMDAwMDAwMH0sInNjaGVtYV92ZXJzaW9uIjoiMSJ9",
          "dependencies": [
            "module.vpc_network.google_compute_network.vpc",
            "module.vpc_network.google_compute_subnetwork.vpc_subnetwork_public"
          ]
        }
      ]
    },
    {
      "mode": "managed",
      "type": "google_container_node_pool",
      "name": "node_pool",
      "provider": "provider.google-beta",
      "instances": [
        {
          "schema_version": 1,
          "attributes": {
            "autoscaling": [
              {
                "max_node_count": 5,
                "min_node_count": 1
              }
            ],
            "cluster": "magento-dev-cluster",
            "id": "europe-west2-a/magento-dev-cluster/app-pool",
            "initial_node_count": 1,
            "instance_group_urls": [
              "https://www.googleapis.com/compute/v1/projects/magento2-269418/zones/europe-west2-a/instanceGroupManagers/gke-magento-dev-cluster-app-pool-adc3a377-grp"
            ],
            "location": "europe-west2-a",
            "management": [
              {
                "auto_repair": true,
                "auto_upgrade": true
              }
            ],
            "max_pods_per_node": 110,
            "name": "app-pool",
            "name_prefix": "",
            "node_config": [
              {
                "disk_size_gb": 30,
                "disk_type": "pd-standard",
                "guest_accelerator": [],
                "image_type": "COS",
                "labels": {
                  "private-app-pool": "web-app"
                },
                "local_ssd_count": 0,
                "machine_type": "n1-standard-2",
                "metadata": {
                  "disable-legacy-endpoints": "true"
                },
                "min_cpu_platform": "",
                "oauth_scopes": [
                  "https://www.googleapis.com/auth/cloud-platform"
                ],
                "preemptible": false,
                "sandbox_config": [],
                "service_account": "magento-private-cluster-sa@magento2-269418.iam.gserviceaccount.com",
                "shielded_instance_config": [
                  {
                    "enable_integrity_monitoring": true,
                    "enable_secure_boot": false
                  }
                ],
                "tags": [
                  "private",
                  "private-pool-magento"
                ],
                "taint": [],
                "workload_metadata_config": []
              }
            ],
            "node_count": 1,
            "node_locations": [
              "europe-west2-a"
            ],
            "project": "magento2-269418",
            "region": null,
            "timeouts": {
              "create": "30m",
              "delete": "30m",
              "update": "30m"
            },
            "version": "1.16.10-gke.8",
            "zone": "europe-west2-a"
          }
        }
      ]
    },
    {
      "module": "module.gke_service_account",
      "mode": "managed",
      "type": "google_project_iam_member",
      "name": "service_account-roles",
      "each": "map",
      "provider": "provider.google",
      "instances": []
    },
    {
      "module": "module.gke_service_account",
      "mode": "managed",
      "type": "google_service_account",
      "name": "service_account",
      "provider": "provider.google",
      "instances": [
        {
          "schema_version": 0,
          "attributes": {
            "account_id": "magento-private-cluster-sa",
            "description": "",
            "display_name": "Magento GKE Cluster Service Account managed by Terraform",
            "email": "magento-private-cluster-sa@magento2-269418.iam.gserviceaccount.com",
            "id": "projects/magento2-269418/serviceAccounts/magento-private-cluster-sa@magento2-269418.iam.gserviceaccount.com",
            "name": "projects/magento2-269418/serviceAccounts/magento-private-cluster-sa@magento2-269418.iam.gserviceaccount.com",
            "policy_data": null,
            "project": "magento2-269418",
            "unique_id": "109023855028732192390"
          },
          "private": "bnVsbA=="
        }
      ]
    },
    {
      "mode": "managed",
      "type": "random_string",
      "name": "suffix",
      "provider": "provider.random",
      "instances": [
        {
          "schema_version": 1,
          "attributes": {
            "id": "gcr9",
            "keepers": null,
            "length": 4,
            "lower": true,
            "min_lower": 0,
            "min_numeric": 0,
            "min_special": 0,
            "min_upper": 0,
            "number": true,
            "override_special": null,
            "result": "gcr9",
            "special": false,
            "upper": false
          },
          "private": "eyJzY2hlbWFfdmVyc2lvbiI6IjEifQ=="
        }
      ]
    }
  ]
}
