{
  "version": 4,
  "terraform_version": "0.13.5",
  "serial": 2375,
  "lineage": "ab807f23-5cb1-b440-a126-9419061f18d8",
  "outputs": {
    "client_certificate": {
      "value": "",
      "type": "string"
    },
    "client_key": {
      "value": "",
      "type": "string",
      "sensitive": true
    },
    "cluster_ca_certificate": {
      "value": "-----BEGIN CERTIFICATE-----\nMIIDKjCCAhKgAwIBAgIQXd0HPwvlaI1OX2Lce3PnDTANBgkqhkiG9w0BAQsFADAv\nMS0wKwYDVQQDEyRlMWUxNjgzOC01MzNhLTQxZmQtOGZkMC02MWQ3NzZmMDZkZGMw\nHhcNMjAxMjIzMTYxMTMzWhcNMjUxMjIyMTcxMTMzWjAvMS0wKwYDVQQDEyRlMWUx\nNjgzOC01MzNhLTQxZmQtOGZkMC02MWQ3NzZmMDZkZGMwggEiMA0GCSqGSIb3DQEB\nAQUAA4IBDwAwggEKAoIBAQDNwUeB++MDZkN8lxDmi0zA47n8KSQHXjz42WqPzrea\nRlbGi+Y0H6YGJtjPrN66OexP4pTfcCYtt0dvTDrajO4liopAs2NqUze7skON25jU\n/DxdAjV8bzSZxX9p8H9SY1Jx8ouYD7Y1uMLGRk6u/TAUeCRzEamx3vRA8R7fXkrz\nTrI0bDgXvMi+oMz/Aa61L5vTUAhe6Tbh4H5IuMPhLvC/7H124IYp7RkKEd4zf3gc\neuPlv3JfbJPciErbbDuvpkyJhvkR3yiIILJU4yKdc7KzvhGplBOBVVcFyhxAzz4b\nlAoICYy/OPMv+dlGwRd5k8lCLyjD4Y8u68yNgoESHcixAgMBAAGjQjBAMA4GA1Ud\nDwEB/wQEAwICBDAPBgNVHRMBAf8EBTADAQH/MB0GA1UdDgQWBBQFDy7FR61WwlJe\ntA1kOSZXOAo1BDANBgkqhkiG9w0BAQsFAAOCAQEAK2SAZIhIJWsR6CmGz5bFUDDX\ncz/dqLl+jOAD8CtILfHnm8+9MncQRRl+CLc+FxlYE71SBNRmpMVOknTq3uDgfIDq\nY7TH4IbTPVCDA67Q7Vk+U5esIqgwCy6bUArrmCO1zy/f41D+16geaHira7ISIcD+\nB9pzLifuoD45r+AFiy5danOwhX0rXOkWSQPptYoSNXqgjXMW7PYSySyk0X7jsxSr\naDaKUPzCEzta4rrS+LczXy37PGTykzilkZWWlvh/HHdi02p+1MTC6AjTEl9rgSds\nhbas5MUwkEX0AiAE6k3C1ee/7eAUKNtbzLGz3tMWatpLo5+fQuL+TILcXXXW4w==\n-----END CERTIFICATE-----\n",
      "type": "string",
      "sensitive": true
    },
    "cluster_endpoint": {
      "value": "34.105.178.23",
      "type": "string",
      "sensitive": true
    }
  },
  "resources": [
    {
      "mode": "managed",
      "type": "google_compute_disk",
      "name": "default",
      "provider": "provider[\"registry.terraform.io/hashicorp/google\"]",
      "instances": [
        {
          "schema_version": 0,
          "attributes": {
            "creation_timestamp": "2020-12-23T09:10:50.514-08:00",
            "description": "To hold Magento peristent data i.e. media assets and logs",
            "disk_encryption_key": [],
            "disk_encryption_key_raw": null,
            "disk_encryption_key_sha256": null,
            "id": "nfs-disk",
            "image": "",
            "label_fingerprint": "a6HI36FuYIQ=",
            "labels": {
              "environment": "dev"
            },
            "last_attach_timestamp": "",
            "last_detach_timestamp": "",
            "name": "nfs-disk",
            "physical_block_size_bytes": 4096,
            "project": "magento-295411",
            "self_link": "https://www.googleapis.com/compute/v1/projects/magento-295411/zones/europe-west2-a/disks/nfs-disk",
            "size": 10,
            "snapshot": "",
            "source_image_encryption_key": [],
            "source_image_id": "",
            "source_snapshot_encryption_key": [],
            "source_snapshot_id": "",
            "timeouts": null,
            "type": "pd-ssd",
            "users": [],
            "zone": "europe-west2-a"
          },
          "private": "eyJlMmJmYjczMC1lY2FhLTExZTYtOGY4OC0zNDM2M2JjN2M0YzAiOnsiY3JlYXRlIjozMDAwMDAwMDAwMDAsImRlbGV0ZSI6MjQwMDAwMDAwMDAwLCJ1cGRhdGUiOjI0MDAwMDAwMDAwMH19"
        }
      ]
    },
    {
      "mode": "managed",
      "type": "google_compute_firewall",
      "name": "elastic-fw-rule",
      "provider": "provider[\"registry.terraform.io/hashicorp/google\"]",
      "instances": [
        {
          "schema_version": 1,
          "attributes": {
            "allow": [
              {
                "ports": [
                  "9443"
                ],
                "protocol": "tcp"
              }
            ],
            "creation_timestamp": "2020-12-23T09:11:06.753-08:00",
            "deny": [],
            "description": "",
            "destination_ranges": [],
            "direction": "INGRESS",
            "disabled": false,
            "id": "elasticsearch-firewall-rule",
            "name": "elasticsearch-firewall-rule",
            "network": "https://www.googleapis.com/compute/v1/projects/magento-295411/global/networks/magento-dev-cluster-network-14a9-network",
            "priority": 1000,
            "project": "magento-295411",
            "self_link": "https://www.googleapis.com/compute/v1/projects/magento-295411/global/firewalls/elasticsearch-firewall-rule",
            "source_ranges": [
              "10.5.0.0/28"
            ],
            "source_service_accounts": null,
            "source_tags": null,
            "target_service_accounts": null,
            "target_tags": null,
            "timeouts": null
          },
          "private": "eyJlMmJmYjczMC1lY2FhLTExZTYtOGY4OC0zNDM2M2JjN2M0YzAiOnsiY3JlYXRlIjoyNDAwMDAwMDAwMDAsImRlbGV0ZSI6MjQwMDAwMDAwMDAwLCJ1cGRhdGUiOjI0MDAwMDAwMDAwMH0sInNjaGVtYV92ZXJzaW9uIjoiMSJ9",
          "dependencies": [
            "module.vpc_network.google_compute_network.vpc",
            "random_string.suffix"
          ]
        }
      ]
    },
    {
      "mode": "managed",
      "type": "google_container_node_pool",
      "name": "database_pool",
      "provider": "provider[\"registry.terraform.io/hashicorp/google-beta\"]",
      "instances": [
        {
          "schema_version": 1,
          "attributes": {
            "autoscaling": [],
            "cluster": "magento-dev-cluster",
            "id": "europe-west2-a/magento-dev-cluster/db-node-pool",
            "initial_node_count": 1,
            "instance_group_urls": [
              "https://www.googleapis.com/compute/v1/projects/magento-295411/zones/europe-west2-a/instanceGroupManagers/gke-magento-dev-cluster-db-node-pool-451b6007-grp"
            ],
            "location": "europe-west2-a",
            "management": [
              {
                "auto_repair": true,
                "auto_upgrade": true
              }
            ],
            "max_pods_per_node": 110,
            "name": "db-node-pool",
            "name_prefix": "",
            "node_config": [
              {
                "disk_size_gb": 10,
                "disk_type": "pd-standard",
                "guest_accelerator": [],
                "image_type": "COS",
                "labels": {
                  "private-db-pool": "mysql-db"
                },
                "local_ssd_count": 0,
                "machine_type": "n1-standard-2",
                "metadata": {
                  "disable-legacy-endpoints": "true"
                },
                "min_cpu_platform": "",
                "oauth_scopes": [
                  "https://www.googleapis.com/auth/cloud-platform"
                ],
                "preemptible": false,
                "sandbox_config": [],
                "service_account": "magento-private-cluster-sa@magento-295411.iam.gserviceaccount.com",
                "shielded_instance_config": [
                  {
                    "enable_integrity_monitoring": true,
                    "enable_secure_boot": false
                  }
                ],
                "tags": [
                  "private",
                  "private-db-pool"
                ],
                "taint": [],
                "workload_metadata_config": []
              }
            ],
            "node_count": 1,
            "node_locations": [
              "europe-west2-a"
            ],
            "project": "magento-295411",
            "region": null,
            "timeouts": null,
            "version": "1.17.14-gke.1600",
            "zone": "europe-west2-a"
          },
          "private": "eyJlMmJmYjczMC1lY2FhLTExZTYtOGY4OC0zNDM2M2JjN2M0YzAiOnsiY3JlYXRlIjoxODAwMDAwMDAwMDAwLCJkZWxldGUiOjYwMDAwMDAwMDAwMCwidXBkYXRlIjo2MDAwMDAwMDAwMDB9LCJzY2hlbWFfdmVyc2lvbiI6IjEifQ==",
          "dependencies": [
            "module.gke_cluster.data.google_container_engine_versions.location",
            "module.gke_cluster.google_container_cluster.cluster",
            "module.gke_service_account.google_service_account.service_account",
            "module.vpc_network.google_compute_network.vpc",
            "module.vpc_network.google_compute_subnetwork.vpc_subnetwork_public",
            "random_string.suffix"
          ]
        }
      ]
    },
    {
      "mode": "managed",
      "type": "google_container_node_pool",
      "name": "elastic_pool",
      "provider": "provider[\"registry.terraform.io/hashicorp/google-beta\"]",
      "instances": [
        {
          "schema_version": 1,
          "attributes": {
            "autoscaling": [],
            "cluster": "magento-dev-cluster",
            "id": "europe-west2-a/magento-dev-cluster/elastic-node-pool",
            "initial_node_count": 1,
            "instance_group_urls": [
              "https://www.googleapis.com/compute/v1/projects/magento-295411/zones/europe-west2-a/instanceGroupManagers/gke-magento-dev-clus-elastic-node-poo-72d26278-grp"
            ],
            "location": "europe-west2-a",
            "management": [
              {
                "auto_repair": true,
                "auto_upgrade": true
              }
            ],
            "max_pods_per_node": 110,
            "name": "elastic-node-pool",
            "name_prefix": "",
            "node_config": [
              {
                "disk_size_gb": 10,
                "disk_type": "pd-standard",
                "guest_accelerator": [],
                "image_type": "COS",
                "labels": {
                  "private-elastic-pool": "elastic-drive"
                },
                "local_ssd_count": 0,
                "machine_type": "n1-standard-2",
                "metadata": {
                  "disable-legacy-endpoints": "true"
                },
                "min_cpu_platform": "",
                "oauth_scopes": [
                  "https://www.googleapis.com/auth/cloud-platform"
                ],
                "preemptible": false,
                "sandbox_config": [],
                "service_account": "magento-private-cluster-sa@magento-295411.iam.gserviceaccount.com",
                "shielded_instance_config": [
                  {
                    "enable_integrity_monitoring": true,
                    "enable_secure_boot": false
                  }
                ],
                "tags": [
                  "private",
                  "private-elastic-pool"
                ],
                "taint": [],
                "workload_metadata_config": []
              }
            ],
            "node_count": 1,
            "node_locations": [
              "europe-west2-a"
            ],
            "project": "magento-295411",
            "region": null,
            "timeouts": null,
            "version": "1.17.14-gke.1600",
            "zone": "europe-west2-a"
          },
          "private": "eyJlMmJmYjczMC1lY2FhLTExZTYtOGY4OC0zNDM2M2JjN2M0YzAiOnsiY3JlYXRlIjoxODAwMDAwMDAwMDAwLCJkZWxldGUiOjYwMDAwMDAwMDAwMCwidXBkYXRlIjo2MDAwMDAwMDAwMDB9LCJzY2hlbWFfdmVyc2lvbiI6IjEifQ==",
          "dependencies": [
            "module.gke_cluster.data.google_container_engine_versions.location",
            "module.gke_cluster.google_container_cluster.cluster",
            "module.gke_service_account.google_service_account.service_account",
            "module.vpc_network.google_compute_network.vpc",
            "module.vpc_network.google_compute_subnetwork.vpc_subnetwork_public",
            "random_string.suffix"
          ]
        }
      ]
    },
    {
      "mode": "managed",
      "type": "google_container_node_pool",
      "name": "nfs_pool",
      "provider": "provider[\"registry.terraform.io/hashicorp/google-beta\"]",
      "instances": [
        {
          "schema_version": 1,
          "attributes": {
            "autoscaling": [],
            "cluster": "magento-dev-cluster",
            "id": "europe-west2-a/magento-dev-cluster/nfs-node-pool",
            "initial_node_count": 1,
            "instance_group_urls": [
              "https://www.googleapis.com/compute/v1/projects/magento-295411/zones/europe-west2-a/instanceGroupManagers/gke-magento-dev-cluster-nfs-node-pool-220176c8-grp"
            ],
            "location": "europe-west2-a",
            "management": [
              {
                "auto_repair": true,
                "auto_upgrade": true
              }
            ],
            "max_pods_per_node": 110,
            "name": "nfs-node-pool",
            "name_prefix": "",
            "node_config": [
              {
                "disk_size_gb": 10,
                "disk_type": "pd-standard",
                "guest_accelerator": [],
                "image_type": "COS",
                "labels": {
                  "private-nfs-pool": "nfs-drive"
                },
                "local_ssd_count": 0,
                "machine_type": "n1-standard-4",
                "metadata": {
                  "disable-legacy-endpoints": "true"
                },
                "min_cpu_platform": "",
                "oauth_scopes": [
                  "https://www.googleapis.com/auth/cloud-platform"
                ],
                "preemptible": false,
                "sandbox_config": [],
                "service_account": "magento-private-cluster-sa@magento-295411.iam.gserviceaccount.com",
                "shielded_instance_config": [
                  {
                    "enable_integrity_monitoring": true,
                    "enable_secure_boot": false
                  }
                ],
                "tags": [
                  "private",
                  "private-nfs-pool"
                ],
                "taint": [],
                "workload_metadata_config": []
              }
            ],
            "node_count": 1,
            "node_locations": [
              "europe-west2-a"
            ],
            "project": "magento-295411",
            "region": null,
            "timeouts": null,
            "version": "1.17.14-gke.1600",
            "zone": "europe-west2-a"
          },
          "private": "eyJlMmJmYjczMC1lY2FhLTExZTYtOGY4OC0zNDM2M2JjN2M0YzAiOnsiY3JlYXRlIjoxODAwMDAwMDAwMDAwLCJkZWxldGUiOjYwMDAwMDAwMDAwMCwidXBkYXRlIjo2MDAwMDAwMDAwMDB9LCJzY2hlbWFfdmVyc2lvbiI6IjEifQ==",
          "dependencies": [
            "module.gke_cluster.data.google_container_engine_versions.location",
            "module.gke_cluster.google_container_cluster.cluster",
            "module.gke_service_account.google_service_account.service_account",
            "module.vpc_network.google_compute_network.vpc",
            "module.vpc_network.google_compute_subnetwork.vpc_subnetwork_public",
            "random_string.suffix"
          ]
        }
      ]
    },
    {
      "mode": "managed",
      "type": "random_string",
      "name": "suffix",
      "provider": "provider[\"registry.terraform.io/hashicorp/random\"]",
      "instances": [
        {
          "schema_version": 1,
          "attributes": {
            "id": "14a9",
            "keepers": null,
            "length": 4,
            "lower": true,
            "min_lower": 0,
            "min_numeric": 0,
            "min_special": 0,
            "min_upper": 0,
            "number": true,
            "override_special": null,
            "result": "14a9",
            "special": false,
            "upper": false
          },
          "private": "eyJzY2hlbWFfdmVyc2lvbiI6IjEifQ=="
        }
      ]
    },
    {
      "module": "module.gke_cluster",
      "mode": "data",
      "type": "google_container_engine_versions",
      "name": "location",
      "provider": "provider[\"registry.terraform.io/hashicorp/google\"]",
      "instances": [
        {
          "schema_version": 0,
          "attributes": {
            "default_cluster_version": "1.16.15-gke.4901",
            "id": "2020-12-23 17:10:45.915422 +0000 UTC",
            "latest_master_version": "1.17.14-gke.1600",
            "latest_node_version": "1.17.14-gke.1600",
            "location": "europe-west2-a",
            "project": "magento-295411",
            "region": null,
            "valid_master_versions": [
              "1.17.14-gke.1600",
              "1.17.14-gke.1200",
              "1.17.14-gke.400",
              "1.17.13-gke.2600",
              "1.17.13-gke.2001",
              "1.16.15-gke.7300",
              "1.16.15-gke.6900",
              "1.16.15-gke.6000",
              "1.16.15-gke.5500",
              "1.16.15-gke.4901",
              "1.16.15-gke.4301",
              "1.16.15-gke.4300",
              "1.15.12-gke.6002",
              "1.15.12-gke.6001",
              "1.15.12-gke.5000",
              "1.15.12-gke.4002",
              "1.15.12-gke.4000",
              "1.15.12-gke.20",
              "1.14.10-gke.1504",
              "1.14.10-gke.902",
              "1.14.10-gke.50"
            ],
            "valid_node_versions": [
              "1.17.14-gke.1600",
              "1.17.14-gke.1200",
              "1.17.14-gke.400",
              "1.17.13-gke.2600",
              "1.17.13-gke.2001",
              "1.17.13-gke.1401",
              "1.17.13-gke.1400",
              "1.17.13-gke.600",
              "1.17.12-gke.2502",
              "1.17.12-gke.1504",
              "1.17.12-gke.1501",
              "1.17.12-gke.500",
              "1.17.9-gke.6300",
              "1.17.9-gke.1504",
              "1.16.15-gke.7300",
              "1.16.15-gke.6900",
              "1.16.15-gke.6000",
              "1.16.15-gke.5500",
              "1.16.15-gke.4901",
              "1.16.15-gke.4301",
              "1.16.15-gke.4300",
              "1.16.15-gke.3500",
              "1.16.15-gke.2601",
              "1.16.15-gke.1600",
              "1.16.15-gke.500",
              "1.16.13-gke.404",
              "1.16.13-gke.403",
              "1.16.13-gke.401",
              "1.16.13-gke.400",
              "1.16.13-gke.1",
              "1.16.11-gke.5",
              "1.16.10-gke.8",
              "1.16.9-gke.6",
              "1.16.9-gke.2",
              "1.16.8-gke.15",
              "1.16.8-gke.12",
              "1.16.8-gke.9",
              "1.15.12-gke.6002",
              "1.15.12-gke.6001",
              "1.15.12-gke.5000",
              "1.15.12-gke.4002",
              "1.15.12-gke.4000",
              "1.15.12-gke.20",
              "1.15.12-gke.17",
              "1.15.12-gke.16",
              "1.15.12-gke.13",
              "1.15.12-gke.9",
              "1.15.12-gke.6",
              "1.15.12-gke.3",
              "1.15.12-gke.2",
              "1.15.11-gke.17",
              "1.15.11-gke.15",
              "1.15.11-gke.13",
              "1.15.11-gke.12",
              "1.15.11-gke.11",
              "1.15.11-gke.9",
              "1.15.11-gke.5",
              "1.15.11-gke.3",
              "1.15.11-gke.1",
              "1.15.9-gke.26",
              "1.15.9-gke.24",
              "1.15.9-gke.22",
              "1.15.9-gke.12",
              "1.15.9-gke.9",
              "1.15.9-gke.8",
              "1.15.8-gke.3",
              "1.15.8-gke.2",
              "1.15.7-gke.23",
              "1.15.7-gke.2",
              "1.15.4-gke.22",
              "1.14.10-gke.1504",
              "1.14.10-gke.902",
              "1.14.10-gke.50",
              "1.14.10-gke.46",
              "1.14.10-gke.45",
              "1.14.10-gke.42",
              "1.14.10-gke.41",
              "1.14.10-gke.40",
              "1.14.10-gke.37",
              "1.14.10-gke.36",
              "1.14.10-gke.34",
              "1.14.10-gke.32",
              "1.14.10-gke.31",
              "1.14.10-gke.27",
              "1.14.10-gke.24",
              "1.14.10-gke.22",
              "1.14.10-gke.21",
              "1.14.10-gke.17",
              "1.14.10-gke.0",
              "1.14.9-gke.23",
              "1.14.9-gke.2",
              "1.14.9-gke.0",
              "1.14.8-gke.33",
              "1.14.8-gke.21",
              "1.14.8-gke.18",
              "1.14.8-gke.17",
              "1.14.8-gke.14",
              "1.14.8-gke.12",
              "1.14.8-gke.7",
              "1.14.8-gke.2",
              "1.14.7-gke.40",
              "1.14.7-gke.25",
              "1.14.7-gke.23",
              "1.14.7-gke.17",
              "1.14.7-gke.14",
              "1.14.7-gke.10",
              "1.14.6-gke.13",
              "1.14.6-gke.2",
              "1.14.6-gke.1",
              "1.14.3-gke.11",
              "1.14.3-gke.10",
              "1.14.3-gke.9",
              "1.14.2-gke.9",
              "1.14.1-gke.5",
              "1.13.12-gke.30",
              "1.13.12-gke.25",
              "1.13.12-gke.17",
              "1.13.12-gke.16",
              "1.13.12-gke.14",
              "1.13.12-gke.13",
              "1.13.12-gke.10",
              "1.13.12-gke.8",
              "1.13.12-gke.4",
              "1.13.12-gke.2",
              "1.13.11-gke.23",
              "1.13.11-gke.15",
              "1.13.11-gke.14",
              "1.13.11-gke.12",
              "1.13.11-gke.11",
              "1.13.11-gke.9",
              "1.13.11-gke.5",
              "1.13.10-gke.7",
              "1.13.10-gke.0",
              "1.13.9-gke.11",
              "1.13.9-gke.3",
              "1.13.7-gke.24",
              "1.13.7-gke.19",
              "1.13.7-gke.15",
              "1.13.7-gke.8",
              "1.13.7-gke.0",
              "1.13.6-gke.13",
              "1.13.6-gke.6",
              "1.13.6-gke.5",
              "1.13.6-gke.0",
              "1.13.5-gke.10",
              "1.12.10-gke.22",
              "1.12.10-gke.20",
              "1.12.10-gke.19",
              "1.12.10-gke.18",
              "1.12.10-gke.17",
              "1.12.10-gke.15",
              "1.12.10-gke.13",
              "1.12.10-gke.11",
              "1.12.10-gke.5",
              "1.12.9-gke.16",
              "1.12.9-gke.15",
              "1.12.9-gke.13",
              "1.12.9-gke.10",
              "1.12.9-gke.7",
              "1.12.9-gke.3",
              "1.12.8-gke.12",
              "1.12.8-gke.10",
              "1.12.8-gke.7",
              "1.12.8-gke.6",
              "1.12.7-gke.26",
              "1.12.7-gke.25",
              "1.12.7-gke.24",
              "1.12.7-gke.22",
              "1.12.7-gke.21",
              "1.12.7-gke.17",
              "1.12.7-gke.10",
              "1.12.7-gke.7",
              "1.12.6-gke.11",
              "1.12.6-gke.10",
              "1.12.6-gke.7",
              "1.12.5-gke.10",
              "1.12.5-gke.5",
              "1.11.10-gke.6",
              "1.11.10-gke.5"
            ],
            "version_prefix": null,
            "zone": null
          }
        }
      ]
    },
    {
      "module": "module.gke_cluster",
      "mode": "managed",
      "type": "google_container_cluster",
      "name": "cluster",
      "provider": "provider[\"registry.terraform.io/hashicorp/google-beta\"]",
      "instances": [
        {
          "schema_version": 1,
          "attributes": {
            "additional_zones": [],
            "addons_config": [
              {
                "cloudrun_config": [],
                "horizontal_pod_autoscaling": [
                  {
                    "disabled": false
                  }
                ],
                "http_load_balancing": [
                  {
                    "disabled": false
                  }
                ],
                "istio_config": [],
                "kubernetes_dashboard": [
                  {
                    "disabled": true
                  }
                ],
                "network_policy_config": [
                  {
                    "disabled": false
                  }
                ]
              }
            ],
            "authenticator_groups_config": [],
            "cluster_autoscaling": [
              {
                "enabled": false,
                "resource_limits": []
              }
            ],
            "cluster_ipv4_cidr": "10.4.0.0/20",
            "database_encryption": [
              {
                "key_name": "",
                "state": "DECRYPTED"
              }
            ],
            "default_max_pods_per_node": 110,
            "description": "",
            "enable_binary_authorization": false,
            "enable_intranode_visibility": false,
            "enable_kubernetes_alpha": false,
            "enable_legacy_abac": false,
            "enable_shielded_nodes": false,
            "enable_tpu": false,
            "endpoint": "34.105.178.23",
            "id": "magento-dev-cluster",
            "initial_node_count": 1,
            "instance_group_urls": [],
            "ip_allocation_policy": [
              {
                "cluster_ipv4_cidr_block": "10.4.0.0/20",
                "cluster_secondary_range_name": "public-services",
                "create_subnetwork": false,
                "node_ipv4_cidr_block": "10.3.0.0/20",
                "services_ipv4_cidr_block": "10.4.0.0/20",
                "services_secondary_range_name": "public-services",
                "subnetwork_name": "",
                "use_ip_aliases": true
              }
            ],
            "location": "europe-west2-a",
            "logging_service": "logging.googleapis.com/kubernetes",
            "maintenance_policy": [
              {
                "daily_maintenance_window": [
                  {
                    "duration": "PT4H0M0S",
                    "start_time": "05:00"
                  }
                ],
                "recurring_window": []
              }
            ],
            "master_auth": [
              {
                "client_certificate": "",
                "client_certificate_config": [
                  {
                    "issue_client_certificate": false
                  }
                ],
                "client_key": "",
                "cluster_ca_certificate": "LS0tLS1CRUdJTiBDRVJUSUZJQ0FURS0tLS0tCk1JSURLakNDQWhLZ0F3SUJBZ0lRWGQwSFB3dmxhSTFPWDJMY2UzUG5EVEFOQmdrcWhraUc5dzBCQVFzRkFEQXYKTVMwd0t3WURWUVFERXlSbE1XVXhOamd6T0MwMU16TmhMVFF4Wm1RdE9HWmtNQzAyTVdRM056Wm1NRFprWkdNdwpIaGNOTWpBeE1qSXpNVFl4TVRNeldoY05NalV4TWpJeU1UY3hNVE16V2pBdk1TMHdLd1lEVlFRREV5UmxNV1V4Ck5qZ3pPQzAxTXpOaExUUXhabVF0T0daa01DMDJNV1EzTnpabU1EWmtaR013Z2dFaU1BMEdDU3FHU0liM0RRRUIKQVFVQUE0SUJEd0F3Z2dFS0FvSUJBUUROd1VlQisrTURaa044bHhEbWkwekE0N244S1NRSFhqejQyV3FQenJlYQpSbGJHaStZMEg2WUdKdGpQck42Nk9leFA0cFRmY0NZdHQwZHZURHJhak80bGlvcEFzMk5xVXplN3NrT04yNWpVCi9EeGRBalY4YnpTWnhYOXA4SDlTWTFKeDhvdVlEN1kxdU1MR1JrNnUvVEFVZUNSekVhbXgzdlJBOFI3ZlhrcnoKVHJJMGJEZ1h2TWkrb016L0FhNjFMNXZUVUFoZTZUYmg0SDVJdU1QaEx2Qy83SDEyNElZcDdSa0tFZDR6ZjNnYwpldVBsdjNKZmJKUGNpRXJiYkR1dnBreUpodmtSM3lpSUlMSlU0eUtkYzdLenZoR3BsQk9CVlZjRnloeEF6ejRiCmxBb0lDWXkvT1BNditkbEd3UmQ1azhsQ0x5akQ0WTh1Njh5TmdvRVNIY2l4QWdNQkFBR2pRakJBTUE0R0ExVWQKRHdFQi93UUVBd0lDQkRBUEJnTlZIUk1CQWY4RUJUQURBUUgvTUIwR0ExVWREZ1FXQkJRRkR5N0ZSNjFXd2xKZQp0QTFrT1NaWE9BbzFCREFOQmdrcWhraUc5dzBCQVFzRkFBT0NBUUVBSzJTQVpJaElKV3NSNkNtR3o1YkZVRERYCmN6L2RxTGwrak9BRDhDdElMZkhubTgrOU1uY1FSUmwrQ0xjK0Z4bFlFNzFTQk5SbXBNVk9rblRxM3VEZ2ZJRHEKWTdUSDRJYlRQVkNEQTY3UTdWaytVNWVzSXFnd0N5NmJVQXJybUNPMXp5L2Y0MUQrMTZnZWFIaXJhN0lTSWNEKwpCOXB6TGlmdW9ENDVyK0FGaXk1ZGFuT3doWDByWE9rV1NRUHB0WW9TTlhxZ2pYTVc3UFlTeVN5azBYN2pzeFNyCmFEYUtVUHpDRXp0YTRyclMrTGN6WHkzN1BHVHlremlsa1pXV2x2aC9ISGRpMDJwKzFNVEM2QWpURWw5cmdTZHMKaGJhczVNVXdrRVgwQWlBRTZrM0MxZWUvN2VBVUtOdGJ6TEd6M3RNV2F0cExvNStmUXVMK1RJTGNYWFhXNHc9PQotLS0tLUVORCBDRVJUSUZJQ0FURS0tLS0tCg==",
                "password": "",
                "username": ""
              }
            ],
            "master_authorized_networks_config": [
              {
                "cidr_blocks": [
                  {
                    "cidr_block": "0.0.0.0/0",
                    "display_name": "all-for-testing"
                  }
                ]
              }
            ],
            "master_version": "1.17.14-gke.1600",
            "min_master_version": "1.17.14-gke.1600",
            "monitoring_service": "monitoring.googleapis.com/kubernetes",
            "name": "magento-dev-cluster",
            "network": "projects/magento-295411/global/networks/magento-dev-cluster-network-14a9-network",
            "network_policy": [
              {
                "enabled": true,
                "provider": "CALICO"
              }
            ],
            "node_config": [],
            "node_locations": [],
            "node_pool": [],
            "node_version": "1.17.14-gke.1600",
            "pod_security_policy_config": [],
            "private_cluster_config": [
              {
                "enable_private_endpoint": false,
                "enable_private_nodes": true,
                "master_ipv4_cidr_block": "10.5.0.0/28",
                "private_endpoint": "10.5.0.2",
                "public_endpoint": "34.105.178.23"
              }
            ],
            "project": "magento-295411",
            "region": null,
            "release_channel": [
              {
                "channel": "UNSPECIFIED"
              }
            ],
            "remove_default_node_pool": true,
            "resource_labels": null,
            "resource_usage_export_config": [],
            "services_ipv4_cidr": "10.4.0.0/20",
            "subnetwork": "projects/magento-295411/regions/europe-west2/subnetworks/magento-dev-cluster-network-14a9-subnetwork-public",
            "timeouts": null,
            "tpu_ipv4_cidr_block": "",
            "vertical_pod_autoscaling": [
              {
                "enabled": false
              }
            ],
            "workload_identity_config": [],
            "zone": "europe-west2-a"
          },
          "private": "eyJlMmJmYjczMC1lY2FhLTExZTYtOGY4OC0zNDM2M2JjN2M0YzAiOnsiY3JlYXRlIjoxODAwMDAwMDAwMDAwLCJkZWxldGUiOjE4MDAwMDAwMDAwMDAsInVwZGF0ZSI6MzYwMDAwMDAwMDAwMH0sInNjaGVtYV92ZXJzaW9uIjoiMSJ9",
          "dependencies": [
            "module.gke_cluster.data.google_container_engine_versions.location",
            "module.vpc_network.google_compute_network.vpc",
            "module.vpc_network.google_compute_subnetwork.vpc_subnetwork_public",
            "random_string.suffix"
          ]
        }
      ]
    },
    {
      "module": "module.gke_service_account",
      "mode": "managed",
      "type": "google_project_iam_member",
      "name": "service_account-roles",
      "provider": "provider[\"registry.terraform.io/hashicorp/google\"]",
      "instances": [
        {
          "index_key": "roles/logging.logWriter",
          "schema_version": 0,
          "attributes": {
            "etag": "BwW3JMapWbI=",
            "id": "magento-295411/roles/logging.logWriter/serviceaccount:magento-private-cluster-sa@magento-295411.iam.gserviceaccount.com",
            "member": "serviceAccount:magento-private-cluster-sa@magento-295411.iam.gserviceaccount.com",
            "project": "magento-295411",
            "role": "roles/logging.logWriter"
          },
          "private": "bnVsbA==",
          "dependencies": [
            "module.gke_service_account.google_service_account.service_account"
          ]
        },
        {
          "index_key": "roles/monitoring.metricWriter",
          "schema_version": 0,
          "attributes": {
            "etag": "BwW3JMapWbI=",
            "id": "magento-295411/roles/monitoring.metricWriter/serviceaccount:magento-private-cluster-sa@magento-295411.iam.gserviceaccount.com",
            "member": "serviceAccount:magento-private-cluster-sa@magento-295411.iam.gserviceaccount.com",
            "project": "magento-295411",
            "role": "roles/monitoring.metricWriter"
          },
          "private": "bnVsbA==",
          "dependencies": [
            "module.gke_service_account.google_service_account.service_account"
          ]
        },
        {
          "index_key": "roles/monitoring.viewer",
          "schema_version": 0,
          "attributes": {
            "etag": "BwW3JMapWbI=",
            "id": "magento-295411/roles/monitoring.viewer/serviceaccount:magento-private-cluster-sa@magento-295411.iam.gserviceaccount.com",
            "member": "serviceAccount:magento-private-cluster-sa@magento-295411.iam.gserviceaccount.com",
            "project": "magento-295411",
            "role": "roles/monitoring.viewer"
          },
          "private": "bnVsbA==",
          "dependencies": [
            "module.gke_service_account.google_service_account.service_account"
          ]
        },
        {
          "index_key": "roles/stackdriver.resourceMetadata.writer",
          "schema_version": 0,
          "attributes": {
            "etag": "BwW3JMapWbI=",
            "id": "magento-295411/roles/stackdriver.resourceMetadata.writer/serviceaccount:magento-private-cluster-sa@magento-295411.iam.gserviceaccount.com",
            "member": "serviceAccount:magento-private-cluster-sa@magento-295411.iam.gserviceaccount.com",
            "project": "magento-295411",
            "role": "roles/stackdriver.resourceMetadata.writer"
          },
          "private": "bnVsbA==",
          "dependencies": [
            "module.gke_service_account.google_service_account.service_account"
          ]
        },
        {
          "index_key": "roles/storage.admin",
          "schema_version": 0,
          "attributes": {
            "etag": "BwW3JMapWbI=",
            "id": "magento-295411/roles/storage.admin/serviceaccount:magento-private-cluster-sa@magento-295411.iam.gserviceaccount.com",
            "member": "serviceAccount:magento-private-cluster-sa@magento-295411.iam.gserviceaccount.com",
            "project": "magento-295411",
            "role": "roles/storage.admin"
          },
          "private": "bnVsbA==",
          "dependencies": [
            "module.gke_service_account.google_service_account.service_account"
          ]
        }
      ]
    },
    {
      "module": "module.gke_service_account",
      "mode": "managed",
      "type": "google_service_account",
      "name": "service_account",
      "provider": "provider[\"registry.terraform.io/hashicorp/google\"]",
      "instances": [
        {
          "schema_version": 0,
          "attributes": {
            "account_id": "magento-private-cluster-sa",
            "description": "",
            "display_name": "Magento GKE Cluster Service Account managed by Terraform",
            "email": "magento-private-cluster-sa@magento-295411.iam.gserviceaccount.com",
            "id": "projects/magento-295411/serviceAccounts/magento-private-cluster-sa@magento-295411.iam.gserviceaccount.com",
            "name": "projects/magento-295411/serviceAccounts/magento-private-cluster-sa@magento-295411.iam.gserviceaccount.com",
            "policy_data": null,
            "project": "magento-295411",
            "unique_id": "117446992794251712225"
          },
          "private": "bnVsbA=="
        }
      ]
    },
    {
      "module": "module.vpc_network",
      "mode": "managed",
      "type": "google_compute_network",
      "name": "vpc",
      "provider": "provider[\"registry.terraform.io/hashicorp/google\"]",
      "instances": [
        {
          "schema_version": 0,
          "attributes": {
            "auto_create_subnetworks": false,
            "delete_default_routes_on_create": false,
            "description": "",
            "gateway_ipv4": "",
            "id": "magento-dev-cluster-network-14a9-network",
            "ipv4_range": "",
            "name": "magento-dev-cluster-network-14a9-network",
            "project": "magento-295411",
            "routing_mode": "REGIONAL",
            "self_link": "https://www.googleapis.com/compute/v1/projects/magento-295411/global/networks/magento-dev-cluster-network-14a9-network",
            "timeouts": null
          },
          "private": "eyJlMmJmYjczMC1lY2FhLTExZTYtOGY4OC0zNDM2M2JjN2M0YzAiOnsiY3JlYXRlIjoyNDAwMDAwMDAwMDAsImRlbGV0ZSI6MjQwMDAwMDAwMDAwLCJ1cGRhdGUiOjI0MDAwMDAwMDAwMH19",
          "dependencies": [
            "random_string.suffix"
          ]
        }
      ]
    },
    {
      "module": "module.vpc_network",
      "mode": "managed",
      "type": "google_compute_router",
      "name": "vpc_router",
      "provider": "provider[\"registry.terraform.io/hashicorp/google\"]",
      "instances": [
        {
          "schema_version": 0,
          "attributes": {
            "bgp": [],
            "creation_timestamp": "2020-12-23T09:11:06.578-08:00",
            "description": "",
            "id": "europe-west2/magento-dev-cluster-network-14a9-router",
            "name": "magento-dev-cluster-network-14a9-router",
            "network": "https://www.googleapis.com/compute/v1/projects/magento-295411/global/networks/magento-dev-cluster-network-14a9-network",
            "project": "magento-295411",
            "region": "europe-west2",
            "self_link": "https://www.googleapis.com/compute/v1/projects/magento-295411/regions/europe-west2/routers/magento-dev-cluster-network-14a9-router",
            "timeouts": null
          },
          "private": "eyJlMmJmYjczMC1lY2FhLTExZTYtOGY4OC0zNDM2M2JjN2M0YzAiOnsiY3JlYXRlIjoyNDAwMDAwMDAwMDAsImRlbGV0ZSI6MjQwMDAwMDAwMDAwLCJ1cGRhdGUiOjI0MDAwMDAwMDAwMH19",
          "dependencies": [
            "module.vpc_network.google_compute_network.vpc",
            "random_string.suffix"
          ]
        }
      ]
    },
    {
      "module": "module.vpc_network",
      "mode": "managed",
      "type": "google_compute_router_nat",
      "name": "vpc_nat",
      "provider": "provider[\"registry.terraform.io/hashicorp/google\"]",
      "instances": [
        {
          "schema_version": 0,
          "attributes": {
            "icmp_idle_timeout_sec": 30,
            "id": "magento-295411/europe-west2/magento-dev-cluster-network-14a9-router/magento-dev-cluster-network-14a9-nat",
            "log_config": [],
            "min_ports_per_vm": 0,
            "name": "magento-dev-cluster-network-14a9-nat",
            "nat_ip_allocate_option": "AUTO_ONLY",
            "nat_ips": null,
            "project": "magento-295411",
            "region": "europe-west2",
            "router": "magento-dev-cluster-network-14a9-router",
            "source_subnetwork_ip_ranges_to_nat": "LIST_OF_SUBNETWORKS",
            "subnetwork": [
              {
                "name": "https://www.googleapis.com/compute/v1/projects/magento-295411/regions/europe-west2/subnetworks/magento-dev-cluster-network-14a9-subnetwork-public",
                "secondary_ip_range_names": [],
                "source_ip_ranges_to_nat": [
                  "ALL_IP_RANGES"
                ]
              }
            ],
            "tcp_established_idle_timeout_sec": 1200,
            "tcp_transitory_idle_timeout_sec": 30,
            "timeouts": null,
            "udp_idle_timeout_sec": 30
          },
          "private": "eyJlMmJmYjczMC1lY2FhLTExZTYtOGY4OC0zNDM2M2JjN2M0YzAiOnsiY3JlYXRlIjo2MDAwMDAwMDAwMDAsImRlbGV0ZSI6NjAwMDAwMDAwMDAwLCJ1cGRhdGUiOjYwMDAwMDAwMDAwMH19",
          "dependencies": [
            "module.vpc_network.google_compute_network.vpc",
            "module.vpc_network.google_compute_router.vpc_router",
            "module.vpc_network.google_compute_subnetwork.vpc_subnetwork_public",
            "random_string.suffix"
          ]
        }
      ]
    },
    {
      "module": "module.vpc_network",
      "mode": "managed",
      "type": "google_compute_subnetwork",
      "name": "vpc_subnetwork_private",
      "provider": "provider[\"registry.terraform.io/hashicorp/google\"]",
      "instances": [
        {
          "schema_version": 0,
          "attributes": {
            "creation_timestamp": "2020-12-23T09:11:06.930-08:00",
            "description": "",
            "enable_flow_logs": true,
            "fingerprint": "RNHPdt2oEec=",
            "gateway_address": "10.3.16.1",
            "id": "europe-west2/magento-dev-cluster-network-14a9-subnetwork-private",
            "ip_cidr_range": "10.3.16.0/20",
            "log_config": [
              {
                "aggregation_interval": "INTERVAL_5_SEC",
                "flow_sampling": 0.5,
                "metadata": "INCLUDE_ALL_METADATA"
              }
            ],
            "name": "magento-dev-cluster-network-14a9-subnetwork-private",
            "network": "https://www.googleapis.com/compute/v1/projects/magento-295411/global/networks/magento-dev-cluster-network-14a9-network",
            "private_ip_google_access": true,
            "project": "magento-295411",
            "region": "europe-west2",
            "secondary_ip_range": [
              {
                "ip_cidr_range": "10.4.16.0/20",
                "range_name": "private-services"
              }
            ],
            "self_link": "https://www.googleapis.com/compute/v1/projects/magento-295411/regions/europe-west2/subnetworks/magento-dev-cluster-network-14a9-subnetwork-private",
            "timeouts": null
          },
          "private": "eyJlMmJmYjczMC1lY2FhLTExZTYtOGY4OC0zNDM2M2JjN2M0YzAiOnsiY3JlYXRlIjozNjAwMDAwMDAwMDAsImRlbGV0ZSI6MzYwMDAwMDAwMDAwLCJ1cGRhdGUiOjM2MDAwMDAwMDAwMH19",
          "dependencies": [
            "module.vpc_network.google_compute_network.vpc",
            "random_string.suffix"
          ]
        }
      ]
    },
    {
      "module": "module.vpc_network",
      "mode": "managed",
      "type": "google_compute_subnetwork",
      "name": "vpc_subnetwork_public",
      "provider": "provider[\"registry.terraform.io/hashicorp/google\"]",
      "instances": [
        {
          "schema_version": 0,
          "attributes": {
            "creation_timestamp": "2020-12-23T09:11:06.683-08:00",
            "description": "",
            "enable_flow_logs": true,
            "fingerprint": "61PxYaAAXFw=",
            "gateway_address": "10.3.0.1",
            "id": "europe-west2/magento-dev-cluster-network-14a9-subnetwork-public",
            "ip_cidr_range": "10.3.0.0/20",
            "log_config": [
              {
                "aggregation_interval": "INTERVAL_5_SEC",
                "flow_sampling": 0.5,
                "metadata": "INCLUDE_ALL_METADATA"
              }
            ],
            "name": "magento-dev-cluster-network-14a9-subnetwork-public",
            "network": "https://www.googleapis.com/compute/v1/projects/magento-295411/global/networks/magento-dev-cluster-network-14a9-network",
            "private_ip_google_access": true,
            "project": "magento-295411",
            "region": "europe-west2",
            "secondary_ip_range": [
              {
                "ip_cidr_range": "10.4.0.0/20",
                "range_name": "public-services"
              }
            ],
            "self_link": "https://www.googleapis.com/compute/v1/projects/magento-295411/regions/europe-west2/subnetworks/magento-dev-cluster-network-14a9-subnetwork-public",
            "timeouts": null
          },
          "private": "eyJlMmJmYjczMC1lY2FhLTExZTYtOGY4OC0zNDM2M2JjN2M0YzAiOnsiY3JlYXRlIjozNjAwMDAwMDAwMDAsImRlbGV0ZSI6MzYwMDAwMDAwMDAwLCJ1cGRhdGUiOjM2MDAwMDAwMDAwMH19",
          "dependencies": [
            "module.vpc_network.google_compute_network.vpc",
            "random_string.suffix"
          ]
        }
      ]
    },
    {
      "module": "module.vpc_network.module.network_firewall",
      "mode": "data",
      "type": "google_compute_subnetwork",
      "name": "private_subnetwork",
      "provider": "provider[\"registry.terraform.io/hashicorp/google\"]",
      "instances": [
        {
          "schema_version": 0,
          "attributes": {
            "description": "",
            "gateway_address": "10.3.16.1",
            "id": "europe-west2/magento-dev-cluster-network-14a9-subnetwork-private",
            "ip_cidr_range": "10.3.16.0/20",
            "name": null,
            "network": "https://www.googleapis.com/compute/v1/projects/magento-295411/global/networks/magento-dev-cluster-network-14a9-network",
            "private_ip_google_access": true,
            "project": "magento-295411",
            "region": "europe-west2",
            "secondary_ip_range": [
              {
                "ip_cidr_range": "10.4.16.0/20",
                "range_name": "private-services"
              }
            ],
            "self_link": "https://www.googleapis.com/compute/v1/projects/magento-295411/regions/europe-west2/subnetworks/magento-dev-cluster-network-14a9-subnetwork-private"
          }
        }
      ]
    },
    {
      "module": "module.vpc_network.module.network_firewall",
      "mode": "data",
      "type": "google_compute_subnetwork",
      "name": "public_subnetwork",
      "provider": "provider[\"registry.terraform.io/hashicorp/google\"]",
      "instances": [
        {
          "schema_version": 0,
          "attributes": {
            "description": "",
            "gateway_address": "10.3.0.1",
            "id": "europe-west2/magento-dev-cluster-network-14a9-subnetwork-public",
            "ip_cidr_range": "10.3.0.0/20",
            "name": null,
            "network": "https://www.googleapis.com/compute/v1/projects/magento-295411/global/networks/magento-dev-cluster-network-14a9-network",
            "private_ip_google_access": true,
            "project": "magento-295411",
            "region": "europe-west2",
            "secondary_ip_range": [
              {
                "ip_cidr_range": "10.4.0.0/20",
                "range_name": "public-services"
              }
            ],
            "self_link": "https://www.googleapis.com/compute/v1/projects/magento-295411/regions/europe-west2/subnetworks/magento-dev-cluster-network-14a9-subnetwork-public"
          }
        }
      ]
    },
    {
      "module": "module.vpc_network.module.network_firewall",
      "mode": "managed",
      "type": "google_compute_firewall",
      "name": "private_allow_all_network_inbound",
      "provider": "provider[\"registry.terraform.io/hashicorp/google\"]",
      "instances": [
        {
          "schema_version": 1,
          "attributes": {
            "allow": [
              {
                "ports": [],
                "protocol": "all"
              }
            ],
            "creation_timestamp": "2020-12-23T09:11:33.871-08:00",
            "deny": [],
            "description": "",
            "destination_ranges": [],
            "direction": "INGRESS",
            "disabled": false,
            "id": "magento-dev-cluster-network-14a9-private-allow-ingress",
            "name": "magento-dev-cluster-network-14a9-private-allow-ingress",
            "network": "https://www.googleapis.com/compute/v1/projects/magento-295411/global/networks/magento-dev-cluster-network-14a9-network",
            "priority": 1000,
            "project": "magento-295411",
            "self_link": "https://www.googleapis.com/compute/v1/projects/magento-295411/global/firewalls/magento-dev-cluster-network-14a9-private-allow-ingress",
            "source_ranges": [
              "10.3.0.0/20",
              "10.3.16.0/20",
              "10.4.0.0/20",
              "10.4.16.0/20"
            ],
            "source_service_accounts": null,
            "source_tags": null,
            "target_service_accounts": null,
            "target_tags": [
              "private"
            ],
            "timeouts": null
          },
          "private": "eyJlMmJmYjczMC1lY2FhLTExZTYtOGY4OC0zNDM2M2JjN2M0YzAiOnsiY3JlYXRlIjoyNDAwMDAwMDAwMDAsImRlbGV0ZSI6MjQwMDAwMDAwMDAwLCJ1cGRhdGUiOjI0MDAwMDAwMDAwMH0sInNjaGVtYV92ZXJzaW9uIjoiMSJ9",
          "dependencies": [
            "module.vpc_network.google_compute_network.vpc",
            "module.vpc_network.google_compute_subnetwork.vpc_subnetwork_private",
            "module.vpc_network.google_compute_subnetwork.vpc_subnetwork_public",
            "module.vpc_network.module.network_firewall.data.google_compute_subnetwork.private_subnetwork",
            "module.vpc_network.module.network_firewall.data.google_compute_subnetwork.public_subnetwork",
            "random_string.suffix"
          ]
        }
      ]
    },
    {
      "module": "module.vpc_network.module.network_firewall",
      "mode": "managed",
      "type": "google_compute_firewall",
      "name": "private_allow_restricted_network_inbound",
      "provider": "provider[\"registry.terraform.io/hashicorp/google\"]",
      "instances": [
        {
          "schema_version": 1,
          "attributes": {
            "allow": [
              {
                "ports": [],
                "protocol": "all"
              }
            ],
            "creation_timestamp": "2020-12-23T09:11:07.981-08:00",
            "deny": [],
            "description": "",
            "destination_ranges": [],
            "direction": "INGRESS",
            "disabled": false,
            "id": "magento-dev-cluster-network-14a9-allow-restricted-inbound",
            "name": "magento-dev-cluster-network-14a9-allow-restricted-inbound",
            "network": "https://www.googleapis.com/compute/v1/projects/magento-295411/global/networks/magento-dev-cluster-network-14a9-network",
            "priority": 1000,
            "project": "magento-295411",
            "self_link": "https://www.googleapis.com/compute/v1/projects/magento-295411/global/firewalls/magento-dev-cluster-network-14a9-allow-restricted-inbound",
            "source_ranges": [],
            "source_service_accounts": null,
            "source_tags": [
              "private",
              "private-persistence"
            ],
            "target_service_accounts": null,
            "target_tags": [
              "private-persistence"
            ],
            "timeouts": null
          },
          "private": "eyJlMmJmYjczMC1lY2FhLTExZTYtOGY4OC0zNDM2M2JjN2M0YzAiOnsiY3JlYXRlIjoyNDAwMDAwMDAwMDAsImRlbGV0ZSI6MjQwMDAwMDAwMDAwLCJ1cGRhdGUiOjI0MDAwMDAwMDAwMH0sInNjaGVtYV92ZXJzaW9uIjoiMSJ9",
          "dependencies": [
            "module.vpc_network.google_compute_network.vpc",
            "random_string.suffix"
          ]
        }
      ]
    },
    {
      "module": "module.vpc_network.module.network_firewall",
      "mode": "managed",
      "type": "google_compute_firewall",
      "name": "public_allow_all_inbound",
      "provider": "provider[\"registry.terraform.io/hashicorp/google\"]",
      "instances": [
        {
          "schema_version": 1,
          "attributes": {
            "allow": [
              {
                "ports": [],
                "protocol": "all"
              }
            ],
            "creation_timestamp": "2020-12-23T09:11:06.358-08:00",
            "deny": [],
            "description": "",
            "destination_ranges": [],
            "direction": "INGRESS",
            "disabled": false,
            "id": "magento-dev-cluster-network-14a9-public-allow-ingress",
            "name": "magento-dev-cluster-network-14a9-public-allow-ingress",
            "network": "https://www.googleapis.com/compute/v1/projects/magento-295411/global/networks/magento-dev-cluster-network-14a9-network",
            "priority": 1000,
            "project": "magento-295411",
            "self_link": "https://www.googleapis.com/compute/v1/projects/magento-295411/global/firewalls/magento-dev-cluster-network-14a9-public-allow-ingress",
            "source_ranges": [
              "0.0.0.0/0"
            ],
            "source_service_accounts": null,
            "source_tags": null,
            "target_service_accounts": null,
            "target_tags": [
              "public"
            ],
            "timeouts": null
          },
          "private": "eyJlMmJmYjczMC1lY2FhLTExZTYtOGY4OC0zNDM2M2JjN2M0YzAiOnsiY3JlYXRlIjoyNDAwMDAwMDAwMDAsImRlbGV0ZSI6MjQwMDAwMDAwMDAwLCJ1cGRhdGUiOjI0MDAwMDAwMDAwMH0sInNjaGVtYV92ZXJzaW9uIjoiMSJ9",
          "dependencies": [
            "module.vpc_network.google_compute_network.vpc",
            "random_string.suffix"
          ]
        }
      ]
    }
  ]
}
