{
  "version": 4,
  "terraform_version": "0.12.24",
  "serial": 148,
  "lineage": "ab807f23-5cb1-b440-a126-9419061f18d8",
  "outputs": {},
  "resources": [
    {
      "module": "module.gke_service_account.module.vpc_network.module.network_firewall",
      "mode": "data",
      "type": "google_compute_subnetwork",
      "name": "private_subnetwork",
      "provider": "provider.google",
      "instances": [
        {
          "schema_version": 0,
          "attributes": {
            "description": "",
            "gateway_address": "10.3.16.1",
            "id": "europe-west2/magento-private-cluster-network-jpor-subnetwork-private",
            "ip_cidr_range": "10.3.16.0/20",
            "name": null,
            "network": "https://www.googleapis.com/compute/v1/projects/magento2-269418/global/networks/magento-private-cluster-network-jpor-network",
            "private_ip_google_access": true,
            "project": "magento2-269418",
            "region": "europe-west2",
            "secondary_ip_range": [
              {
                "ip_cidr_range": "10.4.16.0/20",
                "range_name": "private-services"
              }
            ],
            "self_link": "https://www.googleapis.com/compute/v1/projects/magento2-269418/regions/europe-west2/subnetworks/magento-private-cluster-network-jpor-subnetwork-private"
          }
        }
      ]
    },
    {
      "module": "module.gke_cluster.module.vpc_network.module.network_firewall",
      "mode": "data",
      "type": "google_compute_subnetwork",
      "name": "private_subnetwork",
      "provider": "provider.google",
      "instances": [
        {
          "schema_version": 0,
          "attributes": {
            "description": "",
            "gateway_address": "10.3.16.1",
            "id": "europe-west2/magento-private-cluster-network-qmng-subnetwork-private",
            "ip_cidr_range": "10.3.16.0/20",
            "name": null,
            "network": "https://www.googleapis.com/compute/v1/projects/magento2-269418/global/networks/magento-private-cluster-network-qmng-network",
            "private_ip_google_access": true,
            "project": "magento2-269418",
            "region": "europe-west2",
            "secondary_ip_range": [
              {
                "ip_cidr_range": "10.4.16.0/20",
                "range_name": "private-services"
              }
            ],
            "self_link": "https://www.googleapis.com/compute/v1/projects/magento2-269418/regions/europe-west2/subnetworks/magento-private-cluster-network-qmng-subnetwork-private"
          }
        }
      ]
    },
    {
      "module": "module.vpc_network.module.vpc_network.module.network_firewall",
      "mode": "data",
      "type": "google_compute_subnetwork",
      "name": "private_subnetwork",
      "provider": "provider.google",
      "instances": [
        {
          "schema_version": 0,
          "attributes": {
            "description": "",
            "gateway_address": "10.3.16.1",
            "id": "europe-west2/magento-private-cluster-network-hnmj-subnetwork-private",
            "ip_cidr_range": "10.3.16.0/20",
            "name": null,
            "network": "https://www.googleapis.com/compute/v1/projects/magento2-269418/global/networks/magento-private-cluster-network-hnmj-network",
            "private_ip_google_access": true,
            "project": "magento2-269418",
            "region": "europe-west2",
            "secondary_ip_range": [
              {
                "ip_cidr_range": "10.4.16.0/20",
                "range_name": "private-services"
              }
            ],
            "self_link": "https://www.googleapis.com/compute/v1/projects/magento2-269418/regions/europe-west2/subnetworks/magento-private-cluster-network-hnmj-subnetwork-private"
          }
        }
      ]
    },
    {
      "module": "module.gke_service_account.module.vpc_network.module.network_firewall",
      "mode": "data",
      "type": "google_compute_subnetwork",
      "name": "public_subnetwork",
      "provider": "provider.google",
      "instances": [
        {
          "schema_version": 0,
          "attributes": {
            "description": "",
            "gateway_address": "10.3.0.1",
            "id": "europe-west2/magento-private-cluster-network-jpor-subnetwork-public",
            "ip_cidr_range": "10.3.0.0/20",
            "name": null,
            "network": "https://www.googleapis.com/compute/v1/projects/magento2-269418/global/networks/magento-private-cluster-network-jpor-network",
            "private_ip_google_access": true,
            "project": "magento2-269418",
            "region": "europe-west2",
            "secondary_ip_range": [
              {
                "ip_cidr_range": "10.4.0.0/20",
                "range_name": "public-services"
              }
            ],
            "self_link": "https://www.googleapis.com/compute/v1/projects/magento2-269418/regions/europe-west2/subnetworks/magento-private-cluster-network-jpor-subnetwork-public"
          }
        }
      ]
    },
    {
      "module": "module.gke_cluster.module.vpc_network.module.network_firewall",
      "mode": "data",
      "type": "google_compute_subnetwork",
      "name": "public_subnetwork",
      "provider": "provider.google",
      "instances": [
        {
          "schema_version": 0,
          "attributes": {
            "description": "",
            "gateway_address": "10.3.0.1",
            "id": "europe-west2/magento-private-cluster-network-qmng-subnetwork-public",
            "ip_cidr_range": "10.3.0.0/20",
            "name": null,
            "network": "https://www.googleapis.com/compute/v1/projects/magento2-269418/global/networks/magento-private-cluster-network-qmng-network",
            "private_ip_google_access": true,
            "project": "magento2-269418",
            "region": "europe-west2",
            "secondary_ip_range": [
              {
                "ip_cidr_range": "10.4.0.0/20",
                "range_name": "public-services"
              }
            ],
            "self_link": "https://www.googleapis.com/compute/v1/projects/magento2-269418/regions/europe-west2/subnetworks/magento-private-cluster-network-qmng-subnetwork-public"
          }
        }
      ]
    },
    {
      "module": "module.vpc_network.module.vpc_network.module.network_firewall",
      "mode": "data",
      "type": "google_compute_subnetwork",
      "name": "public_subnetwork",
      "provider": "provider.google",
      "instances": [
        {
          "schema_version": 0,
          "attributes": {
            "description": "",
            "gateway_address": "10.3.0.1",
            "id": "europe-west2/magento-private-cluster-network-hnmj-subnetwork-public",
            "ip_cidr_range": "10.3.0.0/20",
            "name": null,
            "network": "https://www.googleapis.com/compute/v1/projects/magento2-269418/global/networks/magento-private-cluster-network-hnmj-network",
            "private_ip_google_access": true,
            "project": "magento2-269418",
            "region": "europe-west2",
            "secondary_ip_range": [
              {
                "ip_cidr_range": "10.4.0.0/20",
                "range_name": "public-services"
              }
            ],
            "self_link": "https://www.googleapis.com/compute/v1/projects/magento2-269418/regions/europe-west2/subnetworks/magento-private-cluster-network-hnmj-subnetwork-public"
          }
        }
      ]
    },
    {
      "module": "module.gke_service_account.module.gke_cluster",
      "mode": "data",
      "type": "google_container_engine_versions",
      "name": "location",
      "provider": "provider.google",
      "instances": [
        {
          "schema_version": 0,
          "attributes": {
            "default_cluster_version": "1.14.10-gke.36",
            "id": "2020-05-19 09:43:32.526294 +0000 UTC",
            "latest_master_version": "1.16.8-gke.15",
            "latest_node_version": "1.16.8-gke.15",
            "location": "europe-west2-a",
            "project": "magento2-269418",
            "region": null,
            "valid_master_versions": [
              "1.16.8-gke.15",
              "1.15.11-gke.13",
              "1.15.11-gke.12",
              "1.15.11-gke.11",
              "1.15.11-gke.9",
              "1.15.11-gke.5",
              "1.15.11-gke.3",
              "1.15.9-gke.24",
              "1.14.10-gke.37",
              "1.14.10-gke.36"
            ],
            "valid_node_versions": [
              "1.16.8-gke.15",
              "1.16.8-gke.12",
              "1.16.8-gke.9",
              "1.15.11-gke.13",
              "1.15.11-gke.12",
              "1.15.11-gke.11",
              "1.15.11-gke.9",
              "1.15.11-gke.5",
              "1.15.11-gke.3",
              "1.15.11-gke.1",
              "1.15.9-gke.26",
              "1.15.9-gke.24",
              "1.15.9-gke.22",
              "1.15.9-gke.12",
              "1.15.9-gke.9",
              "1.15.9-gke.8",
              "1.15.8-gke.3",
              "1.15.8-gke.2",
              "1.15.7-gke.23",
              "1.15.7-gke.2",
              "1.15.4-gke.22",
              "1.14.10-gke.37",
              "1.14.10-gke.36",
              "1.14.10-gke.34",
              "1.14.10-gke.32",
              "1.14.10-gke.31",
              "1.14.10-gke.27",
              "1.14.10-gke.24",
              "1.14.10-gke.22",
              "1.14.10-gke.21",
              "1.14.10-gke.17",
              "1.14.10-gke.0",
              "1.14.9-gke.23",
              "1.14.9-gke.2",
              "1.14.9-gke.0",
              "1.14.8-gke.33",
              "1.14.8-gke.21",
              "1.14.8-gke.18",
              "1.14.8-gke.17",
              "1.14.8-gke.14",
              "1.14.8-gke.12",
              "1.14.8-gke.7",
              "1.14.8-gke.2",
              "1.14.7-gke.40",
              "1.14.7-gke.25",
              "1.14.7-gke.23",
              "1.14.7-gke.17",
              "1.14.7-gke.14",
              "1.14.7-gke.10",
              "1.14.6-gke.13",
              "1.14.6-gke.2",
              "1.14.6-gke.1",
              "1.14.3-gke.11",
              "1.14.3-gke.10",
              "1.14.3-gke.9",
              "1.14.2-gke.9",
              "1.14.1-gke.5",
              "1.13.12-gke.30",
              "1.13.12-gke.25",
              "1.13.12-gke.17",
              "1.13.12-gke.16",
              "1.13.12-gke.14",
              "1.13.12-gke.13",
              "1.13.12-gke.10",
              "1.13.12-gke.8",
              "1.13.12-gke.4",
              "1.13.12-gke.2",
              "1.13.11-gke.23",
              "1.13.11-gke.15",
              "1.13.11-gke.14",
              "1.13.11-gke.12",
              "1.13.11-gke.11",
              "1.13.11-gke.9",
              "1.13.11-gke.5",
              "1.13.10-gke.7",
              "1.13.10-gke.0",
              "1.13.9-gke.11",
              "1.13.9-gke.3",
              "1.13.7-gke.24",
              "1.13.7-gke.19",
              "1.13.7-gke.15",
              "1.13.7-gke.8",
              "1.13.7-gke.0",
              "1.13.6-gke.13",
              "1.13.6-gke.6",
              "1.13.6-gke.5",
              "1.13.6-gke.0",
              "1.13.5-gke.10",
              "1.12.10-gke.22",
              "1.12.10-gke.20",
              "1.12.10-gke.19",
              "1.12.10-gke.18",
              "1.12.10-gke.17",
              "1.12.10-gke.15",
              "1.12.10-gke.13",
              "1.12.10-gke.11",
              "1.12.10-gke.5",
              "1.12.9-gke.16",
              "1.12.9-gke.15",
              "1.12.9-gke.13",
              "1.12.9-gke.10",
              "1.12.9-gke.7",
              "1.12.9-gke.3",
              "1.12.8-gke.12",
              "1.12.8-gke.10",
              "1.12.8-gke.7",
              "1.12.8-gke.6",
              "1.12.7-gke.26",
              "1.12.7-gke.25",
              "1.12.7-gke.24",
              "1.12.7-gke.22",
              "1.12.7-gke.21",
              "1.12.7-gke.17",
              "1.12.7-gke.10",
              "1.12.7-gke.7",
              "1.12.6-gke.11",
              "1.12.6-gke.10",
              "1.12.6-gke.7",
              "1.12.5-gke.10",
              "1.12.5-gke.5",
              "1.11.10-gke.6",
              "1.11.10-gke.5",
              "1.11.10-gke.4",
              "1.11.9-gke.13",
              "1.11.9-gke.8",
              "1.11.9-gke.5",
              "1.11.8-gke.10",
              "1.11.8-gke.6",
              "1.11.8-gke.5",
              "1.11.8-gke.4",
              "1.11.7-gke.18",
              "1.11.7-gke.12",
              "1.11.7-gke.6",
              "1.11.7-gke.4",
              "1.11.6-gke.16",
              "1.11.6-gke.11",
              "1.11.6-gke.6",
              "1.11.6-gke.3",
              "1.11.6-gke.2",
              "1.11.6-gke.0",
              "1.11.5-gke.5",
              "1.11.5-gke.4",
              "1.11.4-gke.13",
              "1.11.4-gke.12",
              "1.11.4-gke.8",
              "1.11.3-gke.24",
              "1.11.3-gke.23",
              "1.11.3-gke.18",
              "1.11.2-gke.26",
              "1.11.2-gke.25",
              "1.11.2-gke.20",
              "1.11.2-gke.18",
              "1.11.2-gke.15",
              "1.11.2-gke.9",
              "1.10.12-gke.14",
              "1.10.12-gke.9",
              "1.10.12-gke.7",
              "1.10.12-gke.1",
              "1.10.12-gke.0",
              "1.10.11-gke.1",
              "1.10.9-gke.7",
              "1.10.9-gke.5",
              "1.10.9-gke.3",
              "1.10.9-gke.0",
              "1.10.7-gke.13",
              "1.10.7-gke.11",
              "1.10.7-gke.9",
              "1.10.7-gke.6",
              "1.10.7-gke.2",
              "1.10.7-gke.1",
              "1.10.6-gke.13",
              "1.10.6-gke.11",
              "1.10.6-gke.9",
              "1.10.6-gke.6",
              "1.10.6-gke.4",
              "1.10.6-gke.3",
              "1.10.6-gke.2",
              "1.10.6-gke.1",
              "1.10.5-gke.4",
              "1.10.5-gke.3",
              "1.10.5-gke.2",
              "1.10.5-gke.0",
              "1.10.4-gke.3",
              "1.10.4-gke.2",
              "1.10.4-gke.0",
              "1.10.2-gke.4",
              "1.10.2-gke.3",
              "1.10.2-gke.1",
              "1.9.7-gke.11",
              "1.9.7-gke.7",
              "1.9.7-gke.6",
              "1.9.7-gke.5",
              "1.9.7-gke.4",
              "1.9.7-gke.3",
              "1.9.7-gke.1",
              "1.9.7-gke.0",
              "1.9.6-gke.2",
              "1.9.6-gke.1",
              "1.9.3-gke.0",
              "1.8.12-gke.3",
              "1.8.12-gke.2",
              "1.8.12-gke.1",
              "1.8.12-gke.0",
              "1.8.10-gke.2",
              "1.8.10-gke.0",
              "1.8.9-gke.1",
              "1.8.8-gke.0",
              "1.7.15-gke.0",
              "1.7.12-gke.2",
              "1.6.13-gke.1"
            ],
            "version_prefix": null,
            "zone": null
          }
        }
      ]
    },
    {
      "module": "module.gke_cluster.module.gke_cluster",
      "mode": "data",
      "type": "google_container_engine_versions",
      "name": "location",
      "provider": "provider.google",
      "instances": [
        {
          "schema_version": 0,
          "attributes": {
            "default_cluster_version": "1.14.10-gke.36",
            "id": "2020-05-19 09:43:32.527216 +0000 UTC",
            "latest_master_version": "1.16.8-gke.15",
            "latest_node_version": "1.16.8-gke.15",
            "location": "europe-west2-a",
            "project": "magento2-269418",
            "region": null,
            "valid_master_versions": [
              "1.16.8-gke.15",
              "1.15.11-gke.13",
              "1.15.11-gke.12",
              "1.15.11-gke.11",
              "1.15.11-gke.9",
              "1.15.11-gke.5",
              "1.15.11-gke.3",
              "1.15.9-gke.24",
              "1.14.10-gke.37",
              "1.14.10-gke.36"
            ],
            "valid_node_versions": [
              "1.16.8-gke.15",
              "1.16.8-gke.12",
              "1.16.8-gke.9",
              "1.15.11-gke.13",
              "1.15.11-gke.12",
              "1.15.11-gke.11",
              "1.15.11-gke.9",
              "1.15.11-gke.5",
              "1.15.11-gke.3",
              "1.15.11-gke.1",
              "1.15.9-gke.26",
              "1.15.9-gke.24",
              "1.15.9-gke.22",
              "1.15.9-gke.12",
              "1.15.9-gke.9",
              "1.15.9-gke.8",
              "1.15.8-gke.3",
              "1.15.8-gke.2",
              "1.15.7-gke.23",
              "1.15.7-gke.2",
              "1.15.4-gke.22",
              "1.14.10-gke.37",
              "1.14.10-gke.36",
              "1.14.10-gke.34",
              "1.14.10-gke.32",
              "1.14.10-gke.31",
              "1.14.10-gke.27",
              "1.14.10-gke.24",
              "1.14.10-gke.22",
              "1.14.10-gke.21",
              "1.14.10-gke.17",
              "1.14.10-gke.0",
              "1.14.9-gke.23",
              "1.14.9-gke.2",
              "1.14.9-gke.0",
              "1.14.8-gke.33",
              "1.14.8-gke.21",
              "1.14.8-gke.18",
              "1.14.8-gke.17",
              "1.14.8-gke.14",
              "1.14.8-gke.12",
              "1.14.8-gke.7",
              "1.14.8-gke.2",
              "1.14.7-gke.40",
              "1.14.7-gke.25",
              "1.14.7-gke.23",
              "1.14.7-gke.17",
              "1.14.7-gke.14",
              "1.14.7-gke.10",
              "1.14.6-gke.13",
              "1.14.6-gke.2",
              "1.14.6-gke.1",
              "1.14.3-gke.11",
              "1.14.3-gke.10",
              "1.14.3-gke.9",
              "1.14.2-gke.9",
              "1.14.1-gke.5",
              "1.13.12-gke.30",
              "1.13.12-gke.25",
              "1.13.12-gke.17",
              "1.13.12-gke.16",
              "1.13.12-gke.14",
              "1.13.12-gke.13",
              "1.13.12-gke.10",
              "1.13.12-gke.8",
              "1.13.12-gke.4",
              "1.13.12-gke.2",
              "1.13.11-gke.23",
              "1.13.11-gke.15",
              "1.13.11-gke.14",
              "1.13.11-gke.12",
              "1.13.11-gke.11",
              "1.13.11-gke.9",
              "1.13.11-gke.5",
              "1.13.10-gke.7",
              "1.13.10-gke.0",
              "1.13.9-gke.11",
              "1.13.9-gke.3",
              "1.13.7-gke.24",
              "1.13.7-gke.19",
              "1.13.7-gke.15",
              "1.13.7-gke.8",
              "1.13.7-gke.0",
              "1.13.6-gke.13",
              "1.13.6-gke.6",
              "1.13.6-gke.5",
              "1.13.6-gke.0",
              "1.13.5-gke.10",
              "1.12.10-gke.22",
              "1.12.10-gke.20",
              "1.12.10-gke.19",
              "1.12.10-gke.18",
              "1.12.10-gke.17",
              "1.12.10-gke.15",
              "1.12.10-gke.13",
              "1.12.10-gke.11",
              "1.12.10-gke.5",
              "1.12.9-gke.16",
              "1.12.9-gke.15",
              "1.12.9-gke.13",
              "1.12.9-gke.10",
              "1.12.9-gke.7",
              "1.12.9-gke.3",
              "1.12.8-gke.12",
              "1.12.8-gke.10",
              "1.12.8-gke.7",
              "1.12.8-gke.6",
              "1.12.7-gke.26",
              "1.12.7-gke.25",
              "1.12.7-gke.24",
              "1.12.7-gke.22",
              "1.12.7-gke.21",
              "1.12.7-gke.17",
              "1.12.7-gke.10",
              "1.12.7-gke.7",
              "1.12.6-gke.11",
              "1.12.6-gke.10",
              "1.12.6-gke.7",
              "1.12.5-gke.10",
              "1.12.5-gke.5",
              "1.11.10-gke.6",
              "1.11.10-gke.5",
              "1.11.10-gke.4",
              "1.11.9-gke.13",
              "1.11.9-gke.8",
              "1.11.9-gke.5",
              "1.11.8-gke.10",
              "1.11.8-gke.6",
              "1.11.8-gke.5",
              "1.11.8-gke.4",
              "1.11.7-gke.18",
              "1.11.7-gke.12",
              "1.11.7-gke.6",
              "1.11.7-gke.4",
              "1.11.6-gke.16",
              "1.11.6-gke.11",
              "1.11.6-gke.6",
              "1.11.6-gke.3",
              "1.11.6-gke.2",
              "1.11.6-gke.0",
              "1.11.5-gke.5",
              "1.11.5-gke.4",
              "1.11.4-gke.13",
              "1.11.4-gke.12",
              "1.11.4-gke.8",
              "1.11.3-gke.24",
              "1.11.3-gke.23",
              "1.11.3-gke.18",
              "1.11.2-gke.26",
              "1.11.2-gke.25",
              "1.11.2-gke.20",
              "1.11.2-gke.18",
              "1.11.2-gke.15",
              "1.11.2-gke.9",
              "1.10.12-gke.14",
              "1.10.12-gke.9",
              "1.10.12-gke.7",
              "1.10.12-gke.1",
              "1.10.12-gke.0",
              "1.10.11-gke.1",
              "1.10.9-gke.7",
              "1.10.9-gke.5",
              "1.10.9-gke.3",
              "1.10.9-gke.0",
              "1.10.7-gke.13",
              "1.10.7-gke.11",
              "1.10.7-gke.9",
              "1.10.7-gke.6",
              "1.10.7-gke.2",
              "1.10.7-gke.1",
              "1.10.6-gke.13",
              "1.10.6-gke.11",
              "1.10.6-gke.9",
              "1.10.6-gke.6",
              "1.10.6-gke.4",
              "1.10.6-gke.3",
              "1.10.6-gke.2",
              "1.10.6-gke.1",
              "1.10.5-gke.4",
              "1.10.5-gke.3",
              "1.10.5-gke.2",
              "1.10.5-gke.0",
              "1.10.4-gke.3",
              "1.10.4-gke.2",
              "1.10.4-gke.0",
              "1.10.2-gke.4",
              "1.10.2-gke.3",
              "1.10.2-gke.1",
              "1.9.7-gke.11",
              "1.9.7-gke.7",
              "1.9.7-gke.6",
              "1.9.7-gke.5",
              "1.9.7-gke.4",
              "1.9.7-gke.3",
              "1.9.7-gke.1",
              "1.9.7-gke.0",
              "1.9.6-gke.2",
              "1.9.6-gke.1",
              "1.9.3-gke.0",
              "1.8.12-gke.3",
              "1.8.12-gke.2",
              "1.8.12-gke.1",
              "1.8.12-gke.0",
              "1.8.10-gke.2",
              "1.8.10-gke.0",
              "1.8.9-gke.1",
              "1.8.8-gke.0",
              "1.7.15-gke.0",
              "1.7.12-gke.2",
              "1.6.13-gke.1"
            ],
            "version_prefix": null,
            "zone": null
          }
        }
      ]
    },
    {
      "module": "module.vpc_network.module.gke_cluster",
      "mode": "data",
      "type": "google_container_engine_versions",
      "name": "location",
      "provider": "provider.google",
      "instances": [
        {
          "schema_version": 0,
          "attributes": {
            "default_cluster_version": "1.14.10-gke.36",
            "id": "2020-05-19 09:43:32.533256 +0000 UTC",
            "latest_master_version": "1.16.8-gke.15",
            "latest_node_version": "1.16.8-gke.15",
            "location": "europe-west2-a",
            "project": "magento2-269418",
            "region": null,
            "valid_master_versions": [
              "1.16.8-gke.15",
              "1.15.11-gke.13",
              "1.15.11-gke.12",
              "1.15.11-gke.11",
              "1.15.11-gke.9",
              "1.15.11-gke.5",
              "1.15.11-gke.3",
              "1.15.9-gke.24",
              "1.14.10-gke.37",
              "1.14.10-gke.36"
            ],
            "valid_node_versions": [
              "1.16.8-gke.15",
              "1.16.8-gke.12",
              "1.16.8-gke.9",
              "1.15.11-gke.13",
              "1.15.11-gke.12",
              "1.15.11-gke.11",
              "1.15.11-gke.9",
              "1.15.11-gke.5",
              "1.15.11-gke.3",
              "1.15.11-gke.1",
              "1.15.9-gke.26",
              "1.15.9-gke.24",
              "1.15.9-gke.22",
              "1.15.9-gke.12",
              "1.15.9-gke.9",
              "1.15.9-gke.8",
              "1.15.8-gke.3",
              "1.15.8-gke.2",
              "1.15.7-gke.23",
              "1.15.7-gke.2",
              "1.15.4-gke.22",
              "1.14.10-gke.37",
              "1.14.10-gke.36",
              "1.14.10-gke.34",
              "1.14.10-gke.32",
              "1.14.10-gke.31",
              "1.14.10-gke.27",
              "1.14.10-gke.24",
              "1.14.10-gke.22",
              "1.14.10-gke.21",
              "1.14.10-gke.17",
              "1.14.10-gke.0",
              "1.14.9-gke.23",
              "1.14.9-gke.2",
              "1.14.9-gke.0",
              "1.14.8-gke.33",
              "1.14.8-gke.21",
              "1.14.8-gke.18",
              "1.14.8-gke.17",
              "1.14.8-gke.14",
              "1.14.8-gke.12",
              "1.14.8-gke.7",
              "1.14.8-gke.2",
              "1.14.7-gke.40",
              "1.14.7-gke.25",
              "1.14.7-gke.23",
              "1.14.7-gke.17",
              "1.14.7-gke.14",
              "1.14.7-gke.10",
              "1.14.6-gke.13",
              "1.14.6-gke.2",
              "1.14.6-gke.1",
              "1.14.3-gke.11",
              "1.14.3-gke.10",
              "1.14.3-gke.9",
              "1.14.2-gke.9",
              "1.14.1-gke.5",
              "1.13.12-gke.30",
              "1.13.12-gke.25",
              "1.13.12-gke.17",
              "1.13.12-gke.16",
              "1.13.12-gke.14",
              "1.13.12-gke.13",
              "1.13.12-gke.10",
              "1.13.12-gke.8",
              "1.13.12-gke.4",
              "1.13.12-gke.2",
              "1.13.11-gke.23",
              "1.13.11-gke.15",
              "1.13.11-gke.14",
              "1.13.11-gke.12",
              "1.13.11-gke.11",
              "1.13.11-gke.9",
              "1.13.11-gke.5",
              "1.13.10-gke.7",
              "1.13.10-gke.0",
              "1.13.9-gke.11",
              "1.13.9-gke.3",
              "1.13.7-gke.24",
              "1.13.7-gke.19",
              "1.13.7-gke.15",
              "1.13.7-gke.8",
              "1.13.7-gke.0",
              "1.13.6-gke.13",
              "1.13.6-gke.6",
              "1.13.6-gke.5",
              "1.13.6-gke.0",
              "1.13.5-gke.10",
              "1.12.10-gke.22",
              "1.12.10-gke.20",
              "1.12.10-gke.19",
              "1.12.10-gke.18",
              "1.12.10-gke.17",
              "1.12.10-gke.15",
              "1.12.10-gke.13",
              "1.12.10-gke.11",
              "1.12.10-gke.5",
              "1.12.9-gke.16",
              "1.12.9-gke.15",
              "1.12.9-gke.13",
              "1.12.9-gke.10",
              "1.12.9-gke.7",
              "1.12.9-gke.3",
              "1.12.8-gke.12",
              "1.12.8-gke.10",
              "1.12.8-gke.7",
              "1.12.8-gke.6",
              "1.12.7-gke.26",
              "1.12.7-gke.25",
              "1.12.7-gke.24",
              "1.12.7-gke.22",
              "1.12.7-gke.21",
              "1.12.7-gke.17",
              "1.12.7-gke.10",
              "1.12.7-gke.7",
              "1.12.6-gke.11",
              "1.12.6-gke.10",
              "1.12.6-gke.7",
              "1.12.5-gke.10",
              "1.12.5-gke.5",
              "1.11.10-gke.6",
              "1.11.10-gke.5",
              "1.11.10-gke.4",
              "1.11.9-gke.13",
              "1.11.9-gke.8",
              "1.11.9-gke.5",
              "1.11.8-gke.10",
              "1.11.8-gke.6",
              "1.11.8-gke.5",
              "1.11.8-gke.4",
              "1.11.7-gke.18",
              "1.11.7-gke.12",
              "1.11.7-gke.6",
              "1.11.7-gke.4",
              "1.11.6-gke.16",
              "1.11.6-gke.11",
              "1.11.6-gke.6",
              "1.11.6-gke.3",
              "1.11.6-gke.2",
              "1.11.6-gke.0",
              "1.11.5-gke.5",
              "1.11.5-gke.4",
              "1.11.4-gke.13",
              "1.11.4-gke.12",
              "1.11.4-gke.8",
              "1.11.3-gke.24",
              "1.11.3-gke.23",
              "1.11.3-gke.18",
              "1.11.2-gke.26",
              "1.11.2-gke.25",
              "1.11.2-gke.20",
              "1.11.2-gke.18",
              "1.11.2-gke.15",
              "1.11.2-gke.9",
              "1.10.12-gke.14",
              "1.10.12-gke.9",
              "1.10.12-gke.7",
              "1.10.12-gke.1",
              "1.10.12-gke.0",
              "1.10.11-gke.1",
              "1.10.9-gke.7",
              "1.10.9-gke.5",
              "1.10.9-gke.3",
              "1.10.9-gke.0",
              "1.10.7-gke.13",
              "1.10.7-gke.11",
              "1.10.7-gke.9",
              "1.10.7-gke.6",
              "1.10.7-gke.2",
              "1.10.7-gke.1",
              "1.10.6-gke.13",
              "1.10.6-gke.11",
              "1.10.6-gke.9",
              "1.10.6-gke.6",
              "1.10.6-gke.4",
              "1.10.6-gke.3",
              "1.10.6-gke.2",
              "1.10.6-gke.1",
              "1.10.5-gke.4",
              "1.10.5-gke.3",
              "1.10.5-gke.2",
              "1.10.5-gke.0",
              "1.10.4-gke.3",
              "1.10.4-gke.2",
              "1.10.4-gke.0",
              "1.10.2-gke.4",
              "1.10.2-gke.3",
              "1.10.2-gke.1",
              "1.9.7-gke.11",
              "1.9.7-gke.7",
              "1.9.7-gke.6",
              "1.9.7-gke.5",
              "1.9.7-gke.4",
              "1.9.7-gke.3",
              "1.9.7-gke.1",
              "1.9.7-gke.0",
              "1.9.6-gke.2",
              "1.9.6-gke.1",
              "1.9.3-gke.0",
              "1.8.12-gke.3",
              "1.8.12-gke.2",
              "1.8.12-gke.1",
              "1.8.12-gke.0",
              "1.8.10-gke.2",
              "1.8.10-gke.0",
              "1.8.9-gke.1",
              "1.8.8-gke.0",
              "1.7.15-gke.0",
              "1.7.12-gke.2",
              "1.6.13-gke.1"
            ],
            "version_prefix": null,
            "zone": null
          }
        }
      ]
    },
    {
      "mode": "managed",
      "type": "google_compute_disk",
      "name": "default",
      "provider": "provider.google",
      "instances": [
        {
          "schema_version": 0,
          "attributes": {
            "creation_timestamp": "2020-05-19T02:46:14.500-07:00",
            "description": "To hold Magento peristent data i.e. media assets and logs",
            "disk_encryption_key": [],
            "disk_encryption_key_raw": null,
            "disk_encryption_key_sha256": null,
            "id": "nfs-disk",
            "image": "",
            "label_fingerprint": "zstb8mAw_98=",
            "labels": {
              "environment": "prod"
            },
            "last_attach_timestamp": "",
            "last_detach_timestamp": "",
            "name": "nfs-disk",
            "physical_block_size_bytes": 4096,
            "project": "magento2-269418",
            "self_link": "https://www.googleapis.com/compute/v1/projects/magento2-269418/zones/europe-west2-a/disks/nfs-disk",
            "size": 10,
            "snapshot": "",
            "source_image_encryption_key": [],
            "source_image_id": "",
            "source_snapshot_encryption_key": [],
            "source_snapshot_id": "",
            "timeouts": null,
            "type": "pd-ssd",
            "users": [],
            "zone": "europe-west2-a"
          },
          "private": "eyJlMmJmYjczMC1lY2FhLTExZTYtOGY4OC0zNDM2M2JjN2M0YzAiOnsiY3JlYXRlIjozMDAwMDAwMDAwMDAsImRlbGV0ZSI6MjQwMDAwMDAwMDAwLCJ1cGRhdGUiOjI0MDAwMDAwMDAwMH19"
        }
      ]
    },
    {
      "module": "module.gke_service_account.module.vpc_network.module.network_firewall",
      "mode": "managed",
      "type": "google_compute_firewall",
      "name": "private_allow_all_network_inbound",
      "provider": "provider.google",
      "instances": [
        {
          "schema_version": 1,
          "attributes": {
            "allow": [
              {
                "ports": [],
                "protocol": "all"
              }
            ],
            "creation_timestamp": "2020-05-19T02:47:08.565-07:00",
            "deny": [],
            "description": "",
            "destination_ranges": [],
            "direction": "INGRESS",
            "disabled": false,
            "id": "magento-private-cluster-network-jpor-private-allow-ingress",
            "name": "magento-private-cluster-network-jpor-private-allow-ingress",
            "network": "https://www.googleapis.com/compute/v1/projects/magento2-269418/global/networks/magento-private-cluster-network-jpor-network",
            "priority": 1000,
            "project": "magento2-269418",
            "self_link": "https://www.googleapis.com/compute/v1/projects/magento2-269418/global/firewalls/magento-private-cluster-network-jpor-private-allow-ingress",
            "source_ranges": [
              "10.3.0.0/20",
              "10.3.16.0/20",
              "10.4.0.0/20",
              "10.4.16.0/20"
            ],
            "source_service_accounts": null,
            "source_tags": null,
            "target_service_accounts": null,
            "target_tags": [
              "private"
            ],
            "timeouts": null
          },
          "private": "eyJlMmJmYjczMC1lY2FhLTExZTYtOGY4OC0zNDM2M2JjN2M0YzAiOnsiY3JlYXRlIjoyNDAwMDAwMDAwMDAsImRlbGV0ZSI6MjQwMDAwMDAwMDAwLCJ1cGRhdGUiOjI0MDAwMDAwMDAwMH0sInNjaGVtYV92ZXJzaW9uIjoiMSJ9",
          "dependencies": [
            "module.gke_service_account.module.vpc_network.google_compute_network.vpc",
            "module.gke_service_account.module.vpc_network.google_compute_subnetwork.vpc_subnetwork_private",
            "module.gke_service_account.module.vpc_network.google_compute_subnetwork.vpc_subnetwork_public",
            "module.gke_service_account.random_string.suffix"
          ]
        }
      ]
    },
    {
      "module": "module.gke_cluster.module.vpc_network.module.network_firewall",
      "mode": "managed",
      "type": "google_compute_firewall",
      "name": "private_allow_all_network_inbound",
      "provider": "provider.google",
      "instances": [
        {
          "schema_version": 1,
          "attributes": {
            "allow": [
              {
                "ports": [],
                "protocol": "all"
              }
            ],
            "creation_timestamp": "2020-05-19T02:47:08.685-07:00",
            "deny": [],
            "description": "",
            "destination_ranges": [],
            "direction": "INGRESS",
            "disabled": false,
            "id": "magento-private-cluster-network-qmng-private-allow-ingress",
            "name": "magento-private-cluster-network-qmng-private-allow-ingress",
            "network": "https://www.googleapis.com/compute/v1/projects/magento2-269418/global/networks/magento-private-cluster-network-qmng-network",
            "priority": 1000,
            "project": "magento2-269418",
            "self_link": "https://www.googleapis.com/compute/v1/projects/magento2-269418/global/firewalls/magento-private-cluster-network-qmng-private-allow-ingress",
            "source_ranges": [
              "10.3.0.0/20",
              "10.3.16.0/20",
              "10.4.0.0/20",
              "10.4.16.0/20"
            ],
            "source_service_accounts": null,
            "source_tags": null,
            "target_service_accounts": null,
            "target_tags": [
              "private"
            ],
            "timeouts": null
          },
          "private": "eyJlMmJmYjczMC1lY2FhLTExZTYtOGY4OC0zNDM2M2JjN2M0YzAiOnsiY3JlYXRlIjoyNDAwMDAwMDAwMDAsImRlbGV0ZSI6MjQwMDAwMDAwMDAwLCJ1cGRhdGUiOjI0MDAwMDAwMDAwMH0sInNjaGVtYV92ZXJzaW9uIjoiMSJ9",
          "dependencies": [
            "module.gke_cluster.module.vpc_network.google_compute_network.vpc",
            "module.gke_cluster.module.vpc_network.google_compute_subnetwork.vpc_subnetwork_private",
            "module.gke_cluster.module.vpc_network.google_compute_subnetwork.vpc_subnetwork_public",
            "module.gke_cluster.random_string.suffix"
          ]
        }
      ]
    },
    {
      "module": "module.vpc_network.module.vpc_network.module.network_firewall",
      "mode": "managed",
      "type": "google_compute_firewall",
      "name": "private_allow_all_network_inbound",
      "provider": "provider.google",
      "instances": [
        {
          "schema_version": 1,
          "attributes": {
            "allow": [
              {
                "ports": [],
                "protocol": "all"
              }
            ],
            "creation_timestamp": "2020-05-19T02:47:12.758-07:00",
            "deny": [],
            "description": "",
            "destination_ranges": [],
            "direction": "INGRESS",
            "disabled": false,
            "id": "magento-private-cluster-network-hnmj-private-allow-ingress",
            "name": "magento-private-cluster-network-hnmj-private-allow-ingress",
            "network": "https://www.googleapis.com/compute/v1/projects/magento2-269418/global/networks/magento-private-cluster-network-hnmj-network",
            "priority": 1000,
            "project": "magento2-269418",
            "self_link": "https://www.googleapis.com/compute/v1/projects/magento2-269418/global/firewalls/magento-private-cluster-network-hnmj-private-allow-ingress",
            "source_ranges": [
              "10.3.0.0/20",
              "10.3.16.0/20",
              "10.4.0.0/20",
              "10.4.16.0/20"
            ],
            "source_service_accounts": null,
            "source_tags": null,
            "target_service_accounts": null,
            "target_tags": [
              "private"
            ],
            "timeouts": null
          },
          "private": "eyJlMmJmYjczMC1lY2FhLTExZTYtOGY4OC0zNDM2M2JjN2M0YzAiOnsiY3JlYXRlIjoyNDAwMDAwMDAwMDAsImRlbGV0ZSI6MjQwMDAwMDAwMDAwLCJ1cGRhdGUiOjI0MDAwMDAwMDAwMH0sInNjaGVtYV92ZXJzaW9uIjoiMSJ9",
          "dependencies": [
            "module.vpc_network.module.vpc_network.google_compute_network.vpc",
            "module.vpc_network.module.vpc_network.google_compute_subnetwork.vpc_subnetwork_private",
            "module.vpc_network.module.vpc_network.google_compute_subnetwork.vpc_subnetwork_public",
            "module.vpc_network.random_string.suffix"
          ]
        }
      ]
    },
    {
      "module": "module.gke_service_account.module.vpc_network.module.network_firewall",
      "mode": "managed",
      "type": "google_compute_firewall",
      "name": "private_allow_restricted_network_inbound",
      "provider": "provider.google",
      "instances": [
        {
          "schema_version": 1,
          "attributes": {
            "allow": [
              {
                "ports": [],
                "protocol": "all"
              }
            ],
            "creation_timestamp": "2020-05-19T02:46:30.835-07:00",
            "deny": [],
            "description": "",
            "destination_ranges": [],
            "direction": "INGRESS",
            "disabled": false,
            "id": "magento-private-cluster-network-jpor-allow-restricted-inbound",
            "name": "magento-private-cluster-network-jpor-allow-restricted-inbound",
            "network": "https://www.googleapis.com/compute/v1/projects/magento2-269418/global/networks/magento-private-cluster-network-jpor-network",
            "priority": 1000,
            "project": "magento2-269418",
            "self_link": "https://www.googleapis.com/compute/v1/projects/magento2-269418/global/firewalls/magento-private-cluster-network-jpor-allow-restricted-inbound",
            "source_ranges": [],
            "source_service_accounts": null,
            "source_tags": [
              "private",
              "private-persistence"
            ],
            "target_service_accounts": null,
            "target_tags": [
              "private-persistence"
            ],
            "timeouts": null
          },
          "private": "eyJlMmJmYjczMC1lY2FhLTExZTYtOGY4OC0zNDM2M2JjN2M0YzAiOnsiY3JlYXRlIjoyNDAwMDAwMDAwMDAsImRlbGV0ZSI6MjQwMDAwMDAwMDAwLCJ1cGRhdGUiOjI0MDAwMDAwMDAwMH0sInNjaGVtYV92ZXJzaW9uIjoiMSJ9",
          "dependencies": [
            "module.gke_service_account.module.vpc_network.google_compute_network.vpc",
            "module.gke_service_account.random_string.suffix"
          ]
        }
      ]
    },
    {
      "module": "module.gke_cluster.module.vpc_network.module.network_firewall",
      "mode": "managed",
      "type": "google_compute_firewall",
      "name": "private_allow_restricted_network_inbound",
      "provider": "provider.google",
      "instances": [
        {
          "schema_version": 1,
          "attributes": {
            "allow": [
              {
                "ports": [],
                "protocol": "all"
              }
            ],
            "creation_timestamp": "2020-05-19T02:46:37.152-07:00",
            "deny": [],
            "description": "",
            "destination_ranges": [],
            "direction": "INGRESS",
            "disabled": false,
            "id": "magento-private-cluster-network-qmng-allow-restricted-inbound",
            "name": "magento-private-cluster-network-qmng-allow-restricted-inbound",
            "network": "https://www.googleapis.com/compute/v1/projects/magento2-269418/global/networks/magento-private-cluster-network-qmng-network",
            "priority": 1000,
            "project": "magento2-269418",
            "self_link": "https://www.googleapis.com/compute/v1/projects/magento2-269418/global/firewalls/magento-private-cluster-network-qmng-allow-restricted-inbound",
            "source_ranges": [],
            "source_service_accounts": null,
            "source_tags": [
              "private",
              "private-persistence"
            ],
            "target_service_accounts": null,
            "target_tags": [
              "private-persistence"
            ],
            "timeouts": null
          },
          "private": "eyJlMmJmYjczMC1lY2FhLTExZTYtOGY4OC0zNDM2M2JjN2M0YzAiOnsiY3JlYXRlIjoyNDAwMDAwMDAwMDAsImRlbGV0ZSI6MjQwMDAwMDAwMDAwLCJ1cGRhdGUiOjI0MDAwMDAwMDAwMH0sInNjaGVtYV92ZXJzaW9uIjoiMSJ9",
          "dependencies": [
            "module.gke_cluster.module.vpc_network.google_compute_network.vpc",
            "module.gke_cluster.random_string.suffix"
          ]
        }
      ]
    },
    {
      "module": "module.vpc_network.module.vpc_network.module.network_firewall",
      "mode": "managed",
      "type": "google_compute_firewall",
      "name": "private_allow_restricted_network_inbound",
      "provider": "provider.google",
      "instances": [
        {
          "schema_version": 1,
          "attributes": {
            "allow": [
              {
                "ports": [],
                "protocol": "all"
              }
            ],
            "creation_timestamp": "2020-05-19T02:46:38.669-07:00",
            "deny": [],
            "description": "",
            "destination_ranges": [],
            "direction": "INGRESS",
            "disabled": false,
            "id": "magento-private-cluster-network-hnmj-allow-restricted-inbound",
            "name": "magento-private-cluster-network-hnmj-allow-restricted-inbound",
            "network": "https://www.googleapis.com/compute/v1/projects/magento2-269418/global/networks/magento-private-cluster-network-hnmj-network",
            "priority": 1000,
            "project": "magento2-269418",
            "self_link": "https://www.googleapis.com/compute/v1/projects/magento2-269418/global/firewalls/magento-private-cluster-network-hnmj-allow-restricted-inbound",
            "source_ranges": [],
            "source_service_accounts": null,
            "source_tags": [
              "private",
              "private-persistence"
            ],
            "target_service_accounts": null,
            "target_tags": [
              "private-persistence"
            ],
            "timeouts": null
          },
          "private": "eyJlMmJmYjczMC1lY2FhLTExZTYtOGY4OC0zNDM2M2JjN2M0YzAiOnsiY3JlYXRlIjoyNDAwMDAwMDAwMDAsImRlbGV0ZSI6MjQwMDAwMDAwMDAwLCJ1cGRhdGUiOjI0MDAwMDAwMDAwMH0sInNjaGVtYV92ZXJzaW9uIjoiMSJ9",
          "dependencies": [
            "module.vpc_network.module.vpc_network.google_compute_network.vpc",
            "module.vpc_network.random_string.suffix"
          ]
        }
      ]
    },
    {
      "module": "module.gke_service_account.module.vpc_network.module.network_firewall",
      "mode": "managed",
      "type": "google_compute_firewall",
      "name": "public_allow_all_inbound",
      "provider": "provider.google",
      "instances": [
        {
          "schema_version": 1,
          "attributes": {
            "allow": [
              {
                "ports": [],
                "protocol": "all"
              }
            ],
            "creation_timestamp": "2020-05-19T02:46:30.860-07:00",
            "deny": [],
            "description": "",
            "destination_ranges": [],
            "direction": "INGRESS",
            "disabled": false,
            "id": "magento-private-cluster-network-jpor-public-allow-ingress",
            "name": "magento-private-cluster-network-jpor-public-allow-ingress",
            "network": "https://www.googleapis.com/compute/v1/projects/magento2-269418/global/networks/magento-private-cluster-network-jpor-network",
            "priority": 1000,
            "project": "magento2-269418",
            "self_link": "https://www.googleapis.com/compute/v1/projects/magento2-269418/global/firewalls/magento-private-cluster-network-jpor-public-allow-ingress",
            "source_ranges": [
              "0.0.0.0/0"
            ],
            "source_service_accounts": null,
            "source_tags": null,
            "target_service_accounts": null,
            "target_tags": [
              "public"
            ],
            "timeouts": null
          },
          "private": "eyJlMmJmYjczMC1lY2FhLTExZTYtOGY4OC0zNDM2M2JjN2M0YzAiOnsiY3JlYXRlIjoyNDAwMDAwMDAwMDAsImRlbGV0ZSI6MjQwMDAwMDAwMDAwLCJ1cGRhdGUiOjI0MDAwMDAwMDAwMH0sInNjaGVtYV92ZXJzaW9uIjoiMSJ9",
          "dependencies": [
            "module.gke_service_account.module.vpc_network.google_compute_network.vpc",
            "module.gke_service_account.random_string.suffix"
          ]
        }
      ]
    },
    {
      "module": "module.gke_cluster.module.vpc_network.module.network_firewall",
      "mode": "managed",
      "type": "google_compute_firewall",
      "name": "public_allow_all_inbound",
      "provider": "provider.google",
      "instances": [
        {
          "schema_version": 1,
          "attributes": {
            "allow": [
              {
                "ports": [],
                "protocol": "all"
              }
            ],
            "creation_timestamp": "2020-05-19T02:46:36.279-07:00",
            "deny": [],
            "description": "",
            "destination_ranges": [],
            "direction": "INGRESS",
            "disabled": false,
            "id": "magento-private-cluster-network-qmng-public-allow-ingress",
            "name": "magento-private-cluster-network-qmng-public-allow-ingress",
            "network": "https://www.googleapis.com/compute/v1/projects/magento2-269418/global/networks/magento-private-cluster-network-qmng-network",
            "priority": 1000,
            "project": "magento2-269418",
            "self_link": "https://www.googleapis.com/compute/v1/projects/magento2-269418/global/firewalls/magento-private-cluster-network-qmng-public-allow-ingress",
            "source_ranges": [
              "0.0.0.0/0"
            ],
            "source_service_accounts": null,
            "source_tags": null,
            "target_service_accounts": null,
            "target_tags": [
              "public"
            ],
            "timeouts": null
          },
          "private": "eyJlMmJmYjczMC1lY2FhLTExZTYtOGY4OC0zNDM2M2JjN2M0YzAiOnsiY3JlYXRlIjoyNDAwMDAwMDAwMDAsImRlbGV0ZSI6MjQwMDAwMDAwMDAwLCJ1cGRhdGUiOjI0MDAwMDAwMDAwMH0sInNjaGVtYV92ZXJzaW9uIjoiMSJ9",
          "dependencies": [
            "module.gke_cluster.module.vpc_network.google_compute_network.vpc",
            "module.gke_cluster.random_string.suffix"
          ]
        }
      ]
    },
    {
      "module": "module.vpc_network.module.vpc_network.module.network_firewall",
      "mode": "managed",
      "type": "google_compute_firewall",
      "name": "public_allow_all_inbound",
      "provider": "provider.google",
      "instances": [
        {
          "schema_version": 1,
          "attributes": {
            "allow": [
              {
                "ports": [],
                "protocol": "all"
              }
            ],
            "creation_timestamp": "2020-05-19T02:46:39.015-07:00",
            "deny": [],
            "description": "",
            "destination_ranges": [],
            "direction": "INGRESS",
            "disabled": false,
            "id": "magento-private-cluster-network-hnmj-public-allow-ingress",
            "name": "magento-private-cluster-network-hnmj-public-allow-ingress",
            "network": "https://www.googleapis.com/compute/v1/projects/magento2-269418/global/networks/magento-private-cluster-network-hnmj-network",
            "priority": 1000,
            "project": "magento2-269418",
            "self_link": "https://www.googleapis.com/compute/v1/projects/magento2-269418/global/firewalls/magento-private-cluster-network-hnmj-public-allow-ingress",
            "source_ranges": [
              "0.0.0.0/0"
            ],
            "source_service_accounts": null,
            "source_tags": null,
            "target_service_accounts": null,
            "target_tags": [
              "public"
            ],
            "timeouts": null
          },
          "private": "eyJlMmJmYjczMC1lY2FhLTExZTYtOGY4OC0zNDM2M2JjN2M0YzAiOnsiY3JlYXRlIjoyNDAwMDAwMDAwMDAsImRlbGV0ZSI6MjQwMDAwMDAwMDAwLCJ1cGRhdGUiOjI0MDAwMDAwMDAwMH0sInNjaGVtYV92ZXJzaW9uIjoiMSJ9",
          "dependencies": [
            "module.vpc_network.module.vpc_network.google_compute_network.vpc",
            "module.vpc_network.random_string.suffix"
          ]
        }
      ]
    },
    {
      "module": "module.vpc_network.module.vpc_network",
      "mode": "managed",
      "type": "google_compute_network",
      "name": "vpc",
      "provider": "provider.google",
      "instances": [
        {
          "schema_version": 0,
          "attributes": {
            "auto_create_subnetworks": false,
            "delete_default_routes_on_create": false,
            "description": "",
            "gateway_ipv4": "",
            "id": "magento-private-cluster-network-hnmj-network",
            "ipv4_range": "",
            "name": "magento-private-cluster-network-hnmj-network",
            "project": "magento2-269418",
            "routing_mode": "REGIONAL",
            "self_link": "https://www.googleapis.com/compute/v1/projects/magento2-269418/global/networks/magento-private-cluster-network-hnmj-network",
            "timeouts": null
          },
          "private": "eyJlMmJmYjczMC1lY2FhLTExZTYtOGY4OC0zNDM2M2JjN2M0YzAiOnsiY3JlYXRlIjoyNDAwMDAwMDAwMDAsImRlbGV0ZSI6MjQwMDAwMDAwMDAwLCJ1cGRhdGUiOjI0MDAwMDAwMDAwMH19",
          "dependencies": [
            "module.vpc_network.random_string.suffix"
          ]
        }
      ]
    },
    {
      "module": "module.gke_cluster.module.vpc_network",
      "mode": "managed",
      "type": "google_compute_network",
      "name": "vpc",
      "provider": "provider.google",
      "instances": [
        {
          "schema_version": 0,
          "attributes": {
            "auto_create_subnetworks": false,
            "delete_default_routes_on_create": false,
            "description": "",
            "gateway_ipv4": "",
            "id": "magento-private-cluster-network-qmng-network",
            "ipv4_range": "",
            "name": "magento-private-cluster-network-qmng-network",
            "project": "magento2-269418",
            "routing_mode": "REGIONAL",
            "self_link": "https://www.googleapis.com/compute/v1/projects/magento2-269418/global/networks/magento-private-cluster-network-qmng-network",
            "timeouts": null
          },
          "private": "eyJlMmJmYjczMC1lY2FhLTExZTYtOGY4OC0zNDM2M2JjN2M0YzAiOnsiY3JlYXRlIjoyNDAwMDAwMDAwMDAsImRlbGV0ZSI6MjQwMDAwMDAwMDAwLCJ1cGRhdGUiOjI0MDAwMDAwMDAwMH19",
          "dependencies": [
            "module.gke_cluster.random_string.suffix"
          ]
        }
      ]
    },
    {
      "module": "module.gke_service_account.module.vpc_network",
      "mode": "managed",
      "type": "google_compute_network",
      "name": "vpc",
      "provider": "provider.google",
      "instances": [
        {
          "schema_version": 0,
          "attributes": {
            "auto_create_subnetworks": false,
            "delete_default_routes_on_create": false,
            "description": "",
            "gateway_ipv4": "",
            "id": "magento-private-cluster-network-jpor-network",
            "ipv4_range": "",
            "name": "magento-private-cluster-network-jpor-network",
            "project": "magento2-269418",
            "routing_mode": "REGIONAL",
            "self_link": "https://www.googleapis.com/compute/v1/projects/magento2-269418/global/networks/magento-private-cluster-network-jpor-network",
            "timeouts": null
          },
          "private": "eyJlMmJmYjczMC1lY2FhLTExZTYtOGY4OC0zNDM2M2JjN2M0YzAiOnsiY3JlYXRlIjoyNDAwMDAwMDAwMDAsImRlbGV0ZSI6MjQwMDAwMDAwMDAwLCJ1cGRhdGUiOjI0MDAwMDAwMDAwMH19",
          "dependencies": [
            "module.gke_service_account.random_string.suffix"
          ]
        }
      ]
    },
    {
      "module": "module.vpc_network.module.vpc_network",
      "mode": "managed",
      "type": "google_compute_router",
      "name": "vpc_router",
      "provider": "provider.google",
      "instances": [
        {
          "schema_version": 0,
          "attributes": {
            "bgp": [],
            "creation_timestamp": "2020-05-19T02:46:33.396-07:00",
            "description": "",
            "id": "europe-west2/magento-private-cluster-network-hnmj-router",
            "name": "magento-private-cluster-network-hnmj-router",
            "network": "https://www.googleapis.com/compute/v1/projects/magento2-269418/global/networks/magento-private-cluster-network-hnmj-network",
            "project": "magento2-269418",
            "region": "europe-west2",
            "self_link": "https://www.googleapis.com/compute/v1/projects/magento2-269418/regions/europe-west2/routers/magento-private-cluster-network-hnmj-router",
            "timeouts": null
          },
          "private": "eyJlMmJmYjczMC1lY2FhLTExZTYtOGY4OC0zNDM2M2JjN2M0YzAiOnsiY3JlYXRlIjoyNDAwMDAwMDAwMDAsImRlbGV0ZSI6MjQwMDAwMDAwMDAwLCJ1cGRhdGUiOjI0MDAwMDAwMDAwMH19",
          "dependencies": [
            "module.vpc_network.module.vpc_network.google_compute_network.vpc",
            "module.vpc_network.random_string.suffix"
          ]
        }
      ]
    },
    {
      "module": "module.gke_cluster.module.vpc_network",
      "mode": "managed",
      "type": "google_compute_router",
      "name": "vpc_router",
      "provider": "provider.google",
      "instances": [
        {
          "schema_version": 0,
          "attributes": {
            "bgp": [],
            "creation_timestamp": "2020-05-19T02:46:32.398-07:00",
            "description": "",
            "id": "europe-west2/magento-private-cluster-network-qmng-router",
            "name": "magento-private-cluster-network-qmng-router",
            "network": "https://www.googleapis.com/compute/v1/projects/magento2-269418/global/networks/magento-private-cluster-network-qmng-network",
            "project": "magento2-269418",
            "region": "europe-west2",
            "self_link": "https://www.googleapis.com/compute/v1/projects/magento2-269418/regions/europe-west2/routers/magento-private-cluster-network-qmng-router",
            "timeouts": null
          },
          "private": "eyJlMmJmYjczMC1lY2FhLTExZTYtOGY4OC0zNDM2M2JjN2M0YzAiOnsiY3JlYXRlIjoyNDAwMDAwMDAwMDAsImRlbGV0ZSI6MjQwMDAwMDAwMDAwLCJ1cGRhdGUiOjI0MDAwMDAwMDAwMH19",
          "dependencies": [
            "module.gke_cluster.module.vpc_network.google_compute_network.vpc",
            "module.gke_cluster.random_string.suffix"
          ]
        }
      ]
    },
    {
      "module": "module.gke_service_account.module.vpc_network",
      "mode": "managed",
      "type": "google_compute_router",
      "name": "vpc_router",
      "provider": "provider.google",
      "instances": [
        {
          "schema_version": 0,
          "attributes": {
            "bgp": [],
            "creation_timestamp": "2020-05-19T02:46:30.967-07:00",
            "description": "",
            "id": "europe-west2/magento-private-cluster-network-jpor-router",
            "name": "magento-private-cluster-network-jpor-router",
            "network": "https://www.googleapis.com/compute/v1/projects/magento2-269418/global/networks/magento-private-cluster-network-jpor-network",
            "project": "magento2-269418",
            "region": "europe-west2",
            "self_link": "https://www.googleapis.com/compute/v1/projects/magento2-269418/regions/europe-west2/routers/magento-private-cluster-network-jpor-router",
            "timeouts": null
          },
          "private": "eyJlMmJmYjczMC1lY2FhLTExZTYtOGY4OC0zNDM2M2JjN2M0YzAiOnsiY3JlYXRlIjoyNDAwMDAwMDAwMDAsImRlbGV0ZSI6MjQwMDAwMDAwMDAwLCJ1cGRhdGUiOjI0MDAwMDAwMDAwMH19",
          "dependencies": [
            "module.gke_service_account.module.vpc_network.google_compute_network.vpc",
            "module.gke_service_account.random_string.suffix"
          ]
        }
      ]
    },
    {
      "module": "module.vpc_network.module.vpc_network",
      "mode": "managed",
      "type": "google_compute_router_nat",
      "name": "vpc_nat",
      "provider": "provider.google",
      "instances": [
        {
          "schema_version": 0,
          "attributes": {
            "icmp_idle_timeout_sec": 30,
            "id": "magento2-269418/europe-west2/magento-private-cluster-network-hnmj-router/magento-private-cluster-network-hnmj-nat",
            "log_config": [],
            "min_ports_per_vm": 0,
            "name": "magento-private-cluster-network-hnmj-nat",
            "nat_ip_allocate_option": "AUTO_ONLY",
            "nat_ips": null,
            "project": "magento2-269418",
            "region": "europe-west2",
            "router": "magento-private-cluster-network-hnmj-router",
            "source_subnetwork_ip_ranges_to_nat": "LIST_OF_SUBNETWORKS",
            "subnetwork": [
              {
                "name": "https://www.googleapis.com/compute/v1/projects/magento2-269418/regions/europe-west2/subnetworks/magento-private-cluster-network-hnmj-subnetwork-public",
                "secondary_ip_range_names": [],
                "source_ip_ranges_to_nat": [
                  "ALL_IP_RANGES"
                ]
              }
            ],
            "tcp_established_idle_timeout_sec": 1200,
            "tcp_transitory_idle_timeout_sec": 30,
            "timeouts": null,
            "udp_idle_timeout_sec": 30
          },
          "private": "eyJlMmJmYjczMC1lY2FhLTExZTYtOGY4OC0zNDM2M2JjN2M0YzAiOnsiY3JlYXRlIjo2MDAwMDAwMDAwMDAsImRlbGV0ZSI6NjAwMDAwMDAwMDAwLCJ1cGRhdGUiOjYwMDAwMDAwMDAwMH19",
          "dependencies": [
            "module.vpc_network.module.vpc_network.google_compute_network.vpc",
            "module.vpc_network.module.vpc_network.google_compute_router.vpc_router",
            "module.vpc_network.module.vpc_network.google_compute_subnetwork.vpc_subnetwork_public",
            "module.vpc_network.random_string.suffix"
          ]
        }
      ]
    },
    {
      "module": "module.gke_cluster.module.vpc_network",
      "mode": "managed",
      "type": "google_compute_router_nat",
      "name": "vpc_nat",
      "provider": "provider.google",
      "instances": [
        {
          "schema_version": 0,
          "attributes": {
            "icmp_idle_timeout_sec": 30,
            "id": "magento2-269418/europe-west2/magento-private-cluster-network-qmng-router/magento-private-cluster-network-qmng-nat",
            "log_config": [],
            "min_ports_per_vm": 0,
            "name": "magento-private-cluster-network-qmng-nat",
            "nat_ip_allocate_option": "AUTO_ONLY",
            "nat_ips": null,
            "project": "magento2-269418",
            "region": "europe-west2",
            "router": "magento-private-cluster-network-qmng-router",
            "source_subnetwork_ip_ranges_to_nat": "LIST_OF_SUBNETWORKS",
            "subnetwork": [
              {
                "name": "https://www.googleapis.com/compute/v1/projects/magento2-269418/regions/europe-west2/subnetworks/magento-private-cluster-network-qmng-subnetwork-public",
                "secondary_ip_range_names": [],
                "source_ip_ranges_to_nat": [
                  "ALL_IP_RANGES"
                ]
              }
            ],
            "tcp_established_idle_timeout_sec": 1200,
            "tcp_transitory_idle_timeout_sec": 30,
            "timeouts": null,
            "udp_idle_timeout_sec": 30
          },
          "private": "eyJlMmJmYjczMC1lY2FhLTExZTYtOGY4OC0zNDM2M2JjN2M0YzAiOnsiY3JlYXRlIjo2MDAwMDAwMDAwMDAsImRlbGV0ZSI6NjAwMDAwMDAwMDAwLCJ1cGRhdGUiOjYwMDAwMDAwMDAwMH19",
          "dependencies": [
            "module.gke_cluster.module.vpc_network.google_compute_network.vpc",
            "module.gke_cluster.module.vpc_network.google_compute_router.vpc_router",
            "module.gke_cluster.module.vpc_network.google_compute_subnetwork.vpc_subnetwork_public",
            "module.gke_cluster.random_string.suffix"
          ]
        }
      ]
    },
    {
      "module": "module.gke_service_account.module.vpc_network",
      "mode": "managed",
      "type": "google_compute_router_nat",
      "name": "vpc_nat",
      "provider": "provider.google",
      "instances": [
        {
          "schema_version": 0,
          "attributes": {
            "icmp_idle_timeout_sec": 30,
            "id": "magento2-269418/europe-west2/magento-private-cluster-network-jpor-router/magento-private-cluster-network-jpor-nat",
            "log_config": [],
            "min_ports_per_vm": 0,
            "name": "magento-private-cluster-network-jpor-nat",
            "nat_ip_allocate_option": "AUTO_ONLY",
            "nat_ips": null,
            "project": "magento2-269418",
            "region": "europe-west2",
            "router": "magento-private-cluster-network-jpor-router",
            "source_subnetwork_ip_ranges_to_nat": "LIST_OF_SUBNETWORKS",
            "subnetwork": [
              {
                "name": "https://www.googleapis.com/compute/v1/projects/magento2-269418/regions/europe-west2/subnetworks/magento-private-cluster-network-jpor-subnetwork-public",
                "secondary_ip_range_names": [],
                "source_ip_ranges_to_nat": [
                  "ALL_IP_RANGES"
                ]
              }
            ],
            "tcp_established_idle_timeout_sec": 1200,
            "tcp_transitory_idle_timeout_sec": 30,
            "timeouts": null,
            "udp_idle_timeout_sec": 30
          },
          "private": "eyJlMmJmYjczMC1lY2FhLTExZTYtOGY4OC0zNDM2M2JjN2M0YzAiOnsiY3JlYXRlIjo2MDAwMDAwMDAwMDAsImRlbGV0ZSI6NjAwMDAwMDAwMDAwLCJ1cGRhdGUiOjYwMDAwMDAwMDAwMH19",
          "dependencies": [
            "module.gke_service_account.module.vpc_network.google_compute_network.vpc",
            "module.gke_service_account.module.vpc_network.google_compute_router.vpc_router",
            "module.gke_service_account.module.vpc_network.google_compute_subnetwork.vpc_subnetwork_public",
            "module.gke_service_account.random_string.suffix"
          ]
        }
      ]
    },
    {
      "module": "module.vpc_network.module.vpc_network",
      "mode": "managed",
      "type": "google_compute_subnetwork",
      "name": "vpc_subnetwork_private",
      "provider": "provider.google",
      "instances": [
        {
          "schema_version": 0,
          "attributes": {
            "creation_timestamp": "2020-05-19T02:46:35.006-07:00",
            "description": "",
            "enable_flow_logs": true,
            "fingerprint": "MK6EVFwmi54=",
            "gateway_address": "10.3.16.1",
            "id": "europe-west2/magento-private-cluster-network-hnmj-subnetwork-private",
            "ip_cidr_range": "10.3.16.0/20",
            "log_config": [
              {
                "aggregation_interval": "INTERVAL_5_SEC",
                "flow_sampling": 0.5,
                "metadata": "INCLUDE_ALL_METADATA"
              }
            ],
            "name": "magento-private-cluster-network-hnmj-subnetwork-private",
            "network": "https://www.googleapis.com/compute/v1/projects/magento2-269418/global/networks/magento-private-cluster-network-hnmj-network",
            "private_ip_google_access": true,
            "project": "magento2-269418",
            "region": "europe-west2",
            "secondary_ip_range": [
              {
                "ip_cidr_range": "10.4.16.0/20",
                "range_name": "private-services"
              }
            ],
            "self_link": "https://www.googleapis.com/compute/v1/projects/magento2-269418/regions/europe-west2/subnetworks/magento-private-cluster-network-hnmj-subnetwork-private",
            "timeouts": null
          },
          "private": "eyJlMmJmYjczMC1lY2FhLTExZTYtOGY4OC0zNDM2M2JjN2M0YzAiOnsiY3JlYXRlIjozNjAwMDAwMDAwMDAsImRlbGV0ZSI6MzYwMDAwMDAwMDAwLCJ1cGRhdGUiOjM2MDAwMDAwMDAwMH19",
          "dependencies": [
            "module.vpc_network.module.vpc_network.google_compute_network.vpc",
            "module.vpc_network.random_string.suffix"
          ]
        }
      ]
    },
    {
      "module": "module.gke_cluster.module.vpc_network",
      "mode": "managed",
      "type": "google_compute_subnetwork",
      "name": "vpc_subnetwork_private",
      "provider": "provider.google",
      "instances": [
        {
          "schema_version": 0,
          "attributes": {
            "creation_timestamp": "2020-05-19T02:46:32.978-07:00",
            "description": "",
            "enable_flow_logs": true,
            "fingerprint": "elGK29LJesQ=",
            "gateway_address": "10.3.16.1",
            "id": "europe-west2/magento-private-cluster-network-qmng-subnetwork-private",
            "ip_cidr_range": "10.3.16.0/20",
            "log_config": [
              {
                "aggregation_interval": "INTERVAL_5_SEC",
                "flow_sampling": 0.5,
                "metadata": "INCLUDE_ALL_METADATA"
              }
            ],
            "name": "magento-private-cluster-network-qmng-subnetwork-private",
            "network": "https://www.googleapis.com/compute/v1/projects/magento2-269418/global/networks/magento-private-cluster-network-qmng-network",
            "private_ip_google_access": true,
            "project": "magento2-269418",
            "region": "europe-west2",
            "secondary_ip_range": [
              {
                "ip_cidr_range": "10.4.16.0/20",
                "range_name": "private-services"
              }
            ],
            "self_link": "https://www.googleapis.com/compute/v1/projects/magento2-269418/regions/europe-west2/subnetworks/magento-private-cluster-network-qmng-subnetwork-private",
            "timeouts": null
          },
          "private": "eyJlMmJmYjczMC1lY2FhLTExZTYtOGY4OC0zNDM2M2JjN2M0YzAiOnsiY3JlYXRlIjozNjAwMDAwMDAwMDAsImRlbGV0ZSI6MzYwMDAwMDAwMDAwLCJ1cGRhdGUiOjM2MDAwMDAwMDAwMH19",
          "dependencies": [
            "module.gke_cluster.module.vpc_network.google_compute_network.vpc",
            "module.gke_cluster.random_string.suffix"
          ]
        }
      ]
    },
    {
      "module": "module.gke_service_account.module.vpc_network",
      "mode": "managed",
      "type": "google_compute_subnetwork",
      "name": "vpc_subnetwork_private",
      "provider": "provider.google",
      "instances": [
        {
          "schema_version": 0,
          "attributes": {
            "creation_timestamp": "2020-05-19T02:46:31.098-07:00",
            "description": "",
            "enable_flow_logs": true,
            "fingerprint": "ZgfSSrS8CL0=",
            "gateway_address": "10.3.16.1",
            "id": "europe-west2/magento-private-cluster-network-jpor-subnetwork-private",
            "ip_cidr_range": "10.3.16.0/20",
            "log_config": [
              {
                "aggregation_interval": "INTERVAL_5_SEC",
                "flow_sampling": 0.5,
                "metadata": "INCLUDE_ALL_METADATA"
              }
            ],
            "name": "magento-private-cluster-network-jpor-subnetwork-private",
            "network": "https://www.googleapis.com/compute/v1/projects/magento2-269418/global/networks/magento-private-cluster-network-jpor-network",
            "private_ip_google_access": true,
            "project": "magento2-269418",
            "region": "europe-west2",
            "secondary_ip_range": [
              {
                "ip_cidr_range": "10.4.16.0/20",
                "range_name": "private-services"
              }
            ],
            "self_link": "https://www.googleapis.com/compute/v1/projects/magento2-269418/regions/europe-west2/subnetworks/magento-private-cluster-network-jpor-subnetwork-private",
            "timeouts": null
          },
          "private": "eyJlMmJmYjczMC1lY2FhLTExZTYtOGY4OC0zNDM2M2JjN2M0YzAiOnsiY3JlYXRlIjozNjAwMDAwMDAwMDAsImRlbGV0ZSI6MzYwMDAwMDAwMDAwLCJ1cGRhdGUiOjM2MDAwMDAwMDAwMH19",
          "dependencies": [
            "module.gke_service_account.module.vpc_network.google_compute_network.vpc",
            "module.gke_service_account.random_string.suffix"
          ]
        }
      ]
    },
    {
      "module": "module.vpc_network.module.vpc_network",
      "mode": "managed",
      "type": "google_compute_subnetwork",
      "name": "vpc_subnetwork_public",
      "provider": "provider.google",
      "instances": [
        {
          "schema_version": 0,
          "attributes": {
            "creation_timestamp": "2020-05-19T02:46:33.811-07:00",
            "description": "",
            "enable_flow_logs": true,
            "fingerprint": "OBgYvJrIHmM=",
            "gateway_address": "10.3.0.1",
            "id": "europe-west2/magento-private-cluster-network-hnmj-subnetwork-public",
            "ip_cidr_range": "10.3.0.0/20",
            "log_config": [
              {
                "aggregation_interval": "INTERVAL_5_SEC",
                "flow_sampling": 0.5,
                "metadata": "INCLUDE_ALL_METADATA"
              }
            ],
            "name": "magento-private-cluster-network-hnmj-subnetwork-public",
            "network": "https://www.googleapis.com/compute/v1/projects/magento2-269418/global/networks/magento-private-cluster-network-hnmj-network",
            "private_ip_google_access": true,
            "project": "magento2-269418",
            "region": "europe-west2",
            "secondary_ip_range": [
              {
                "ip_cidr_range": "10.4.0.0/20",
                "range_name": "public-services"
              }
            ],
            "self_link": "https://www.googleapis.com/compute/v1/projects/magento2-269418/regions/europe-west2/subnetworks/magento-private-cluster-network-hnmj-subnetwork-public",
            "timeouts": null
          },
          "private": "eyJlMmJmYjczMC1lY2FhLTExZTYtOGY4OC0zNDM2M2JjN2M0YzAiOnsiY3JlYXRlIjozNjAwMDAwMDAwMDAsImRlbGV0ZSI6MzYwMDAwMDAwMDAwLCJ1cGRhdGUiOjM2MDAwMDAwMDAwMH19",
          "dependencies": [
            "module.vpc_network.module.vpc_network.google_compute_network.vpc",
            "module.vpc_network.random_string.suffix"
          ]
        }
      ]
    },
    {
      "module": "module.gke_cluster.module.vpc_network",
      "mode": "managed",
      "type": "google_compute_subnetwork",
      "name": "vpc_subnetwork_public",
      "provider": "provider.google",
      "instances": [
        {
          "schema_version": 0,
          "attributes": {
            "creation_timestamp": "2020-05-19T02:46:31.097-07:00",
            "description": "",
            "enable_flow_logs": true,
            "fingerprint": "hTo8pIMqaV8=",
            "gateway_address": "10.3.0.1",
            "id": "europe-west2/magento-private-cluster-network-qmng-subnetwork-public",
            "ip_cidr_range": "10.3.0.0/20",
            "log_config": [
              {
                "aggregation_interval": "INTERVAL_5_SEC",
                "flow_sampling": 0.5,
                "metadata": "INCLUDE_ALL_METADATA"
              }
            ],
            "name": "magento-private-cluster-network-qmng-subnetwork-public",
            "network": "https://www.googleapis.com/compute/v1/projects/magento2-269418/global/networks/magento-private-cluster-network-qmng-network",
            "private_ip_google_access": true,
            "project": "magento2-269418",
            "region": "europe-west2",
            "secondary_ip_range": [
              {
                "ip_cidr_range": "10.4.0.0/20",
                "range_name": "public-services"
              }
            ],
            "self_link": "https://www.googleapis.com/compute/v1/projects/magento2-269418/regions/europe-west2/subnetworks/magento-private-cluster-network-qmng-subnetwork-public",
            "timeouts": null
          },
          "private": "eyJlMmJmYjczMC1lY2FhLTExZTYtOGY4OC0zNDM2M2JjN2M0YzAiOnsiY3JlYXRlIjozNjAwMDAwMDAwMDAsImRlbGV0ZSI6MzYwMDAwMDAwMDAwLCJ1cGRhdGUiOjM2MDAwMDAwMDAwMH19",
          "dependencies": [
            "module.gke_cluster.module.vpc_network.google_compute_network.vpc",
            "module.gke_cluster.random_string.suffix"
          ]
        }
      ]
    },
    {
      "module": "module.gke_service_account.module.vpc_network",
      "mode": "managed",
      "type": "google_compute_subnetwork",
      "name": "vpc_subnetwork_public",
      "provider": "provider.google",
      "instances": [
        {
          "schema_version": 0,
          "attributes": {
            "creation_timestamp": "2020-05-19T02:46:31.142-07:00",
            "description": "",
            "enable_flow_logs": true,
            "fingerprint": "8PShGSPj0Y0=",
            "gateway_address": "10.3.0.1",
            "id": "europe-west2/magento-private-cluster-network-jpor-subnetwork-public",
            "ip_cidr_range": "10.3.0.0/20",
            "log_config": [
              {
                "aggregation_interval": "INTERVAL_5_SEC",
                "flow_sampling": 0.5,
                "metadata": "INCLUDE_ALL_METADATA"
              }
            ],
            "name": "magento-private-cluster-network-jpor-subnetwork-public",
            "network": "https://www.googleapis.com/compute/v1/projects/magento2-269418/global/networks/magento-private-cluster-network-jpor-network",
            "private_ip_google_access": true,
            "project": "magento2-269418",
            "region": "europe-west2",
            "secondary_ip_range": [
              {
                "ip_cidr_range": "10.4.0.0/20",
                "range_name": "public-services"
              }
            ],
            "self_link": "https://www.googleapis.com/compute/v1/projects/magento2-269418/regions/europe-west2/subnetworks/magento-private-cluster-network-jpor-subnetwork-public",
            "timeouts": null
          },
          "private": "eyJlMmJmYjczMC1lY2FhLTExZTYtOGY4OC0zNDM2M2JjN2M0YzAiOnsiY3JlYXRlIjozNjAwMDAwMDAwMDAsImRlbGV0ZSI6MzYwMDAwMDAwMDAwLCJ1cGRhdGUiOjM2MDAwMDAwMDAwMH19",
          "dependencies": [
            "module.gke_service_account.module.vpc_network.google_compute_network.vpc",
            "module.gke_service_account.random_string.suffix"
          ]
        }
      ]
    },
    {
      "module": "module.gke_cluster.module.gke_cluster",
      "mode": "managed",
      "type": "google_container_cluster",
      "name": "cluster",
      "provider": "provider.google-beta",
      "instances": [
        {
          "schema_version": 1,
          "attributes": {
            "additional_zones": [],
            "addons_config": [
              {
                "cloudrun_config": [],
                "horizontal_pod_autoscaling": [
                  {
                    "disabled": false
                  }
                ],
                "http_load_balancing": [
                  {
                    "disabled": false
                  }
                ],
                "istio_config": [],
                "kubernetes_dashboard": [
                  {
                    "disabled": true
                  }
                ],
                "network_policy_config": [
                  {
                    "disabled": false
                  }
                ]
              }
            ],
            "authenticator_groups_config": [],
            "cluster_autoscaling": [
              {
                "enabled": false,
                "resource_limits": []
              }
            ],
            "cluster_ipv4_cidr": "10.4.0.0/20",
            "database_encryption": [
              {
                "key_name": "",
                "state": "DECRYPTED"
              }
            ],
            "default_max_pods_per_node": 110,
            "description": "",
            "enable_binary_authorization": false,
            "enable_intranode_visibility": false,
            "enable_kubernetes_alpha": false,
            "enable_legacy_abac": false,
            "enable_shielded_nodes": false,
            "enable_tpu": false,
            "endpoint": "34.89.53.142",
            "id": "magento-private-cluster",
            "initial_node_count": 1,
            "instance_group_urls": [],
            "ip_allocation_policy": [
              {
                "cluster_ipv4_cidr_block": "10.4.0.0/20",
                "cluster_secondary_range_name": "public-services",
                "create_subnetwork": false,
                "node_ipv4_cidr_block": "10.3.0.0/20",
                "services_ipv4_cidr_block": "10.4.0.0/20",
                "services_secondary_range_name": "public-services",
                "subnetwork_name": "",
                "use_ip_aliases": true
              }
            ],
            "location": "europe-west2-a",
            "logging_service": "logging.googleapis.com/kubernetes",
            "maintenance_policy": [
              {
                "daily_maintenance_window": [
                  {
                    "duration": "PT4H0M0S",
                    "start_time": "05:00"
                  }
                ],
                "recurring_window": []
              }
            ],
            "master_auth": [
              {
                "client_certificate": "",
                "client_certificate_config": [
                  {
                    "issue_client_certificate": false
                  }
                ],
                "client_key": "",
                "cluster_ca_certificate": "LS0tLS1CRUdJTiBDRVJUSUZJQ0FURS0tLS0tCk1JSURERENDQWZTZ0F3SUJBZ0lSQUtodG9nZkhIbGJRRlMyNklvRkJPcGt3RFFZSktvWklodmNOQVFFTEJRQXcKTHpFdE1Dc0dBMVVFQXhNa1l6YzRNRFppWkRNdE56UTBOaTAwWkRJNExXRTNZamt0TlRCbVlUWmtZVGd3TXpoaQpNQjRYRFRJd01EVXhPVEE0TkRjd09Gb1hEVEkxTURVeE9EQTVORGN3T0Zvd0x6RXRNQ3NHQTFVRUF4TWtZemM0Ck1EWmlaRE10TnpRME5pMDBaREk0TFdFM1lqa3ROVEJtWVRaa1lUZ3dNemhpTUlJQklqQU5CZ2txaGtpRzl3MEIKQVFFRkFBT0NBUThBTUlJQkNnS0NBUUVBbUFZK3NURUU3My82ZTQ0dTBPcG1Jck04dEpXbzNKb2ZjcGRvcXJxMQpyS1AwcVpRZ21mNlpHbEZNZU04WDJyTDBZajlPUG9idC94WnZQek81SllocjVrYkNKUCtGempCVmEyZEJlZWUzCnoxdFFYOVdrTjJoSktNZkZwSlFHeWZoY3ZaS2FYWTI2T0NuQ1lMNkpJcUc1SEhHL2VBeWxXNjBYcUJ3dlJsZWMKd1ZNeVViNkw4U1FTSHlZbnJ1cjJ1MzJZWjYrMWlrV1psa3RGK0NDSjcxNC9HVlRZN1RUYk5CUDlzR3NKM1BXNwpmYXplSkxJaE5sdEYvYkhXQXBKNFJkL042MWlZU2hBUWZuSXdjbXBNd2xHOVl0cGc5aU5kdzd5eUU0TFRMem9DCmdaVGVjT0tqU1pJc29mNkZoclA2ZE93QnNtMmU4aWszSnI4MzNPaHA2anowdHdJREFRQUJveU13SVRBT0JnTlYKSFE4QkFmOEVCQU1DQWdRd0R3WURWUjBUQVFIL0JBVXdBd0VCL3pBTkJna3Foa2lHOXcwQkFRc0ZBQU9DQVFFQQpqS2pNemlMQURWM3FSQ3VDUzA5MEhTZDZWbDJ0N21GZ0prSmc2azMzbGNldzNDWmVIbTNUcnZQQVJsN3FlMmJUCkZCOEZvYnRaQmFLeDVIb1NBZlp5d3ZhcmtrQTZuakJkT1VIWlBJekpIRlp1Z0xRa2JybXFJV0N4TWkzaWJhZ3gKL0ZGdHk1RUtLTXczWHpRamQweEhVOU1YWlY4MHA0MGpUOVlkQjhxNW5POXRadXhsSUpLaVRmSWpkZFU3UHQyOApLT08rRFpJTDBrOW5BUmNUQXhIc1NtK0FjNWhLbmN2azZiNVBmcnhJNElLTXpKNmNYUmE0RXg3YktlcjdnQXB0CmZFeTFQRWpzQWJZUnpJemtoZkVuZDR5Yms4Vjlacy8zSGIzQTlxdXZiSXpIQjgxclgxUHJydy96Ym5ORDdPdzAKUGY0VTRDczJxclBNdVRtN3ZVNkxEUT09Ci0tLS0tRU5EIENFUlRJRklDQVRFLS0tLS0K",
                "password": "",
                "username": ""
              }
            ],
            "master_authorized_networks_config": [
              {
                "cidr_blocks": [
                  {
                    "cidr_block": "0.0.0.0/0",
                    "display_name": "all-for-testing"
                  }
                ]
              }
            ],
            "master_version": "1.16.8-gke.15",
            "min_master_version": "1.16.8-gke.15",
            "monitoring_service": "monitoring.googleapis.com/kubernetes",
            "name": "magento-private-cluster",
            "network": "projects/magento2-269418/global/networks/magento-private-cluster-network-qmng-network",
            "network_policy": [
              {
                "enabled": true,
                "provider": "CALICO"
              }
            ],
            "node_config": [],
            "node_locations": [],
            "node_pool": [],
            "node_version": "1.16.8-gke.15",
            "pod_security_policy_config": [],
            "private_cluster_config": [
              {
                "enable_private_endpoint": false,
                "enable_private_nodes": true,
                "master_ipv4_cidr_block": "10.5.0.0/28",
                "private_endpoint": "10.5.0.2",
                "public_endpoint": "34.89.53.142"
              }
            ],
            "project": "magento2-269418",
            "region": null,
            "release_channel": [
              {
                "channel": "UNSPECIFIED"
              }
            ],
            "remove_default_node_pool": true,
            "resource_labels": null,
            "resource_usage_export_config": [],
            "services_ipv4_cidr": "10.4.0.0/20",
            "subnetwork": "projects/magento2-269418/regions/europe-west2/subnetworks/magento-private-cluster-network-qmng-subnetwork-public",
            "timeouts": null,
            "tpu_ipv4_cidr_block": "",
            "vertical_pod_autoscaling": [
              {
                "enabled": true
              }
            ],
            "workload_identity_config": [],
            "zone": "europe-west2-a"
          },
          "private": "eyJlMmJmYjczMC1lY2FhLTExZTYtOGY4OC0zNDM2M2JjN2M0YzAiOnsiY3JlYXRlIjoxODAwMDAwMDAwMDAwLCJkZWxldGUiOjE4MDAwMDAwMDAwMDAsInVwZGF0ZSI6MzYwMDAwMDAwMDAwMH0sInNjaGVtYV92ZXJzaW9uIjoiMSJ9",
          "dependencies": [
            "module.gke_cluster.module.vpc_network.google_compute_network.vpc",
            "module.gke_cluster.module.vpc_network.google_compute_subnetwork.vpc_subnetwork_public",
            "module.gke_cluster.random_string.suffix"
          ]
        }
      ]
    },
    {
      "mode": "managed",
      "type": "google_container_node_pool",
      "name": "database_pool",
      "provider": "provider.google-beta",
      "instances": [
        {
          "schema_version": 1,
          "attributes": {
            "autoscaling": [],
            "cluster": "magento-private-cluster",
            "id": "europe-west2-a/magento-private-cluster/db-node-pool",
            "initial_node_count": 1,
            "instance_group_urls": [
              "https://www.googleapis.com/compute/v1/projects/magento2-269418/zones/europe-west2-a/instanceGroupManagers/gke-magento-private-clus-db-node-pool-bcdba394-grp"
            ],
            "location": "europe-west2-a",
            "management": [
              {
                "auto_repair": false,
                "auto_upgrade": true
              }
            ],
            "max_pods_per_node": 110,
            "name": "db-node-pool",
            "name_prefix": "",
            "node_config": [
              {
                "disk_size_gb": 10,
                "disk_type": "pd-standard",
                "guest_accelerator": [],
                "image_type": "COS",
                "labels": {
                  "private-db-pool": "mysql-db"
                },
                "local_ssd_count": 0,
                "machine_type": "n1-standard-2",
                "metadata": {
                  "disable-legacy-endpoints": "true"
                },
                "min_cpu_platform": "",
                "oauth_scopes": [
                  "https://www.googleapis.com/auth/cloud-platform"
                ],
                "preemptible": false,
                "sandbox_config": [],
                "service_account": "example-private-cluster-sa@magento2-269418.iam.gserviceaccount.com",
                "shielded_instance_config": [
                  {
                    "enable_integrity_monitoring": true,
                    "enable_secure_boot": false
                  }
                ],
                "tags": [
                  "private",
                  "private-db-pool"
                ],
                "taint": [],
                "workload_metadata_config": []
              }
            ],
            "node_count": 1,
            "node_locations": [
              "europe-west2-a"
            ],
            "project": "magento2-269418",
            "region": null,
            "timeouts": null,
            "version": "1.16.8-gke.15",
            "zone": "europe-west2-a"
          },
          "private": "eyJlMmJmYjczMC1lY2FhLTExZTYtOGY4OC0zNDM2M2JjN2M0YzAiOnsiY3JlYXRlIjoxODAwMDAwMDAwMDAwLCJkZWxldGUiOjYwMDAwMDAwMDAwMCwidXBkYXRlIjo2MDAwMDAwMDAwMDB9LCJzY2hlbWFfdmVyc2lvbiI6IjEifQ==",
          "dependencies": [
            "module.gke_cluster.module.gke_cluster.google_container_cluster.cluster",
            "module.gke_cluster.module.vpc_network.google_compute_network.vpc",
            "module.gke_cluster.module.vpc_network.google_compute_subnetwork.vpc_subnetwork_public",
            "module.gke_cluster.random_string.suffix",
            "module.gke_service_account.module.gke_service_account.google_service_account.service_account"
          ]
        }
      ]
    },
    {
      "mode": "managed",
      "type": "google_container_node_pool",
      "name": "nfs_pool",
      "provider": "provider.google-beta",
      "instances": [
        {
          "schema_version": 1,
          "attributes": {
            "autoscaling": [],
            "cluster": "magento-private-cluster",
            "id": "europe-west2-a/magento-private-cluster/nfs-node-pool",
            "initial_node_count": 1,
            "instance_group_urls": [
              "https://www.googleapis.com/compute/v1/projects/magento2-269418/zones/europe-west2-a/instanceGroupManagers/gke-magento-private-clu-nfs-node-pool-02287f28-grp"
            ],
            "location": "europe-west2-a",
            "management": [
              {
                "auto_repair": false,
                "auto_upgrade": true
              }
            ],
            "max_pods_per_node": 110,
            "name": "nfs-node-pool",
            "name_prefix": "",
            "node_config": [
              {
                "disk_size_gb": 10,
                "disk_type": "pd-standard",
                "guest_accelerator": [],
                "image_type": "COS",
                "labels": {
                  "private-nfs-pool": "nfs-drive"
                },
                "local_ssd_count": 0,
                "machine_type": "n1-standard-2",
                "metadata": {
                  "disable-legacy-endpoints": "true"
                },
                "min_cpu_platform": "",
                "oauth_scopes": [
                  "https://www.googleapis.com/auth/cloud-platform"
                ],
                "preemptible": false,
                "sandbox_config": [],
                "service_account": "example-private-cluster-sa@magento2-269418.iam.gserviceaccount.com",
                "shielded_instance_config": [
                  {
                    "enable_integrity_monitoring": true,
                    "enable_secure_boot": false
                  }
                ],
                "tags": [
                  "private",
                  "private-nfs-pool"
                ],
                "taint": [],
                "workload_metadata_config": []
              }
            ],
            "node_count": 1,
            "node_locations": [
              "europe-west2-a"
            ],
            "project": "magento2-269418",
            "region": null,
            "timeouts": null,
            "version": "1.16.8-gke.15",
            "zone": "europe-west2-a"
          },
          "private": "eyJlMmJmYjczMC1lY2FhLTExZTYtOGY4OC0zNDM2M2JjN2M0YzAiOnsiY3JlYXRlIjoxODAwMDAwMDAwMDAwLCJkZWxldGUiOjYwMDAwMDAwMDAwMCwidXBkYXRlIjo2MDAwMDAwMDAwMDB9LCJzY2hlbWFfdmVyc2lvbiI6IjEifQ==",
          "dependencies": [
            "module.gke_cluster.module.gke_cluster.google_container_cluster.cluster",
            "module.gke_cluster.module.vpc_network.google_compute_network.vpc",
            "module.gke_cluster.module.vpc_network.google_compute_subnetwork.vpc_subnetwork_public",
            "module.gke_cluster.random_string.suffix",
            "module.gke_service_account.module.gke_service_account.google_service_account.service_account"
          ]
        }
      ]
    },
    {
      "mode": "managed",
      "type": "google_container_node_pool",
      "name": "node_pool",
      "provider": "provider.google-beta",
      "instances": [
        {
          "schema_version": 1,
          "attributes": {
            "autoscaling": [
              {
                "max_node_count": 5,
                "min_node_count": 1
              }
            ],
            "cluster": "magento-private-cluster",
            "id": "europe-west2-a/magento-private-cluster/private-pool",
            "initial_node_count": 1,
            "instance_group_urls": [
              "https://www.googleapis.com/compute/v1/projects/magento2-269418/zones/europe-west2-a/instanceGroupManagers/gke-magento-private-clus-private-pool-1b5a488a-grp"
            ],
            "location": "europe-west2-a",
            "management": [
              {
                "auto_repair": true,
                "auto_upgrade": true
              }
            ],
            "max_pods_per_node": 110,
            "name": "private-pool",
            "name_prefix": "",
            "node_config": [
              {
                "disk_size_gb": 30,
                "disk_type": "pd-standard",
                "guest_accelerator": [],
                "image_type": "COS",
                "labels": {
                  "private-app-pool": "web-app"
                },
                "local_ssd_count": 0,
                "machine_type": "n1-standard-2",
                "metadata": {
                  "disable-legacy-endpoints": "true"
                },
                "min_cpu_platform": "",
                "oauth_scopes": [
                  "https://www.googleapis.com/auth/cloud-platform"
                ],
                "preemptible": false,
                "sandbox_config": [],
                "service_account": "example-private-cluster-sa@magento2-269418.iam.gserviceaccount.com",
                "shielded_instance_config": [
                  {
                    "enable_integrity_monitoring": true,
                    "enable_secure_boot": false
                  }
                ],
                "tags": [
                  "private",
                  "private-pool-example"
                ],
                "taint": [],
                "workload_metadata_config": []
              }
            ],
            "node_count": 1,
            "node_locations": [
              "europe-west2-a"
            ],
            "project": "magento2-269418",
            "region": null,
            "timeouts": {
              "create": "30m",
              "delete": "30m",
              "update": "30m"
            },
            "version": "1.16.8-gke.15",
            "zone": "europe-west2-a"
          },
          "private": "eyJlMmJmYjczMC1lY2FhLTExZTYtOGY4OC0zNDM2M2JjN2M0YzAiOnsiY3JlYXRlIjoxODAwMDAwMDAwMDAwLCJkZWxldGUiOjE4MDAwMDAwMDAwMDAsInVwZGF0ZSI6MTgwMDAwMDAwMDAwMH0sInNjaGVtYV92ZXJzaW9uIjoiMSJ9",
          "dependencies": [
            "module.gke_cluster.module.gke_cluster.google_container_cluster.cluster",
            "module.gke_cluster.module.vpc_network.google_compute_network.vpc",
            "module.gke_cluster.module.vpc_network.google_compute_subnetwork.vpc_subnetwork_public",
            "module.gke_cluster.random_string.suffix",
            "module.gke_service_account.module.gke_service_account.google_service_account.service_account"
          ]
        }
      ]
    },
    {
      "mode": "managed",
      "type": "google_container_node_pool",
      "name": "redis_single_pool",
      "provider": "provider.google-beta",
      "instances": [
        {
          "schema_version": 1,
          "attributes": {
            "autoscaling": [],
            "cluster": "magento-private-cluster",
            "id": "europe-west2-a/magento-private-cluster/redis-single-node-pool",
            "initial_node_count": 1,
            "instance_group_urls": [
              "https://www.googleapis.com/compute/v1/projects/magento2-269418/zones/europe-west2-a/instanceGroupManagers/gke-magento-private--redis-single-nod-db315d8d-grp"
            ],
            "location": "europe-west2-a",
            "management": [
              {
                "auto_repair": false,
                "auto_upgrade": true
              }
            ],
            "max_pods_per_node": 110,
            "name": "redis-single-node-pool",
            "name_prefix": "",
            "node_config": [
              {
                "disk_size_gb": 10,
                "disk_type": "pd-standard",
                "guest_accelerator": [],
                "image_type": "COS",
                "labels": {
                  "private-redis-single-pool": "redis-single"
                },
                "local_ssd_count": 0,
                "machine_type": "n1-standard-1",
                "metadata": {
                  "disable-legacy-endpoints": "true"
                },
                "min_cpu_platform": "",
                "oauth_scopes": [
                  "https://www.googleapis.com/auth/cloud-platform"
                ],
                "preemptible": false,
                "sandbox_config": [],
                "service_account": "example-private-cluster-sa@magento2-269418.iam.gserviceaccount.com",
                "shielded_instance_config": [
                  {
                    "enable_integrity_monitoring": true,
                    "enable_secure_boot": false
                  }
                ],
                "tags": [
                  "private",
                  "private-redis-single-pool"
                ],
                "taint": [],
                "workload_metadata_config": []
              }
            ],
            "node_count": 1,
            "node_locations": [
              "europe-west2-a"
            ],
            "project": "magento2-269418",
            "region": null,
            "timeouts": null,
            "version": "1.16.8-gke.15",
            "zone": "europe-west2-a"
          },
          "private": "eyJlMmJmYjczMC1lY2FhLTExZTYtOGY4OC0zNDM2M2JjN2M0YzAiOnsiY3JlYXRlIjoxODAwMDAwMDAwMDAwLCJkZWxldGUiOjYwMDAwMDAwMDAwMCwidXBkYXRlIjo2MDAwMDAwMDAwMDB9LCJzY2hlbWFfdmVyc2lvbiI6IjEifQ==",
          "dependencies": [
            "module.gke_cluster.module.gke_cluster.google_container_cluster.cluster",
            "module.gke_cluster.module.vpc_network.google_compute_network.vpc",
            "module.gke_cluster.module.vpc_network.google_compute_subnetwork.vpc_subnetwork_public",
            "module.gke_cluster.random_string.suffix",
            "module.gke_service_account.module.gke_service_account.google_service_account.service_account"
          ]
        }
      ]
    },
    {
      "module": "module.vpc_network.module.gke_service_account",
      "mode": "managed",
      "type": "google_project_iam_member",
      "name": "service_account-roles",
      "each": "map",
      "provider": "provider.google",
      "instances": []
    },
    {
      "module": "module.gke_service_account.module.gke_service_account",
      "mode": "managed",
      "type": "google_project_iam_member",
      "name": "service_account-roles",
      "each": "map",
      "provider": "provider.google",
      "instances": [
        {
          "index_key": "roles/logging.logWriter",
          "schema_version": 0,
          "attributes": {
            "etag": "BwWl/SdBNVQ=",
            "id": "magento2-269418/roles/logging.logWriter/serviceaccount:example-private-cluster-sa@magento2-269418.iam.gserviceaccount.com",
            "member": "serviceAccount:example-private-cluster-sa@magento2-269418.iam.gserviceaccount.com",
            "project": "magento2-269418",
            "role": "roles/logging.logWriter"
          },
          "private": "bnVsbA==",
          "dependencies": [
            "module.gke_service_account.module.gke_service_account.google_service_account.service_account"
          ]
        },
        {
          "index_key": "roles/monitoring.metricWriter",
          "schema_version": 0,
          "attributes": {
            "etag": "BwWl/SdBNVQ=",
            "id": "magento2-269418/roles/monitoring.metricWriter/serviceaccount:example-private-cluster-sa@magento2-269418.iam.gserviceaccount.com",
            "member": "serviceAccount:example-private-cluster-sa@magento2-269418.iam.gserviceaccount.com",
            "project": "magento2-269418",
            "role": "roles/monitoring.metricWriter"
          },
          "private": "bnVsbA==",
          "dependencies": [
            "module.gke_service_account.module.gke_service_account.google_service_account.service_account"
          ]
        },
        {
          "index_key": "roles/monitoring.viewer",
          "schema_version": 0,
          "attributes": {
            "etag": "BwWl/SdBNVQ=",
            "id": "magento2-269418/roles/monitoring.viewer/serviceaccount:example-private-cluster-sa@magento2-269418.iam.gserviceaccount.com",
            "member": "serviceAccount:example-private-cluster-sa@magento2-269418.iam.gserviceaccount.com",
            "project": "magento2-269418",
            "role": "roles/monitoring.viewer"
          },
          "private": "bnVsbA==",
          "dependencies": [
            "module.gke_service_account.module.gke_service_account.google_service_account.service_account"
          ]
        },
        {
          "index_key": "roles/stackdriver.resourceMetadata.writer",
          "schema_version": 0,
          "attributes": {
            "etag": "BwWl/SdBNVQ=",
            "id": "magento2-269418/roles/stackdriver.resourceMetadata.writer/serviceaccount:example-private-cluster-sa@magento2-269418.iam.gserviceaccount.com",
            "member": "serviceAccount:example-private-cluster-sa@magento2-269418.iam.gserviceaccount.com",
            "project": "magento2-269418",
            "role": "roles/stackdriver.resourceMetadata.writer"
          },
          "private": "bnVsbA==",
          "dependencies": [
            "module.gke_service_account.module.gke_service_account.google_service_account.service_account"
          ]
        }
      ]
    },
    {
      "module": "module.gke_cluster.module.gke_service_account",
      "mode": "managed",
      "type": "google_project_iam_member",
      "name": "service_account-roles",
      "each": "map",
      "provider": "provider.google",
      "instances": []
    },
    {
      "module": "module.gke_service_account.module.gke_service_account",
      "mode": "managed",
      "type": "google_service_account",
      "name": "service_account",
      "provider": "provider.google",
      "instances": [
        {
          "schema_version": 0,
          "attributes": {
            "account_id": "example-private-cluster-sa",
            "description": "",
            "display_name": "Example GKE Cluster Service Account managed by Terraform",
            "email": "example-private-cluster-sa@magento2-269418.iam.gserviceaccount.com",
            "id": "projects/magento2-269418/serviceAccounts/example-private-cluster-sa@magento2-269418.iam.gserviceaccount.com",
            "name": "projects/magento2-269418/serviceAccounts/example-private-cluster-sa@magento2-269418.iam.gserviceaccount.com",
            "policy_data": null,
            "project": "magento2-269418",
            "unique_id": "112346762948666247260"
          },
          "private": "bnVsbA=="
        }
      ]
    },
    {
      "module": "module.gke_service_account",
      "mode": "managed",
      "type": "random_string",
      "name": "suffix",
      "provider": "provider.random",
      "instances": [
        {
          "schema_version": 1,
          "attributes": {
            "id": "jpor",
            "keepers": null,
            "length": 4,
            "lower": true,
            "min_lower": 0,
            "min_numeric": 0,
            "min_special": 0,
            "min_upper": 0,
            "number": true,
            "override_special": null,
            "result": "jpor",
            "special": false,
            "upper": false
          },
          "private": "eyJzY2hlbWFfdmVyc2lvbiI6IjEifQ=="
        }
      ]
    },
    {
      "module": "module.vpc_network",
      "mode": "managed",
      "type": "random_string",
      "name": "suffix",
      "provider": "provider.random",
      "instances": [
        {
          "schema_version": 1,
          "attributes": {
            "id": "hnmj",
            "keepers": null,
            "length": 4,
            "lower": true,
            "min_lower": 0,
            "min_numeric": 0,
            "min_special": 0,
            "min_upper": 0,
            "number": true,
            "override_special": null,
            "result": "hnmj",
            "special": false,
            "upper": false
          },
          "private": "eyJzY2hlbWFfdmVyc2lvbiI6IjEifQ=="
        }
      ]
    },
    {
      "module": "module.gke_cluster",
      "mode": "managed",
      "type": "random_string",
      "name": "suffix",
      "provider": "provider.random",
      "instances": [
        {
          "schema_version": 1,
          "attributes": {
            "id": "qmng",
            "keepers": null,
            "length": 4,
            "lower": true,
            "min_lower": 0,
            "min_numeric": 0,
            "min_special": 0,
            "min_upper": 0,
            "number": true,
            "override_special": null,
            "result": "qmng",
            "special": false,
            "upper": false
          },
          "private": "eyJzY2hlbWFfdmVyc2lvbiI6IjEifQ=="
        }
      ]
    },
    {
      "module": "module.gke_service_account",
      "mode": "managed",
      "type": "tls_private_key",
      "name": "example",
      "provider": "provider.tls",
      "instances": [
        {
          "schema_version": 0,
          "attributes": {
            "algorithm": "RSA",
            "ecdsa_curve": "P224",
            "id": "331f8aded133cf36e76c164a5ea22f78707b715c",
            "private_key_pem": "-----BEGIN RSA PRIVATE KEY-----\nMIIEowIBAAKCAQEA235QCkN68oynOTAEZ+QYZWpMg3u+GI4i4aaoeALXrCNXei/2\nfMkS8oQkWq0q2Z1nezBIGZtARZRwWw3mAAO2RZHy4b1tgfv997OTH3ABkx2Oy1Qb\nWk2TDsp4oLTnHvaM1LrooxQ6UwD3HhjbhPbKos+BWnzsXnb+MTv4ARPMGzY1lA43\nIjeCeXrYQAajmmB9z8UXSCUc9hKa4b4Pb8jn5kABJgdUlSCtDwew619YWgAtjIPA\n7RlpIlBv0vxgjYk+5sjlekWRPpGSFtMnoh1d/E9w4BTVp59C+ns8M+HL62t5MCjB\ng9txf0ja4a+fwXPmQjZphbdWIkPFLCUYk8B9PQIDAQABAoIBACsrqt5560Kte256\nDUPJzyqTP71Up0z5F88+EkCYfoby5I+5w0dD3SAp8WSMTrNCjEnkcynmKTwGOBsQ\nnr49/KmuTREtSs6YG5mOjk9OnmCrHZzMTBz0yQnNtPAW5KZoY8arhHoezmHo/LHE\nvdhnGe/v1EdR7sOdr91LKDo+BJUNNTYhx+lPRRJctaF3lNaM0OJ6u208+1FdR7o9\nbtQgkZ75F2tbTe+5B1qAy3rzqqOuslf+COwGqcWeWu0AAuPNq3dM7QJE/DN+G4in\nEzxqRCTBOCVuXVdXbhCPdzGU0ZQQVQGQHbu3zYcMw93l96YippPPGuQtIeaf7Hs4\nsTC0dJkCgYEA8PxsrQo91/sQXvm3xCgqCfd55RUr79oUYNvEzRM2gQjImKZvJ1b9\nlHYgH7Q0hAey47rO4L4U4eJhL7Onf29wKM7P0HihhisAV/ixFh1DNI7wq3CDX/3k\nMJKIH7xzNVAHULmebCGPS3nqXcysyy3oasJ3DbcncvUr3RwZ2Oj/D2MCgYEA6SsY\nJQXCfIEpNnX9FPKEeah6RFohPk0x9gfvyNMwnUqk//HRHE0h4hHuPZvB0ODzweGW\nWiAC8YlqVYtux4qGQNqEaoqEu+dP8gyaqajPMBR85r+ikFx1ad8Kq6OPu2kbSf1K\nW4EXGLzA+k7tWbfX+GlZ8A8RakVn6/jnNr3oct8CgYAg345DnJ4LFGiLTC1RSNlT\nOrsaEOVJdspI3DHgd7p7p6MVj76h8y/sTKDdMkvnptU0U4tdBRD8L1FqnGtA6wa1\nymB2473E+6C0X2xow90jEkyqVlLViWDTb2m6So68uwoEbQ27WmidtyfNW9pGbSDD\nT3vGFzH+cItnQioUeNQyWQKBgDu4r/x7ly7wni+21NXSsB/BCWAMfctJVmyf58jW\nXvNKtSxhMaBAGVegJBdfl6r6kzSrpSj8XgSjn7q9dehiELT3w0bOp+TBAHcMx2iB\nNmAoPz2TA/5Z0DEH0eHYiO4Fo9m1qJ/7VoEdh4gVQzHhps2XnlOgaGOB13ZXUFFz\nHuCdAoGBAJQku4QFGLf0ox3+q1chYiXl46bhXZsJh/h+AEoqMI+VmE8QF0katG6/\ni9wc7SmU7ss/hCbk6x4kzgUqAk2GIi1tJstr7EEGZlH1IDbPAKPxjhbETiEticBP\ndzQgyFthonj6WAfuHLQsVv6vBeGPO3n7O5ZqDjBZ8fWLiVD5uARj\n-----END RSA PRIVATE KEY-----\n",
            "public_key_fingerprint_md5": "b3:7f:55:3e:05:52:fd:16:84:ba:cc:b8:65:11:96:cf",
            "public_key_openssh": "ssh-rsa AAAAB3NzaC1yc2EAAAADAQABAAABAQDbflAKQ3ryjKc5MARn5BhlakyDe74YjiLhpqh4AtesI1d6L/Z8yRLyhCRarSrZnWd7MEgZm0BFlHBbDeYAA7ZFkfLhvW2B+/33s5MfcAGTHY7LVBtaTZMOynigtOce9ozUuuijFDpTAPceGNuE9sqiz4FafOxedv4xO/gBE8wbNjWUDjciN4J5ethABqOaYH3PxRdIJRz2Eprhvg9vyOfmQAEmB1SVIK0PB7DrX1haAC2Mg8DtGWkiUG/S/GCNiT7myOV6RZE+kZIW0yeiHV38T3DgFNWnn0L6ezwz4cvra3kwKMGD23F/SNrhr5/Bc+ZCNmmFt1YiQ8UsJRiTwH09\n",
            "public_key_pem": "-----BEGIN PUBLIC KEY-----\nMIIBIjANBgkqhkiG9w0BAQEFAAOCAQ8AMIIBCgKCAQEA235QCkN68oynOTAEZ+QY\nZWpMg3u+GI4i4aaoeALXrCNXei/2fMkS8oQkWq0q2Z1nezBIGZtARZRwWw3mAAO2\nRZHy4b1tgfv997OTH3ABkx2Oy1QbWk2TDsp4oLTnHvaM1LrooxQ6UwD3HhjbhPbK\nos+BWnzsXnb+MTv4ARPMGzY1lA43IjeCeXrYQAajmmB9z8UXSCUc9hKa4b4Pb8jn\n5kABJgdUlSCtDwew619YWgAtjIPA7RlpIlBv0vxgjYk+5sjlekWRPpGSFtMnoh1d\n/E9w4BTVp59C+ns8M+HL62t5MCjBg9txf0ja4a+fwXPmQjZphbdWIkPFLCUYk8B9\nPQIDAQAB\n-----END PUBLIC KEY-----\n",
            "rsa_bits": 2048
          },
          "private": "bnVsbA=="
        }
      ]
    },
    {
      "module": "module.vpc_network",
      "mode": "managed",
      "type": "tls_private_key",
      "name": "example",
      "provider": "provider.tls",
      "instances": [
        {
          "schema_version": 0,
          "attributes": {
            "algorithm": "RSA",
            "ecdsa_curve": "P224",
            "id": "6256583f29b28637832c43ffe9a338f1658e0166",
            "private_key_pem": "-----BEGIN RSA PRIVATE KEY-----\nMIIEowIBAAKCAQEAyAaIS9fy3JH9nU8gEZzSuUTEYaCPBGm8FIwbUuhV3KFW6+o3\neo1D5Cvqw4Pf2qgo3EeVQTriKJLxb0A8TNh/brE05G7Lblw3rknvElJ3z5D1gcGU\n8MLUcH3ckax8MEP2q+wQIN8eHJHQ8VH7G1iVAuGJujonsacHoqzTJXWl0TXrP8IZ\naPpPOlbE6JOxYnPeR5Pa8WHCGZzJFbNPni5CdRGn81oW+Y5KYQntdeAL5Ig4P8B/\nOJWJwxChbAmtnMNiDS0C1IT1flFd37N+tOgYWa5HMOnrTgQAe4Kqv52ccwj1jfmt\nUWq9PZPFKaajkzvdBWWH86gSOyrfTLSbNTuaTwIDAQABAoIBAHthlCb8UID/yGmF\nSimzC0Reh6gUqsM1GV+vQJd2WqgaGQyyT4BXrN4MvOXW7XjpqzKdMRKoaKJQaX6P\nJ+La1FgKFK8nLHKpjWsDjeVGW0L8joN4Tg/ojbPJ3wk4VO5MrdZEaXptRhynUTPZ\ntsOac2fwiM0HXD634fzVD/UWSa7us8NrQHcU0S7HCQCX+BdodHBWC2Q90/zsGmfO\nz49DfkXOTeU/Wvc4Ko0dM9ha+LBeJZa00wb7V+2SmPXikxqI3tY5/eknOCmPJxH0\nvh3UdCWHYN9a28ZLwKWh+opPK0RKqwoGC6e25h0F3hJ+Dslt6hTmnVdQo45URmpj\nkiNfIZkCgYEA+uCVHzvevktNfD7UNiIh/sV54r55sDswkYRXhuRfR+bMb0yphn/J\n1+O2nK+TePh/nOOXIOvnCnl9mrflRq6YinmbtAVrGwOPpTiDY9gLPDTlCF8r+yVo\nwdrb5TFtbfk8IpC8fPELzcFnhwv9y3epcpy6VudPYIIth2BoVhoAPlsCgYEAzBwh\nkqC8JKP6w6punVtbZ5/548SIQR5qCvkwOBEv3an8K0Khl6wckyIHPAtJ868JtyLf\njLG5XV6yagEBW125gM4SABrnG34ZMOxeH9LvjeP0bPYOMRmBgkPMFtv8ybTqmTfC\nVHsUJ071FYb3JxrwyFSdbDi4TM+eE2E+h+xXvh0CgYEAleXWdAEbx+vKcnA/79BZ\nK5bmitpwbyIOlQPUIF8Xpyh6Ag52REzaV0pR9DDcFq2z4hQCWsNZGuMYb3dtYNw1\nfJfItrl+E3f/PiMULnYJ0IFyT5w99SOXAi04sirkTY9bpPOCC80i1l+28fPyQr5O\n2pJWrFItFWbyuS6baMbEWn0CgYBk9QUmIZruBK3kWkicTLPJbbeMkYlTrFeHVfoj\nwVyLp6izPSHwg5EetZYefPb3MXz8uKMaVE37gPt+s0CYkKNQspz0sFnfn1+Wc1Ob\nKhqTdE1SF+KtJpCIfkBUjjtbCcGAR7Q3VSmCx+sx2rAlB45RiIjVHrkKRSdLLq5f\nTOeZgQKBgAJLQIB2uU8kflYf/TYyOK+5r74O/EhAoA9kFK4JD9AcF3gbkL2KyMPn\njIPGB5GCKFp46QdBtEjliIO66Vezfh+x8YLiICvFYuUVJg1dG1BfNGw373dxL+US\ntNNcq9aA5nW0vc7wzQFbQOY8IxI/I+Ilm4UsVi2jRKVJXEWOC8/5\n-----END RSA PRIVATE KEY-----\n",
            "public_key_fingerprint_md5": "63:91:3f:5a:de:83:13:57:74:6f:07:bd:08:56:6b:b3",
            "public_key_openssh": "ssh-rsa AAAAB3NzaC1yc2EAAAADAQABAAABAQDIBohL1/Lckf2dTyARnNK5RMRhoI8EabwUjBtS6FXcoVbr6jd6jUPkK+rDg9/aqCjcR5VBOuIokvFvQDxM2H9usTTkbstuXDeuSe8SUnfPkPWBwZTwwtRwfdyRrHwwQ/ar7BAg3x4ckdDxUfsbWJUC4Ym6OiexpweirNMldaXRNes/whlo+k86VsTok7Fic95Hk9rxYcIZnMkVs0+eLkJ1EafzWhb5jkphCe114AvkiDg/wH84lYnDEKFsCa2cw2INLQLUhPV+UV3fs3606BhZrkcw6etOBAB7gqq/nZxzCPWN+a1Rar09k8UppqOTO90FZYfzqBI7Kt9MtJs1O5pP\n",
            "public_key_pem": "-----BEGIN PUBLIC KEY-----\nMIIBIjANBgkqhkiG9w0BAQEFAAOCAQ8AMIIBCgKCAQEAyAaIS9fy3JH9nU8gEZzS\nuUTEYaCPBGm8FIwbUuhV3KFW6+o3eo1D5Cvqw4Pf2qgo3EeVQTriKJLxb0A8TNh/\nbrE05G7Lblw3rknvElJ3z5D1gcGU8MLUcH3ckax8MEP2q+wQIN8eHJHQ8VH7G1iV\nAuGJujonsacHoqzTJXWl0TXrP8IZaPpPOlbE6JOxYnPeR5Pa8WHCGZzJFbNPni5C\ndRGn81oW+Y5KYQntdeAL5Ig4P8B/OJWJwxChbAmtnMNiDS0C1IT1flFd37N+tOgY\nWa5HMOnrTgQAe4Kqv52ccwj1jfmtUWq9PZPFKaajkzvdBWWH86gSOyrfTLSbNTua\nTwIDAQAB\n-----END PUBLIC KEY-----\n",
            "rsa_bits": 2048
          },
          "private": "bnVsbA=="
        }
      ]
    },
    {
      "module": "module.gke_cluster",
      "mode": "managed",
      "type": "tls_private_key",
      "name": "example",
      "provider": "provider.tls",
      "instances": [
        {
          "schema_version": 0,
          "attributes": {
            "algorithm": "RSA",
            "ecdsa_curve": "P224",
            "id": "5ebb3d367d001b76098484c8fbf267baba2d600b",
            "private_key_pem": "-----BEGIN RSA PRIVATE KEY-----\nMIIEpAIBAAKCAQEA4NkCY6Q/lULziE5z/2cH4YXnbXoDFMgwlnCn6p9p4EftWmJL\nMYBq1EXHUzad0A3+bo99Z8izLKaKjsVTsnhga34Y+56v0pXHcxC+d9FNFpv84fDw\nFpjsPSA4Mdixds0GWhgkTHTaFll7NVD6wwSNvY5xUO+XfsY8oqI/390NF7D+Bzfk\nGlcfpq82450kHbKySJv6vOchPCORmOI3SDowYHWIr2jgVy/9IyEdTJKV1IAF0l6E\nas4uee4W++16JyB9Vn5XQ5m05ANq987SAYoL+M7BN4zGl5BtunrYvadjjaK+ENCI\nrW8rt1SCpiKUYejUSYlEjnjVa3LOTBqUXSWvNwIDAQABAoIBAQDAekTHU4Vymvuq\nxa4bBvICJwSz/OzCT5T4U7wK5yhVbH1NEDPaTlolGQ7Gt0xlHHWf44mw3Gg1YuPd\n0CIT92Ri4HE2hONyW/F/GOhT3YImRqY2LHD6hzJEKV6xnRRd5Kj5Ww1HvggrdbI5\nM/dWFoHXsSZj6JZBWiXx+v6+/pYEnk4I66m/cx+6uaXTq8GOKpdUwGdkVol1mL29\niPi1Nt0+wOm9s00fn/N6uMPsE9ntgdXKF/KEyPZ09beI+mdZaKZWrE2/+Q4pTpSx\nNzeKXRGtwxn/yAg3Y9EMU9s73H9VXw1tVz6jaY4gsqULjOx5vgF7OVuvXTipwg3Y\n/nmzeb7xAoGBAPbhSkU2E0atrUKwahMYKlh3lHtQ+RGzH0P7sLk8HUsVnuryy8DS\n0HhaW0B8CLLn7dNIC5xZGDSpef/uGdsv58RM9Wch1e5UFj2s8b5T4x1owMF/Unuo\nki9J99or/RBb0DpMfy4Rf8oz2HCiW8hiZYqqWMrZT4YBN31Rnut6fglFAoGBAOkn\nXMZwjwPUhhcTDwx8eWLYaeMToklXFhWINXhlt1iRSsp2Lo4WGI6jNUzRKQVCipIz\nq+TFcf0lTJ3owZOvwQiMT5iQfVtkJQCJzsEdfcW6Z+4ObMLDf1LH/dznU00GoEfA\nPpJ+xEn3fmq/jIjtJg65gW4a3Cgq7cpvScpxWJhLAoGBAM2x7/uyjmT5F77U1cyK\n+d0z5NbKJHuGzqoJ7rinSZDhtsLzAKjr/R4JyrXzohvN+e1rvaDK6swV2LxQWeKy\nC10W8fC31FL6ZH2GtvRpWHWMbe3Kc6LsVMBp1MRGmlci6F9qlRyBIAQNJmzSGb7f\nnNLoE4sPfJ6eLOmRM+Pm71QxAoGAOdqAlOT9N9AWbcdW5pxEapiUvbnzfQtU+YbQ\n7c0fj6SN0Gs+5hbphQtOgH8uFJYMWHbl4mB0BoKo3k4RKppj5cEbRxojYPgajmWj\nnhu5R8UXYOTHbBSilWH2xkfITcalIui7HhLCljAJeGeLcbaWyPSS/0U+9+CfHKo8\nvzUc7L0CgYApU6ra02srMtbAGY/QeiPS4f4QiWp8DCUvPnNEDUt7uFaf2HtOfExU\nbchBkOaZAZeGuksNsvTRbxznwEyT1pjnUY67fp2QQLkQTv3Yu3QRllPtUkSLH8D/\ng2oOl2xnnp1tb+Jh+xS7HeTylR8t7HElfzySWP6dYDnMXZTh0TqNGg==\n-----END RSA PRIVATE KEY-----\n",
            "public_key_fingerprint_md5": "b1:7e:d8:25:cd:cc:dd:a8:8a:88:e0:65:d0:b7:5a:ff",
            "public_key_openssh": "ssh-rsa AAAAB3NzaC1yc2EAAAADAQABAAABAQDg2QJjpD+VQvOITnP/ZwfhhedtegMUyDCWcKfqn2ngR+1aYksxgGrURcdTNp3QDf5uj31nyLMspoqOxVOyeGBrfhj7nq/SlcdzEL530U0Wm/zh8PAWmOw9IDgx2LF2zQZaGCRMdNoWWXs1UPrDBI29jnFQ75d+xjyioj/f3Q0XsP4HN+QaVx+mrzbjnSQdsrJIm/q85yE8I5GY4jdIOjBgdYivaOBXL/0jIR1MkpXUgAXSXoRqzi557hb77XonIH1WfldDmbTkA2r3ztIBigv4zsE3jMaXkG26eti9p2ONor4Q0Iitbyu3VIKmIpRh6NRJiUSOeNVrcs5MGpRdJa83\n",
            "public_key_pem": "-----BEGIN PUBLIC KEY-----\nMIIBIjANBgkqhkiG9w0BAQEFAAOCAQ8AMIIBCgKCAQEA4NkCY6Q/lULziE5z/2cH\n4YXnbXoDFMgwlnCn6p9p4EftWmJLMYBq1EXHUzad0A3+bo99Z8izLKaKjsVTsnhg\na34Y+56v0pXHcxC+d9FNFpv84fDwFpjsPSA4Mdixds0GWhgkTHTaFll7NVD6wwSN\nvY5xUO+XfsY8oqI/390NF7D+BzfkGlcfpq82450kHbKySJv6vOchPCORmOI3SDow\nYHWIr2jgVy/9IyEdTJKV1IAF0l6Eas4uee4W++16JyB9Vn5XQ5m05ANq987SAYoL\n+M7BN4zGl5BtunrYvadjjaK+ENCIrW8rt1SCpiKUYejUSYlEjnjVa3LOTBqUXSWv\nNwIDAQAB\n-----END PUBLIC KEY-----\n",
            "rsa_bits": 2048
          },
          "private": "bnVsbA=="
        }
      ]
    },
    {
      "module": "module.gke_service_account",
      "mode": "managed",
      "type": "tls_self_signed_cert",
      "name": "example",
      "provider": "provider.tls",
      "instances": [
        {
          "schema_version": 0,
          "attributes": {
            "allowed_uses": [
              "key_encipherment",
              "digital_signature",
              "server_auth"
            ],
            "cert_pem": "-----BEGIN CERTIFICATE-----\nMIIDSjCCAjKgAwIBAgIQcdZPJREx2PEX5QtLndHGGjANBgkqhkiG9w0BAQsFADAz\nMRswGQYDVQQKExJBQ01FIEV4YW1wbGVzLCBJbmMxFDASBgNVBAMTC2V4YW1wbGUu\nY29tMB4XDTIwMDUxOTA5NDYxM1oXDTIwMDUxOTIxNDYxM1owMzEbMBkGA1UEChMS\nQUNNRSBFeGFtcGxlcywgSW5jMRQwEgYDVQQDEwtleGFtcGxlLmNvbTCCASIwDQYJ\nKoZIhvcNAQEBBQADggEPADCCAQoCggEBANt+UApDevKMpzkwBGfkGGVqTIN7vhiO\nIuGmqHgC16wjV3ov9nzJEvKEJFqtKtmdZ3swSBmbQEWUcFsN5gADtkWR8uG9bYH7\n/fezkx9wAZMdjstUG1pNkw7KeKC05x72jNS66KMUOlMA9x4Y24T2yqLPgVp87F52\n/jE7+AETzBs2NZQONyI3gnl62EAGo5pgfc/FF0glHPYSmuG+D2/I5+ZAASYHVJUg\nrQ8HsOtfWFoALYyDwO0ZaSJQb9L8YI2JPubI5XpFkT6RkhbTJ6IdXfxPcOAU1aef\nQvp7PDPhy+treTAowYPbcX9I2uGvn8Fz5kI2aYW3ViJDxSwlGJPAfT0CAwEAAaNa\nMFgwDgYDVR0PAQH/BAQDAgWgMBMGA1UdJQQMMAoGCCsGAQUFBwMBMAwGA1UdEwEB\n/wQCMAAwIwYDVR0RBBwwGoILZXhhbXBsZS5jb22CC2V4YW1wbGUubmV0MA0GCSqG\nSIb3DQEBCwUAA4IBAQC+eAbSQLc1RGiuR1c6osiTZytJAAKaZRt5I03b2tdZoSz/\nGuh9HdwQGqVXX89t1W3QK4UosNHKpilUPhbubUNgSX5IpfNPmJwRjPra6uBseP0g\nkHitPJ7IW553XBPESFWQ4N8axGbhEd5u6euI9gw78OV8z8/OVYHI0NM/9tM9TMLs\no1X88MMsQYpCCDRsvMf6D1SNtA5zWaapgpDKpcwpG0fBI6qJMnxLqPUSnkDINL0b\nc6NVM0Vkbepv27wiuIaJ1wf+rRGPffUqFUm4nA4Ay6gC7VjLLmmyr9QjE1yO538o\nrHnejfyvIYQUbNlja6K6V6sPnHd6zwh30rB8vxhQ\n-----END CERTIFICATE-----\n",
            "dns_names": [
              "example.com",
              "example.net"
            ],
            "early_renewal_hours": 3,
            "id": "151315520298544155271051106277297079834",
            "ip_addresses": null,
            "is_ca_certificate": null,
            "key_algorithm": "RSA",
            "private_key_pem": "fabca20a0ee5f69bf6b68979b8ece1aff3e39fb4",
            "ready_for_renewal": false,
            "set_subject_key_id": null,
            "subject": [
              {
                "common_name": "example.com",
                "country": "",
                "locality": "",
                "organization": "ACME Examples, Inc",
                "organizational_unit": "",
                "postal_code": "",
                "province": "",
                "serial_number": "",
                "street_address": null
              }
            ],
            "uris": null,
            "validity_end_time": "2020-05-19T22:46:13.908383+01:00",
            "validity_period_hours": 12,
            "validity_start_time": "2020-05-19T10:46:13.908383+01:00"
          },
          "private": "bnVsbA==",
          "dependencies": [
            "module.gke_service_account.tls_private_key.example"
          ]
        }
      ]
    },
    {
      "module": "module.vpc_network",
      "mode": "managed",
      "type": "tls_self_signed_cert",
      "name": "example",
      "provider": "provider.tls",
      "instances": [
        {
          "schema_version": 0,
          "attributes": {
            "allowed_uses": [
              "key_encipherment",
              "digital_signature",
              "server_auth"
            ],
            "cert_pem": "-----BEGIN CERTIFICATE-----\nMIIDSjCCAjKgAwIBAgIQYdSW5MYLKyxTkts+zNyQ2jANBgkqhkiG9w0BAQsFADAz\nMRswGQYDVQQKExJBQ01FIEV4YW1wbGVzLCBJbmMxFDASBgNVBAMTC2V4YW1wbGUu\nY29tMB4XDTIwMDUxOTA5NDYxM1oXDTIwMDUxOTIxNDYxM1owMzEbMBkGA1UEChMS\nQUNNRSBFeGFtcGxlcywgSW5jMRQwEgYDVQQDEwtleGFtcGxlLmNvbTCCASIwDQYJ\nKoZIhvcNAQEBBQADggEPADCCAQoCggEBAMgGiEvX8tyR/Z1PIBGc0rlExGGgjwRp\nvBSMG1LoVdyhVuvqN3qNQ+Qr6sOD39qoKNxHlUE64iiS8W9APEzYf26xNORuy25c\nN65J7xJSd8+Q9YHBlPDC1HB93JGsfDBD9qvsECDfHhyR0PFR+xtYlQLhibo6J7Gn\nB6Ks0yV1pdE16z/CGWj6TzpWxOiTsWJz3keT2vFhwhmcyRWzT54uQnURp/NaFvmO\nSmEJ7XXgC+SIOD/AfziVicMQoWwJrZzDYg0tAtSE9X5RXd+zfrToGFmuRzDp604E\nAHuCqr+dnHMI9Y35rVFqvT2TxSmmo5M73QVlh/OoEjsq30y0mzU7mk8CAwEAAaNa\nMFgwDgYDVR0PAQH/BAQDAgWgMBMGA1UdJQQMMAoGCCsGAQUFBwMBMAwGA1UdEwEB\n/wQCMAAwIwYDVR0RBBwwGoILZXhhbXBsZS5jb22CC2V4YW1wbGUubmV0MA0GCSqG\nSIb3DQEBCwUAA4IBAQBoXCgF43l/2UDxFpDWyVh+KbFbKG3Ts2oTTLKtC2sFUZk3\n++LtZv9l9hHM57ikJGpAEDWAXYT5x5BweEhslK/07QKR8EJpNIzODjbBwlCGDmes\ns6uc5MXsQGeOEYA15YCwGMC7uiGVihfdUJdiF6kUnQoUNUk9OQl5vFgRNu9ap6sq\nBkxLd8Z7+lk81x0my5XrHnL5RP+hsUApkQ3cDyuxJ3MoyZGT0y99+E7/i48h3aml\nkXrrcxWJ/6YJfSVRSirzMm8rKHZki9bv+B/dKvPTotjESKWdlVa2u5hnqt90MpIC\nPcu/YKA6L8BOJmIrh3t2oKt6m8qc/PdDRA1h1gYQ\n-----END CERTIFICATE-----\n",
            "dns_names": [
              "example.com",
              "example.net"
            ],
            "early_renewal_hours": 3,
            "id": "130038943011899358139830017365613777114",
            "ip_addresses": null,
            "is_ca_certificate": null,
            "key_algorithm": "RSA",
            "private_key_pem": "00a9060274f37c2a1b70dff01a9ceb951ae5717f",
            "ready_for_renewal": false,
            "set_subject_key_id": null,
            "subject": [
              {
                "common_name": "example.com",
                "country": "",
                "locality": "",
                "organization": "ACME Examples, Inc",
                "organizational_unit": "",
                "postal_code": "",
                "province": "",
                "serial_number": "",
                "street_address": null
              }
            ],
            "uris": null,
            "validity_end_time": "2020-05-19T22:46:13.805197+01:00",
            "validity_period_hours": 12,
            "validity_start_time": "2020-05-19T10:46:13.805197+01:00"
          },
          "private": "bnVsbA==",
          "dependencies": [
            "module.vpc_network.tls_private_key.example"
          ]
        }
      ]
    },
    {
      "module": "module.gke_cluster",
      "mode": "managed",
      "type": "tls_self_signed_cert",
      "name": "example",
      "provider": "provider.tls",
      "instances": [
        {
          "schema_version": 0,
          "attributes": {
            "allowed_uses": [
              "key_encipherment",
              "digital_signature",
              "server_auth"
            ],
            "cert_pem": "-----BEGIN CERTIFICATE-----\nMIIDSjCCAjKgAwIBAgIQSXgFUATpyH4rOMpoOFKjnjANBgkqhkiG9w0BAQsFADAz\nMRswGQYDVQQKExJBQ01FIEV4YW1wbGVzLCBJbmMxFDASBgNVBAMTC2V4YW1wbGUu\nY29tMB4XDTIwMDUxOTA5NDYxM1oXDTIwMDUxOTIxNDYxM1owMzEbMBkGA1UEChMS\nQUNNRSBFeGFtcGxlcywgSW5jMRQwEgYDVQQDEwtleGFtcGxlLmNvbTCCASIwDQYJ\nKoZIhvcNAQEBBQADggEPADCCAQoCggEBAODZAmOkP5VC84hOc/9nB+GF5216AxTI\nMJZwp+qfaeBH7VpiSzGAatRFx1M2ndAN/m6PfWfIsyymio7FU7J4YGt+GPuer9KV\nx3MQvnfRTRab/OHw8BaY7D0gODHYsXbNBloYJEx02hZZezVQ+sMEjb2OcVDvl37G\nPKKiP9/dDRew/gc35BpXH6avNuOdJB2yskib+rznITwjkZjiN0g6MGB1iK9o4Fcv\n/SMhHUySldSABdJehGrOLnnuFvvteicgfVZ+V0OZtOQDavfO0gGKC/jOwTeMxpeQ\nbbp62L2nY42ivhDQiK1vK7dUgqYilGHo1EmJRI541WtyzkwalF0lrzcCAwEAAaNa\nMFgwDgYDVR0PAQH/BAQDAgWgMBMGA1UdJQQMMAoGCCsGAQUFBwMBMAwGA1UdEwEB\n/wQCMAAwIwYDVR0RBBwwGoILZXhhbXBsZS5jb22CC2V4YW1wbGUubmV0MA0GCSqG\nSIb3DQEBCwUAA4IBAQAYZHiEjzd4Wd0jNLbEmAtY91du386W0CcoXe9ytkdJmM8H\nTLObYQCXzUCsR54kIMe3plNPoKz8BSwyTwaJ44VUwGWsJsq4CV5+OjR+LLRPOhiF\ngIlYKQTiTtNZaC2uxt4N+AmaovDnHbK3OJ7+PYem9mt3wmTELSdVK+CM2nV9SUbQ\nhDQKrpTUDOlObel5OY+TxSd69zPbCH8iZdRJi1n24UB9/IGWsCsBeuxd5ysPpTyI\nrLqqamK22MMD4qLP/HSqCBMfdQxWe4nl86Sq7172PtIt+psAwMPdXuxtrsrFw4Uh\nWOdJomcxbKXwx8tXY0X+H/pZ7OtalZnn9DPfCBbR\n-----END CERTIFICATE-----\n",
            "dns_names": [
              "example.com",
              "example.net"
            ],
            "early_renewal_hours": 3,
            "id": "97656827067144623992857079960092976030",
            "ip_addresses": null,
            "is_ca_certificate": null,
            "key_algorithm": "RSA",
            "private_key_pem": "7b275614a35693bc1c2d18458e3cf73a958ae62a",
            "ready_for_renewal": false,
            "set_subject_key_id": null,
            "subject": [
              {
                "common_name": "example.com",
                "country": "",
                "locality": "",
                "organization": "ACME Examples, Inc",
                "organizational_unit": "",
                "postal_code": "",
                "province": "",
                "serial_number": "",
                "street_address": null
              }
            ],
            "uris": null,
            "validity_end_time": "2020-05-19T22:46:13.944586+01:00",
            "validity_period_hours": 12,
            "validity_start_time": "2020-05-19T10:46:13.944586+01:00"
          },
          "private": "bnVsbA==",
          "dependencies": [
            "module.gke_cluster.tls_private_key.example"
          ]
        }
      ]
    }
  ]
}
