{
  "version": 4,
  "terraform_version": "0.12.24",
  "serial": 1114,
  "lineage": "dac106bf-df52-89ed-fc48-9d7bbf77b37d",
  "outputs": {
    "client_certificate": {
      "value": "",
      "type": "string"
    },
    "client_key": {
      "value": "",
      "type": "string",
      "sensitive": true
    },
    "cluster_ca_certificate": {
      "value": "-----BEGIN CERTIFICATE-----\nMIIDCzCCAfOgAwIBAgIQXVp5hZf2a4PkAqDACqQO8zANBgkqhkiG9w0BAQsFADAv\nMS0wKwYDVQQDEyQ0ZGUwOWE1Yi0wOGZmLTRlMTItYWE5YS0xM2FmMGE5NDY2OTUw\nHhcNMjAwNTE4MDcxOTA3WhcNMjUwNTE3MDgxOTA3WjAvMS0wKwYDVQQDEyQ0ZGUw\nOWE1Yi0wOGZmLTRlMTItYWE5YS0xM2FmMGE5NDY2OTUwggEiMA0GCSqGSIb3DQEB\nAQUAA4IBDwAwggEKAoIBAQCcXF77Acv3Fz75eNOy4gVO20bnIBUz7SNm2Ajwud8O\ncyosw4w8tcHXDqqjJQdE+KmSmYJooDqv2U5+AOJ+HHDo+AmlvgEQZdKw02vPEfKE\nLcglA9kVHqvpLSox8QT9zUw/wXWRor0SCbWOfnlMqcfhdHljgXN1cjEmNyEgaWBF\nWrMauIVX+CeI5ju47aODB/eFTm/1DWXNrGsdfJYg65adzZmUaBAFgj9qhjpU4qpT\n+mVc9tXN8bPMCmpqz2TsZMwwMTukuclVCgtESsyifj2X3xsfk+5On1JqIi0HZ1BL\nC0lU8e4sJKi6AfHKz1gtvBomLugM3wFNg2g3RCDA5jAfAgMBAAGjIzAhMA4GA1Ud\nDwEB/wQEAwICBDAPBgNVHRMBAf8EBTADAQH/MA0GCSqGSIb3DQEBCwUAA4IBAQAf\nEeIhiB715im7CaDq1vhw+rszSMq+jkl+hee+OUp8P5mLDuB+Dv6YsP4Z6P082A9c\ncR5vmcdjimKs/e6AJbG9Luq+Or/RWZPsOBhNdbQjc/49Hj0vbLHF/x1QWEB0vdq6\n6GM/+MODhvW2VYghgt/WZhbZOQbdpycpzxexSIy//W4PtKN4k7pxHO0GQSvoNbuw\nEvjXKN+XkjKBLnCBAFZku9Xckp2Y5XJhvCcAQdBh9yvZFyUo32fet0agS4SIESJ9\nESc3G6SUtAysGU5J4peO5fIsauur+thnOt/eklE/MKCzHNDHvxPKBrRR2D/CYBOS\nN3tu5/tQS5MgfxVeSFuk\n-----END CERTIFICATE-----\n",
      "type": "string",
      "sensitive": true
    },
    "cluster_endpoint": {
      "value": "35.234.145.8",
      "type": "string",
      "sensitive": true
    }
  },
  "resources": [
    {
      "module": "module.vpc_network.module.network_firewall",
      "mode": "data",
      "type": "google_compute_subnetwork",
      "name": "private_subnetwork",
      "provider": "provider.google",
      "instances": [
        {
          "schema_version": 0,
          "attributes": {
            "description": "",
            "gateway_address": "10.3.16.1",
            "id": "europe-west2/example-private-cluster-network-aene-subnetwork-private",
            "ip_cidr_range": "10.3.16.0/20",
            "name": null,
            "network": "https://www.googleapis.com/compute/v1/projects/magento2-269418/global/networks/example-private-cluster-network-aene-network",
            "private_ip_google_access": true,
            "project": "magento2-269418",
            "region": "europe-west2",
            "secondary_ip_range": [
              {
                "ip_cidr_range": "10.4.16.0/20",
                "range_name": "private-services"
              }
            ],
            "self_link": "https://www.googleapis.com/compute/v1/projects/magento2-269418/regions/europe-west2/subnetworks/example-private-cluster-network-aene-subnetwork-private"
          }
        }
      ]
    },
    {
      "module": "module.vpc_network.module.network_firewall",
      "mode": "data",
      "type": "google_compute_subnetwork",
      "name": "public_subnetwork",
      "provider": "provider.google",
      "instances": [
        {
          "schema_version": 0,
          "attributes": {
            "description": "",
            "gateway_address": "10.3.0.1",
            "id": "europe-west2/example-private-cluster-network-aene-subnetwork-public",
            "ip_cidr_range": "10.3.0.0/20",
            "name": null,
            "network": "https://www.googleapis.com/compute/v1/projects/magento2-269418/global/networks/example-private-cluster-network-aene-network",
            "private_ip_google_access": true,
            "project": "magento2-269418",
            "region": "europe-west2",
            "secondary_ip_range": [
              {
                "ip_cidr_range": "10.4.0.0/20",
                "range_name": "public-services"
              }
            ],
            "self_link": "https://www.googleapis.com/compute/v1/projects/magento2-269418/regions/europe-west2/subnetworks/example-private-cluster-network-aene-subnetwork-public"
          }
        }
      ]
    },
    {
      "module": "module.gke_cluster",
      "mode": "data",
      "type": "google_container_engine_versions",
      "name": "location",
      "provider": "provider.google",
      "instances": [
        {
          "schema_version": 0,
          "attributes": {
            "default_cluster_version": "1.14.10-gke.36",
            "id": "2020-05-18 11:39:23.245903 +0000 UTC",
            "latest_master_version": "1.16.8-gke.15",
            "latest_node_version": "1.16.8-gke.15",
            "location": "europe-west2-a",
            "project": "magento2-269418",
            "region": null,
            "valid_master_versions": [
              "1.16.8-gke.15",
              "1.15.11-gke.13",
              "1.15.11-gke.12",
              "1.15.11-gke.11",
              "1.15.11-gke.9",
              "1.15.11-gke.5",
              "1.15.11-gke.3",
              "1.15.9-gke.24",
              "1.14.10-gke.37",
              "1.14.10-gke.36"
            ],
            "valid_node_versions": [
              "1.16.8-gke.15",
              "1.16.8-gke.12",
              "1.16.8-gke.9",
              "1.15.11-gke.13",
              "1.15.11-gke.12",
              "1.15.11-gke.11",
              "1.15.11-gke.9",
              "1.15.11-gke.5",
              "1.15.11-gke.3",
              "1.15.11-gke.1",
              "1.15.9-gke.26",
              "1.15.9-gke.24",
              "1.15.9-gke.22",
              "1.15.9-gke.12",
              "1.15.9-gke.9",
              "1.15.9-gke.8",
              "1.15.8-gke.3",
              "1.15.8-gke.2",
              "1.15.7-gke.23",
              "1.15.7-gke.2",
              "1.15.4-gke.22",
              "1.14.10-gke.37",
              "1.14.10-gke.36",
              "1.14.10-gke.34",
              "1.14.10-gke.32",
              "1.14.10-gke.31",
              "1.14.10-gke.27",
              "1.14.10-gke.24",
              "1.14.10-gke.22",
              "1.14.10-gke.21",
              "1.14.10-gke.17",
              "1.14.10-gke.0",
              "1.14.9-gke.23",
              "1.14.9-gke.2",
              "1.14.9-gke.0",
              "1.14.8-gke.33",
              "1.14.8-gke.21",
              "1.14.8-gke.18",
              "1.14.8-gke.17",
              "1.14.8-gke.14",
              "1.14.8-gke.12",
              "1.14.8-gke.7",
              "1.14.8-gke.2",
              "1.14.7-gke.40",
              "1.14.7-gke.25",
              "1.14.7-gke.23",
              "1.14.7-gke.17",
              "1.14.7-gke.14",
              "1.14.7-gke.10",
              "1.14.6-gke.13",
              "1.14.6-gke.2",
              "1.14.6-gke.1",
              "1.14.3-gke.11",
              "1.14.3-gke.10",
              "1.14.3-gke.9",
              "1.14.2-gke.9",
              "1.14.1-gke.5",
              "1.13.12-gke.30",
              "1.13.12-gke.25",
              "1.13.12-gke.17",
              "1.13.12-gke.16",
              "1.13.12-gke.14",
              "1.13.12-gke.13",
              "1.13.12-gke.10",
              "1.13.12-gke.8",
              "1.13.12-gke.4",
              "1.13.12-gke.2",
              "1.13.11-gke.23",
              "1.13.11-gke.15",
              "1.13.11-gke.14",
              "1.13.11-gke.12",
              "1.13.11-gke.11",
              "1.13.11-gke.9",
              "1.13.11-gke.5",
              "1.13.10-gke.7",
              "1.13.10-gke.0",
              "1.13.9-gke.11",
              "1.13.9-gke.3",
              "1.13.7-gke.24",
              "1.13.7-gke.19",
              "1.13.7-gke.15",
              "1.13.7-gke.8",
              "1.13.7-gke.0",
              "1.13.6-gke.13",
              "1.13.6-gke.6",
              "1.13.6-gke.5",
              "1.13.6-gke.0",
              "1.13.5-gke.10",
              "1.12.10-gke.22",
              "1.12.10-gke.20",
              "1.12.10-gke.19",
              "1.12.10-gke.18",
              "1.12.10-gke.17",
              "1.12.10-gke.15",
              "1.12.10-gke.13",
              "1.12.10-gke.11",
              "1.12.10-gke.5",
              "1.12.9-gke.16",
              "1.12.9-gke.15",
              "1.12.9-gke.13",
              "1.12.9-gke.10",
              "1.12.9-gke.7",
              "1.12.9-gke.3",
              "1.12.8-gke.12",
              "1.12.8-gke.10",
              "1.12.8-gke.7",
              "1.12.8-gke.6",
              "1.12.7-gke.26",
              "1.12.7-gke.25",
              "1.12.7-gke.24",
              "1.12.7-gke.22",
              "1.12.7-gke.21",
              "1.12.7-gke.17",
              "1.12.7-gke.10",
              "1.12.7-gke.7",
              "1.12.6-gke.11",
              "1.12.6-gke.10",
              "1.12.6-gke.7",
              "1.12.5-gke.10",
              "1.12.5-gke.5",
              "1.11.10-gke.6",
              "1.11.10-gke.5",
              "1.11.10-gke.4",
              "1.11.9-gke.13",
              "1.11.9-gke.8",
              "1.11.9-gke.5",
              "1.11.8-gke.10",
              "1.11.8-gke.6",
              "1.11.8-gke.5",
              "1.11.8-gke.4",
              "1.11.7-gke.18",
              "1.11.7-gke.12",
              "1.11.7-gke.6",
              "1.11.7-gke.4",
              "1.11.6-gke.16",
              "1.11.6-gke.11",
              "1.11.6-gke.6",
              "1.11.6-gke.3",
              "1.11.6-gke.2",
              "1.11.6-gke.0",
              "1.11.5-gke.5",
              "1.11.5-gke.4",
              "1.11.4-gke.13",
              "1.11.4-gke.12",
              "1.11.4-gke.8",
              "1.11.3-gke.24",
              "1.11.3-gke.23",
              "1.11.3-gke.18",
              "1.11.2-gke.26",
              "1.11.2-gke.25",
              "1.11.2-gke.20",
              "1.11.2-gke.18",
              "1.11.2-gke.15",
              "1.11.2-gke.9",
              "1.10.12-gke.14",
              "1.10.12-gke.9",
              "1.10.12-gke.7",
              "1.10.12-gke.1",
              "1.10.12-gke.0",
              "1.10.11-gke.1",
              "1.10.9-gke.7",
              "1.10.9-gke.5",
              "1.10.9-gke.3",
              "1.10.9-gke.0",
              "1.10.7-gke.13",
              "1.10.7-gke.11",
              "1.10.7-gke.9",
              "1.10.7-gke.6",
              "1.10.7-gke.2",
              "1.10.7-gke.1",
              "1.10.6-gke.13",
              "1.10.6-gke.11",
              "1.10.6-gke.9",
              "1.10.6-gke.6",
              "1.10.6-gke.4",
              "1.10.6-gke.3",
              "1.10.6-gke.2",
              "1.10.6-gke.1",
              "1.10.5-gke.4",
              "1.10.5-gke.3",
              "1.10.5-gke.2",
              "1.10.5-gke.0",
              "1.10.4-gke.3",
              "1.10.4-gke.2",
              "1.10.4-gke.0",
              "1.10.2-gke.4",
              "1.10.2-gke.3",
              "1.10.2-gke.1",
              "1.9.7-gke.11",
              "1.9.7-gke.7",
              "1.9.7-gke.6",
              "1.9.7-gke.5",
              "1.9.7-gke.4",
              "1.9.7-gke.3",
              "1.9.7-gke.1",
              "1.9.7-gke.0",
              "1.9.6-gke.2",
              "1.9.6-gke.1",
              "1.9.3-gke.0",
              "1.8.12-gke.3",
              "1.8.12-gke.2",
              "1.8.12-gke.1",
              "1.8.12-gke.0",
              "1.8.10-gke.2",
              "1.8.10-gke.0",
              "1.8.9-gke.1",
              "1.8.8-gke.0",
              "1.7.15-gke.0",
              "1.7.12-gke.2",
              "1.6.13-gke.1"
            ],
            "version_prefix": null,
            "zone": null
          }
        }
      ]
    },
    {
      "mode": "managed",
      "type": "google_compute_disk",
      "name": "default",
      "provider": "provider.google",
      "instances": [
        {
          "schema_version": 0,
          "attributes": {
            "creation_timestamp": "2020-05-18T01:18:13.258-07:00",
            "description": "To hold Magento peristent data i.e. media assets and logs",
            "disk_encryption_key": [],
            "disk_encryption_key_raw": null,
            "disk_encryption_key_sha256": null,
            "id": "nfs-disk",
            "image": "",
            "label_fingerprint": "a6HI36FuYIQ=",
            "labels": {
              "environment": "dev"
            },
            "last_attach_timestamp": "2020-05-18T01:51:45.175-07:00",
            "last_detach_timestamp": "",
            "name": "nfs-disk",
            "physical_block_size_bytes": 4096,
            "project": "magento2-269418",
            "self_link": "https://www.googleapis.com/compute/v1/projects/magento2-269418/zones/europe-west2-a/disks/nfs-disk",
            "size": 10,
            "snapshot": "",
            "source_image_encryption_key": [],
            "source_image_id": "",
            "source_snapshot_encryption_key": [],
            "source_snapshot_id": "",
            "timeouts": null,
            "type": "pd-ssd",
            "users": [
              "https://www.googleapis.com/compute/v1/projects/magento2-269418/zones/europe-west2-a/instances/gke-example-private-clu-nfs-node-pool-c148c4eb-hpfd"
            ],
            "zone": "europe-west2-a"
          },
          "private": "eyJlMmJmYjczMC1lY2FhLTExZTYtOGY4OC0zNDM2M2JjN2M0YzAiOnsiY3JlYXRlIjozMDAwMDAwMDAwMDAsImRlbGV0ZSI6MjQwMDAwMDAwMDAwLCJ1cGRhdGUiOjI0MDAwMDAwMDAwMH19"
        }
      ]
    },
    {
      "module": "module.vpc_network.module.network_firewall",
      "mode": "managed",
      "type": "google_compute_firewall",
      "name": "private_allow_all_network_inbound",
      "provider": "provider.google",
      "instances": [
        {
          "schema_version": 1,
          "attributes": {
            "allow": [
              {
                "ports": [],
                "protocol": "all"
              }
            ],
            "creation_timestamp": "2020-05-18T01:19:18.175-07:00",
            "deny": [],
            "description": "",
            "destination_ranges": [],
            "direction": "INGRESS",
            "disabled": false,
            "id": "example-private-cluster-network-aene-private-allow-ingress",
            "name": "example-private-cluster-network-aene-private-allow-ingress",
            "network": "https://www.googleapis.com/compute/v1/projects/magento2-269418/global/networks/example-private-cluster-network-aene-network",
            "priority": 1000,
            "project": "magento2-269418",
            "self_link": "https://www.googleapis.com/compute/v1/projects/magento2-269418/global/firewalls/example-private-cluster-network-aene-private-allow-ingress",
            "source_ranges": [
              "10.3.0.0/20",
              "10.3.16.0/20",
              "10.4.0.0/20",
              "10.4.16.0/20"
            ],
            "source_service_accounts": [],
            "source_tags": [],
            "target_service_accounts": [],
            "target_tags": [
              "private"
            ],
            "timeouts": null
          },
          "private": "eyJlMmJmYjczMC1lY2FhLTExZTYtOGY4OC0zNDM2M2JjN2M0YzAiOnsiY3JlYXRlIjoyNDAwMDAwMDAwMDAsImRlbGV0ZSI6MjQwMDAwMDAwMDAwLCJ1cGRhdGUiOjI0MDAwMDAwMDAwMH0sInNjaGVtYV92ZXJzaW9uIjoiMSJ9",
          "dependencies": [
            "module.vpc_network.google_compute_network.vpc",
            "module.vpc_network.google_compute_subnetwork.vpc_subnetwork_private",
            "module.vpc_network.google_compute_subnetwork.vpc_subnetwork_public",
            "random_string.suffix"
          ]
        }
      ]
    },
    {
      "module": "module.vpc_network.module.network_firewall",
      "mode": "managed",
      "type": "google_compute_firewall",
      "name": "private_allow_restricted_network_inbound",
      "provider": "provider.google",
      "instances": [
        {
          "schema_version": 1,
          "attributes": {
            "allow": [
              {
                "ports": [],
                "protocol": "all"
              }
            ],
            "creation_timestamp": "2020-05-18T01:18:30.366-07:00",
            "deny": [],
            "description": "",
            "destination_ranges": [],
            "direction": "INGRESS",
            "disabled": false,
            "id": "example-private-cluster-network-aene-allow-restricted-inbound",
            "name": "example-private-cluster-network-aene-allow-restricted-inbound",
            "network": "https://www.googleapis.com/compute/v1/projects/magento2-269418/global/networks/example-private-cluster-network-aene-network",
            "priority": 1000,
            "project": "magento2-269418",
            "self_link": "https://www.googleapis.com/compute/v1/projects/magento2-269418/global/firewalls/example-private-cluster-network-aene-allow-restricted-inbound",
            "source_ranges": [],
            "source_service_accounts": [],
            "source_tags": [
              "private",
              "private-persistence"
            ],
            "target_service_accounts": [],
            "target_tags": [
              "private-persistence"
            ],
            "timeouts": null
          },
          "private": "eyJlMmJmYjczMC1lY2FhLTExZTYtOGY4OC0zNDM2M2JjN2M0YzAiOnsiY3JlYXRlIjoyNDAwMDAwMDAwMDAsImRlbGV0ZSI6MjQwMDAwMDAwMDAwLCJ1cGRhdGUiOjI0MDAwMDAwMDAwMH0sInNjaGVtYV92ZXJzaW9uIjoiMSJ9",
          "dependencies": [
            "module.vpc_network.google_compute_network.vpc",
            "random_string.suffix"
          ]
        }
      ]
    },
    {
      "module": "module.vpc_network.module.network_firewall",
      "mode": "managed",
      "type": "google_compute_firewall",
      "name": "public_allow_all_inbound",
      "provider": "provider.google",
      "instances": [
        {
          "schema_version": 1,
          "attributes": {
            "allow": [
              {
                "ports": [],
                "protocol": "all"
              }
            ],
            "creation_timestamp": "2020-05-18T01:18:29.863-07:00",
            "deny": [],
            "description": "",
            "destination_ranges": [],
            "direction": "INGRESS",
            "disabled": false,
            "id": "example-private-cluster-network-aene-public-allow-ingress",
            "name": "example-private-cluster-network-aene-public-allow-ingress",
            "network": "https://www.googleapis.com/compute/v1/projects/magento2-269418/global/networks/example-private-cluster-network-aene-network",
            "priority": 1000,
            "project": "magento2-269418",
            "self_link": "https://www.googleapis.com/compute/v1/projects/magento2-269418/global/firewalls/example-private-cluster-network-aene-public-allow-ingress",
            "source_ranges": [
              "0.0.0.0/0"
            ],
            "source_service_accounts": [],
            "source_tags": [],
            "target_service_accounts": [],
            "target_tags": [
              "public"
            ],
            "timeouts": null
          },
          "private": "eyJlMmJmYjczMC1lY2FhLTExZTYtOGY4OC0zNDM2M2JjN2M0YzAiOnsiY3JlYXRlIjoyNDAwMDAwMDAwMDAsImRlbGV0ZSI6MjQwMDAwMDAwMDAwLCJ1cGRhdGUiOjI0MDAwMDAwMDAwMH0sInNjaGVtYV92ZXJzaW9uIjoiMSJ9",
          "dependencies": [
            "module.vpc_network.google_compute_network.vpc",
            "random_string.suffix"
          ]
        }
      ]
    },
    {
      "module": "module.vpc_network",
      "mode": "managed",
      "type": "google_compute_network",
      "name": "vpc",
      "provider": "provider.google",
      "instances": [
        {
          "schema_version": 0,
          "attributes": {
            "auto_create_subnetworks": false,
            "delete_default_routes_on_create": false,
            "description": "",
            "gateway_ipv4": "",
            "id": "example-private-cluster-network-aene-network",
            "ipv4_range": "",
            "name": "example-private-cluster-network-aene-network",
            "project": "magento2-269418",
            "routing_mode": "REGIONAL",
            "self_link": "https://www.googleapis.com/compute/v1/projects/magento2-269418/global/networks/example-private-cluster-network-aene-network",
            "timeouts": null
          },
          "private": "eyJlMmJmYjczMC1lY2FhLTExZTYtOGY4OC0zNDM2M2JjN2M0YzAiOnsiY3JlYXRlIjoyNDAwMDAwMDAwMDAsImRlbGV0ZSI6MjQwMDAwMDAwMDAwLCJ1cGRhdGUiOjI0MDAwMDAwMDAwMH19",
          "dependencies": [
            "random_string.suffix"
          ]
        }
      ]
    },
    {
      "module": "module.vpc_network",
      "mode": "managed",
      "type": "google_compute_router",
      "name": "vpc_router",
      "provider": "provider.google",
      "instances": [
        {
          "schema_version": 0,
          "attributes": {
            "bgp": [],
            "creation_timestamp": "2020-05-18T01:18:30.088-07:00",
            "description": "",
            "id": "europe-west2/example-private-cluster-network-aene-router",
            "name": "example-private-cluster-network-aene-router",
            "network": "https://www.googleapis.com/compute/v1/projects/magento2-269418/global/networks/example-private-cluster-network-aene-network",
            "project": "magento2-269418",
            "region": "europe-west2",
            "self_link": "https://www.googleapis.com/compute/v1/projects/magento2-269418/regions/europe-west2/routers/example-private-cluster-network-aene-router",
            "timeouts": null
          },
          "private": "eyJlMmJmYjczMC1lY2FhLTExZTYtOGY4OC0zNDM2M2JjN2M0YzAiOnsiY3JlYXRlIjoyNDAwMDAwMDAwMDAsImRlbGV0ZSI6MjQwMDAwMDAwMDAwLCJ1cGRhdGUiOjI0MDAwMDAwMDAwMH19",
          "dependencies": [
            "module.vpc_network.google_compute_network.vpc",
            "random_string.suffix"
          ]
        }
      ]
    },
    {
      "module": "module.vpc_network",
      "mode": "managed",
      "type": "google_compute_router_nat",
      "name": "vpc_nat",
      "provider": "provider.google",
      "instances": [
        {
          "schema_version": 0,
          "attributes": {
            "icmp_idle_timeout_sec": 30,
            "id": "magento2-269418/europe-west2/example-private-cluster-network-aene-router/example-private-cluster-network-aene-nat",
            "log_config": [],
            "min_ports_per_vm": 0,
            "name": "example-private-cluster-network-aene-nat",
            "nat_ip_allocate_option": "AUTO_ONLY",
            "nat_ips": [],
            "project": "magento2-269418",
            "region": "europe-west2",
            "router": "example-private-cluster-network-aene-router",
            "source_subnetwork_ip_ranges_to_nat": "LIST_OF_SUBNETWORKS",
            "subnetwork": [
              {
                "name": "https://www.googleapis.com/compute/v1/projects/magento2-269418/regions/europe-west2/subnetworks/example-private-cluster-network-aene-subnetwork-public",
                "secondary_ip_range_names": [],
                "source_ip_ranges_to_nat": [
                  "ALL_IP_RANGES"
                ]
              }
            ],
            "tcp_established_idle_timeout_sec": 1200,
            "tcp_transitory_idle_timeout_sec": 30,
            "timeouts": null,
            "udp_idle_timeout_sec": 30
          },
          "private": "eyJlMmJmYjczMC1lY2FhLTExZTYtOGY4OC0zNDM2M2JjN2M0YzAiOnsiY3JlYXRlIjo2MDAwMDAwMDAwMDAsImRlbGV0ZSI6NjAwMDAwMDAwMDAwLCJ1cGRhdGUiOjYwMDAwMDAwMDAwMH19",
          "dependencies": [
            "module.vpc_network.google_compute_network.vpc",
            "module.vpc_network.google_compute_router.vpc_router",
            "module.vpc_network.google_compute_subnetwork.vpc_subnetwork_public",
            "random_string.suffix"
          ]
        }
      ]
    },
    {
      "module": "module.vpc_network",
      "mode": "managed",
      "type": "google_compute_subnetwork",
      "name": "vpc_subnetwork_private",
      "provider": "provider.google",
      "instances": [
        {
          "schema_version": 0,
          "attributes": {
            "creation_timestamp": "2020-05-18T01:18:30.350-07:00",
            "description": "",
            "enable_flow_logs": true,
            "fingerprint": "OkmKRD8TWv0=",
            "gateway_address": "10.3.16.1",
            "id": "europe-west2/example-private-cluster-network-aene-subnetwork-private",
            "ip_cidr_range": "10.3.16.0/20",
            "log_config": [
              {
                "aggregation_interval": "INTERVAL_5_SEC",
                "flow_sampling": 0.5,
                "metadata": "INCLUDE_ALL_METADATA"
              }
            ],
            "name": "example-private-cluster-network-aene-subnetwork-private",
            "network": "https://www.googleapis.com/compute/v1/projects/magento2-269418/global/networks/example-private-cluster-network-aene-network",
            "private_ip_google_access": true,
            "project": "magento2-269418",
            "region": "europe-west2",
            "secondary_ip_range": [
              {
                "ip_cidr_range": "10.4.16.0/20",
                "range_name": "private-services"
              }
            ],
            "self_link": "https://www.googleapis.com/compute/v1/projects/magento2-269418/regions/europe-west2/subnetworks/example-private-cluster-network-aene-subnetwork-private",
            "timeouts": null
          },
          "private": "eyJlMmJmYjczMC1lY2FhLTExZTYtOGY4OC0zNDM2M2JjN2M0YzAiOnsiY3JlYXRlIjozNjAwMDAwMDAwMDAsImRlbGV0ZSI6MzYwMDAwMDAwMDAwLCJ1cGRhdGUiOjM2MDAwMDAwMDAwMH19",
          "dependencies": [
            "module.vpc_network.google_compute_network.vpc",
            "random_string.suffix"
          ]
        }
      ]
    },
    {
      "module": "module.vpc_network",
      "mode": "managed",
      "type": "google_compute_subnetwork",
      "name": "vpc_subnetwork_public",
      "provider": "provider.google",
      "instances": [
        {
          "schema_version": 0,
          "attributes": {
            "creation_timestamp": "2020-05-18T01:18:30.111-07:00",
            "description": "",
            "enable_flow_logs": true,
            "fingerprint": "0lIVZeZrDWc=",
            "gateway_address": "10.3.0.1",
            "id": "europe-west2/example-private-cluster-network-aene-subnetwork-public",
            "ip_cidr_range": "10.3.0.0/20",
            "log_config": [
              {
                "aggregation_interval": "INTERVAL_5_SEC",
                "flow_sampling": 0.5,
                "metadata": "INCLUDE_ALL_METADATA"
              }
            ],
            "name": "example-private-cluster-network-aene-subnetwork-public",
            "network": "https://www.googleapis.com/compute/v1/projects/magento2-269418/global/networks/example-private-cluster-network-aene-network",
            "private_ip_google_access": true,
            "project": "magento2-269418",
            "region": "europe-west2",
            "secondary_ip_range": [
              {
                "ip_cidr_range": "10.4.0.0/20",
                "range_name": "public-services"
              }
            ],
            "self_link": "https://www.googleapis.com/compute/v1/projects/magento2-269418/regions/europe-west2/subnetworks/example-private-cluster-network-aene-subnetwork-public",
            "timeouts": null
          },
          "private": "eyJlMmJmYjczMC1lY2FhLTExZTYtOGY4OC0zNDM2M2JjN2M0YzAiOnsiY3JlYXRlIjozNjAwMDAwMDAwMDAsImRlbGV0ZSI6MzYwMDAwMDAwMDAwLCJ1cGRhdGUiOjM2MDAwMDAwMDAwMH19",
          "dependencies": [
            "module.vpc_network.google_compute_network.vpc",
            "random_string.suffix"
          ]
        }
      ]
    },
    {
      "module": "module.gke_cluster",
      "mode": "managed",
      "type": "google_container_cluster",
      "name": "cluster",
      "provider": "provider.google-beta",
      "instances": [
        {
          "schema_version": 1,
          "attributes": {
            "additional_zones": [],
            "addons_config": [
              {
                "cloudrun_config": [],
                "horizontal_pod_autoscaling": [
                  {
                    "disabled": false
                  }
                ],
                "http_load_balancing": [
                  {
                    "disabled": false
                  }
                ],
                "istio_config": [],
                "kubernetes_dashboard": [
                  {
                    "disabled": true
                  }
                ],
                "network_policy_config": [
                  {
                    "disabled": false
                  }
                ]
              }
            ],
            "authenticator_groups_config": [],
            "cluster_autoscaling": [
              {
                "enabled": false,
                "resource_limits": []
              }
            ],
            "cluster_ipv4_cidr": "10.4.0.0/20",
            "database_encryption": [
              {
                "key_name": "",
                "state": "DECRYPTED"
              }
            ],
            "default_max_pods_per_node": 110,
            "description": "",
            "enable_binary_authorization": false,
            "enable_intranode_visibility": false,
            "enable_kubernetes_alpha": false,
            "enable_legacy_abac": false,
            "enable_shielded_nodes": false,
            "enable_tpu": false,
            "endpoint": "35.234.145.8",
            "id": "example-private-cluster",
            "initial_node_count": 1,
            "instance_group_urls": [
              "https://www.googleapis.com/compute/beta/projects/magento2-269418/zones/europe-west2-a/instanceGroups/gke-example-private-clus-db-node-pool-3f391bdf-grp",
              "https://www.googleapis.com/compute/beta/projects/magento2-269418/zones/europe-west2-a/instanceGroups/gke-example-private-clu-nfs-node-pool-c148c4eb-grp",
              "https://www.googleapis.com/compute/beta/projects/magento2-269418/zones/europe-west2-a/instanceGroups/gke-example-private-clus-private-pool-e8f2bb37-grp"
            ],
            "ip_allocation_policy": [
              {
                "cluster_ipv4_cidr_block": "10.4.0.0/20",
                "cluster_secondary_range_name": "public-services",
                "create_subnetwork": false,
                "node_ipv4_cidr_block": "10.3.0.0/20",
                "services_ipv4_cidr_block": "10.4.0.0/20",
                "services_secondary_range_name": "public-services",
                "subnetwork_name": "",
                "use_ip_aliases": true
              }
            ],
            "location": "europe-west2-a",
            "logging_service": "logging.googleapis.com/kubernetes",
            "maintenance_policy": [
              {
                "daily_maintenance_window": [
                  {
                    "duration": "PT4H0M0S",
                    "start_time": "05:00"
                  }
                ],
                "recurring_window": []
              }
            ],
            "master_auth": [
              {
                "client_certificate": "",
                "client_certificate_config": [
                  {
                    "issue_client_certificate": false
                  }
                ],
                "client_key": "",
                "cluster_ca_certificate": "LS0tLS1CRUdJTiBDRVJUSUZJQ0FURS0tLS0tCk1JSURDekNDQWZPZ0F3SUJBZ0lRWFZwNWhaZjJhNFBrQXFEQUNxUU84ekFOQmdrcWhraUc5dzBCQVFzRkFEQXYKTVMwd0t3WURWUVFERXlRMFpHVXdPV0UxWWkwd09HWm1MVFJsTVRJdFlXRTVZUzB4TTJGbU1HRTVORFkyT1RVdwpIaGNOTWpBd05URTRNRGN4T1RBM1doY05NalV3TlRFM01EZ3hPVEEzV2pBdk1TMHdLd1lEVlFRREV5UTBaR1V3Ck9XRTFZaTB3T0dabUxUUmxNVEl0WVdFNVlTMHhNMkZtTUdFNU5EWTJPVFV3Z2dFaU1BMEdDU3FHU0liM0RRRUIKQVFVQUE0SUJEd0F3Z2dFS0FvSUJBUUNjWEY3N0FjdjNGejc1ZU5PeTRnVk8yMGJuSUJVejdTTm0yQWp3dWQ4TwpjeW9zdzR3OHRjSFhEcXFqSlFkRStLbVNtWUpvb0RxdjJVNStBT0orSEhEbytBbWx2Z0VRWmRLdzAydlBFZktFCkxjZ2xBOWtWSHF2cExTb3g4UVQ5elV3L3dYV1JvcjBTQ2JXT2ZubE1xY2ZoZEhsamdYTjFjakVtTnlFZ2FXQkYKV3JNYXVJVlgrQ2VJNWp1NDdhT0RCL2VGVG0vMURXWE5yR3NkZkpZZzY1YWR6Wm1VYUJBRmdqOXFoanBVNHFwVAorbVZjOXRYTjhiUE1DbXBxejJUc1pNd3dNVHVrdWNsVkNndEVTc3lpZmoyWDN4c2ZrKzVPbjFKcUlpMEhaMUJMCkMwbFU4ZTRzSktpNkFmSEt6MWd0dkJvbUx1Z00zd0ZOZzJnM1JDREE1akFmQWdNQkFBR2pJekFoTUE0R0ExVWQKRHdFQi93UUVBd0lDQkRBUEJnTlZIUk1CQWY4RUJUQURBUUgvTUEwR0NTcUdTSWIzRFFFQkN3VUFBNElCQVFBZgpFZUloaUI3MTVpbTdDYURxMXZodytyc3pTTXEramtsK2hlZStPVXA4UDVtTER1QitEdjZZc1A0WjZQMDgyQTljCmNSNXZtY2RqaW1Lcy9lNkFKYkc5THVxK09yL1JXWlBzT0JoTmRiUWpjLzQ5SGowdmJMSEYveDFRV0VCMHZkcTYKNkdNLytNT0RodlcyVllnaGd0L1daaGJaT1FiZHB5Y3B6eGV4U0l5Ly9XNFB0S040azdweEhPMEdRU3ZvTmJ1dwpFdmpYS04rWGtqS0JMbkNCQUZaa3U5WGNrcDJZNVhKaHZDY0FRZEJoOXl2WkZ5VW8zMmZldDBhZ1M0U0lFU0o5CkVTYzNHNlNVdEF5c0dVNUo0cGVPNWZJc2F1dXIrdGhuT3QvZWtsRS9NS0N6SE5ESHZ4UEtCclJSMkQvQ1lCT1MKTjN0dTUvdFFTNU1nZnhWZVNGdWsKLS0tLS1FTkQgQ0VSVElGSUNBVEUtLS0tLQo=",
                "password": "",
                "username": ""
              }
            ],
            "master_authorized_networks_config": [
              {
                "cidr_blocks": [
                  {
                    "cidr_block": "0.0.0.0/0",
                    "display_name": "all-for-testing"
                  }
                ]
              }
            ],
            "master_version": "1.16.8-gke.15",
            "min_master_version": "1.16.8-gke.15",
            "monitoring_service": "monitoring.googleapis.com/kubernetes",
            "name": "example-private-cluster",
            "network": "projects/magento2-269418/global/networks/example-private-cluster-network-aene-network",
            "network_policy": [
              {
                "enabled": true,
                "provider": "CALICO"
              }
            ],
            "node_config": [
              {
                "disk_size_gb": 10,
                "disk_type": "pd-standard",
                "guest_accelerator": [],
                "image_type": "COS",
                "labels": {
                  "private-db-pool": "mysql-db"
                },
                "local_ssd_count": 0,
                "machine_type": "n1-standard-2",
                "metadata": {
                  "disable-legacy-endpoints": "true"
                },
                "min_cpu_platform": "",
                "oauth_scopes": [
                  "https://www.googleapis.com/auth/cloud-platform"
                ],
                "preemptible": false,
                "sandbox_config": [],
                "service_account": "example-private-cluster-sa@magento2-269418.iam.gserviceaccount.com",
                "shielded_instance_config": [
                  {
                    "enable_integrity_monitoring": true,
                    "enable_secure_boot": false
                  }
                ],
                "tags": [
                  "private",
                  "private-db-pool"
                ],
                "taint": [],
                "workload_metadata_config": []
              }
            ],
            "node_locations": [],
            "node_pool": [
              {
                "autoscaling": [],
                "initial_node_count": 1,
                "instance_group_urls": [
                  "https://www.googleapis.com/compute/v1/projects/magento2-269418/zones/europe-west2-a/instanceGroupManagers/gke-example-private-clus-db-node-pool-3f391bdf-grp"
                ],
                "management": [
                  {
                    "auto_repair": false,
                    "auto_upgrade": true
                  }
                ],
                "max_pods_per_node": 110,
                "name": "db-node-pool",
                "name_prefix": "",
                "node_config": [
                  {
                    "disk_size_gb": 10,
                    "disk_type": "pd-standard",
                    "guest_accelerator": [],
                    "image_type": "COS",
                    "labels": {
                      "private-db-pool": "mysql-db"
                    },
                    "local_ssd_count": 0,
                    "machine_type": "n1-standard-2",
                    "metadata": {
                      "disable-legacy-endpoints": "true"
                    },
                    "min_cpu_platform": "",
                    "oauth_scopes": [
                      "https://www.googleapis.com/auth/cloud-platform"
                    ],
                    "preemptible": false,
                    "sandbox_config": [],
                    "service_account": "example-private-cluster-sa@magento2-269418.iam.gserviceaccount.com",
                    "shielded_instance_config": [
                      {
                        "enable_integrity_monitoring": true,
                        "enable_secure_boot": false
                      }
                    ],
                    "tags": [
                      "private",
                      "private-db-pool"
                    ],
                    "taint": [],
                    "workload_metadata_config": []
                  }
                ],
                "node_count": 1,
                "node_locations": [
                  "europe-west2-a"
                ],
                "version": "1.16.8-gke.15"
              },
              {
                "autoscaling": [],
                "initial_node_count": 1,
                "instance_group_urls": [
                  "https://www.googleapis.com/compute/v1/projects/magento2-269418/zones/europe-west2-a/instanceGroupManagers/gke-example-private-clu-nfs-node-pool-c148c4eb-grp"
                ],
                "management": [
                  {
                    "auto_repair": false,
                    "auto_upgrade": true
                  }
                ],
                "max_pods_per_node": 110,
                "name": "nfs-node-pool",
                "name_prefix": "",
                "node_config": [
                  {
                    "disk_size_gb": 10,
                    "disk_type": "pd-standard",
                    "guest_accelerator": [],
                    "image_type": "COS",
                    "labels": {
                      "private-nfs-pool": "nfs-drive"
                    },
                    "local_ssd_count": 0,
                    "machine_type": "n1-standard-2",
                    "metadata": {
                      "disable-legacy-endpoints": "true"
                    },
                    "min_cpu_platform": "",
                    "oauth_scopes": [
                      "https://www.googleapis.com/auth/cloud-platform"
                    ],
                    "preemptible": false,
                    "sandbox_config": [],
                    "service_account": "example-private-cluster-sa@magento2-269418.iam.gserviceaccount.com",
                    "shielded_instance_config": [
                      {
                        "enable_integrity_monitoring": true,
                        "enable_secure_boot": false
                      }
                    ],
                    "tags": [
                      "private",
                      "private-nfs-pool"
                    ],
                    "taint": [],
                    "workload_metadata_config": []
                  }
                ],
                "node_count": 1,
                "node_locations": [
                  "europe-west2-a"
                ],
                "version": "1.16.8-gke.15"
              },
              {
                "autoscaling": [
                  {
                    "max_node_count": 5,
                    "min_node_count": 1
                  }
                ],
                "initial_node_count": 1,
                "instance_group_urls": [
                  "https://www.googleapis.com/compute/v1/projects/magento2-269418/zones/europe-west2-a/instanceGroupManagers/gke-example-private-clus-private-pool-e8f2bb37-grp"
                ],
                "management": [
                  {
                    "auto_repair": true,
                    "auto_upgrade": true
                  }
                ],
                "max_pods_per_node": 110,
                "name": "private-pool",
                "name_prefix": "",
                "node_config": [
                  {
                    "disk_size_gb": 30,
                    "disk_type": "pd-standard",
                    "guest_accelerator": [],
                    "image_type": "COS",
                    "labels": {
                      "private-app-pool": "web-app"
                    },
                    "local_ssd_count": 0,
                    "machine_type": "n1-standard-2",
                    "metadata": {
                      "disable-legacy-endpoints": "true"
                    },
                    "min_cpu_platform": "",
                    "oauth_scopes": [
                      "https://www.googleapis.com/auth/cloud-platform"
                    ],
                    "preemptible": false,
                    "sandbox_config": [],
                    "service_account": "example-private-cluster-sa@magento2-269418.iam.gserviceaccount.com",
                    "shielded_instance_config": [
                      {
                        "enable_integrity_monitoring": true,
                        "enable_secure_boot": false
                      }
                    ],
                    "tags": [
                      "private",
                      "private-pool-example"
                    ],
                    "taint": [],
                    "workload_metadata_config": []
                  }
                ],
                "node_count": 1,
                "node_locations": [
                  "europe-west2-a"
                ],
                "version": "1.16.8-gke.15"
              }
            ],
            "node_version": "1.16.8-gke.15",
            "pod_security_policy_config": [],
            "private_cluster_config": [
              {
                "enable_private_endpoint": false,
                "enable_private_nodes": true,
                "master_ipv4_cidr_block": "10.5.0.0/28",
                "private_endpoint": "10.5.0.2",
                "public_endpoint": "35.234.145.8"
              }
            ],
            "project": "magento2-269418",
            "region": null,
            "release_channel": [
              {
                "channel": "UNSPECIFIED"
              }
            ],
            "remove_default_node_pool": true,
            "resource_labels": {},
            "resource_usage_export_config": [],
            "services_ipv4_cidr": "10.4.0.0/20",
            "subnetwork": "projects/magento2-269418/regions/europe-west2/subnetworks/example-private-cluster-network-aene-subnetwork-public",
            "timeouts": null,
            "tpu_ipv4_cidr_block": "",
            "vertical_pod_autoscaling": [
              {
                "enabled": true
              }
            ],
            "workload_identity_config": [],
            "zone": "europe-west2-a"
          },
          "private": "eyJlMmJmYjczMC1lY2FhLTExZTYtOGY4OC0zNDM2M2JjN2M0YzAiOnsiY3JlYXRlIjoxODAwMDAwMDAwMDAwLCJkZWxldGUiOjE4MDAwMDAwMDAwMDAsInVwZGF0ZSI6MzYwMDAwMDAwMDAwMH0sInNjaGVtYV92ZXJzaW9uIjoiMSJ9",
          "dependencies": [
            "module.vpc_network.google_compute_network.vpc",
            "module.vpc_network.google_compute_subnetwork.vpc_subnetwork_public",
            "random_string.suffix"
          ]
        }
      ]
    },
    {
      "mode": "managed",
      "type": "google_container_node_pool",
      "name": "database_pool",
      "provider": "provider.google-beta",
      "instances": [
        {
          "schema_version": 1,
          "attributes": {
            "autoscaling": [],
            "cluster": "example-private-cluster",
            "id": "europe-west2-a/example-private-cluster/db-node-pool",
            "initial_node_count": 1,
            "instance_group_urls": [
              "https://www.googleapis.com/compute/v1/projects/magento2-269418/zones/europe-west2-a/instanceGroupManagers/gke-example-private-clus-db-node-pool-3f391bdf-grp"
            ],
            "location": "europe-west2-a",
            "management": [
              {
                "auto_repair": false,
                "auto_upgrade": true
              }
            ],
            "max_pods_per_node": 110,
            "name": "db-node-pool",
            "name_prefix": "",
            "node_config": [
              {
                "disk_size_gb": 10,
                "disk_type": "pd-standard",
                "guest_accelerator": [],
                "image_type": "COS",
                "labels": {
                  "private-db-pool": "mysql-db"
                },
                "local_ssd_count": 0,
                "machine_type": "n1-standard-2",
                "metadata": {
                  "disable-legacy-endpoints": "true"
                },
                "min_cpu_platform": "",
                "oauth_scopes": [
                  "https://www.googleapis.com/auth/cloud-platform"
                ],
                "preemptible": false,
                "sandbox_config": [],
                "service_account": "example-private-cluster-sa@magento2-269418.iam.gserviceaccount.com",
                "shielded_instance_config": [
                  {
                    "enable_integrity_monitoring": true,
                    "enable_secure_boot": false
                  }
                ],
                "tags": [
                  "private",
                  "private-db-pool"
                ],
                "taint": [],
                "workload_metadata_config": []
              }
            ],
            "node_count": 1,
            "node_locations": [
              "europe-west2-a"
            ],
            "project": "magento2-269418",
            "region": null,
            "timeouts": null,
            "version": "1.16.8-gke.15",
            "zone": "europe-west2-a"
          },
          "private": "eyJlMmJmYjczMC1lY2FhLTExZTYtOGY4OC0zNDM2M2JjN2M0YzAiOnsiY3JlYXRlIjoxODAwMDAwMDAwMDAwLCJkZWxldGUiOjYwMDAwMDAwMDAwMCwidXBkYXRlIjo2MDAwMDAwMDAwMDB9LCJzY2hlbWFfdmVyc2lvbiI6IjEifQ==",
          "dependencies": [
            "module.gke_cluster.google_container_cluster.cluster",
            "module.gke_service_account.google_service_account.service_account",
            "module.vpc_network.google_compute_network.vpc",
            "module.vpc_network.google_compute_subnetwork.vpc_subnetwork_public",
            "random_string.suffix"
          ]
        }
      ]
    },
    {
      "mode": "managed",
      "type": "google_container_node_pool",
      "name": "nfs_pool",
      "provider": "provider.google-beta",
      "instances": [
        {
          "schema_version": 1,
          "attributes": {
            "autoscaling": [],
            "cluster": "example-private-cluster",
            "id": "europe-west2-a/example-private-cluster/nfs-node-pool",
            "initial_node_count": 1,
            "instance_group_urls": [
              "https://www.googleapis.com/compute/v1/projects/magento2-269418/zones/europe-west2-a/instanceGroupManagers/gke-example-private-clu-nfs-node-pool-c148c4eb-grp"
            ],
            "location": "europe-west2-a",
            "management": [
              {
                "auto_repair": false,
                "auto_upgrade": true
              }
            ],
            "max_pods_per_node": 110,
            "name": "nfs-node-pool",
            "name_prefix": "",
            "node_config": [
              {
                "disk_size_gb": 10,
                "disk_type": "pd-standard",
                "guest_accelerator": [],
                "image_type": "COS",
                "labels": {
                  "private-nfs-pool": "nfs-drive"
                },
                "local_ssd_count": 0,
                "machine_type": "n1-standard-2",
                "metadata": {
                  "disable-legacy-endpoints": "true"
                },
                "min_cpu_platform": "",
                "oauth_scopes": [
                  "https://www.googleapis.com/auth/cloud-platform"
                ],
                "preemptible": false,
                "sandbox_config": [],
                "service_account": "example-private-cluster-sa@magento2-269418.iam.gserviceaccount.com",
                "shielded_instance_config": [
                  {
                    "enable_integrity_monitoring": true,
                    "enable_secure_boot": false
                  }
                ],
                "tags": [
                  "private",
                  "private-nfs-pool"
                ],
                "taint": [],
                "workload_metadata_config": []
              }
            ],
            "node_count": 1,
            "node_locations": [
              "europe-west2-a"
            ],
            "project": "magento2-269418",
            "region": null,
            "timeouts": null,
            "version": "1.16.8-gke.15",
            "zone": "europe-west2-a"
          },
          "private": "eyJlMmJmYjczMC1lY2FhLTExZTYtOGY4OC0zNDM2M2JjN2M0YzAiOnsiY3JlYXRlIjoxODAwMDAwMDAwMDAwLCJkZWxldGUiOjYwMDAwMDAwMDAwMCwidXBkYXRlIjo2MDAwMDAwMDAwMDB9LCJzY2hlbWFfdmVyc2lvbiI6IjEifQ==",
          "dependencies": [
            "module.gke_cluster.google_container_cluster.cluster",
            "module.gke_service_account.google_service_account.service_account",
            "module.vpc_network.google_compute_network.vpc",
            "module.vpc_network.google_compute_subnetwork.vpc_subnetwork_public",
            "random_string.suffix"
          ]
        }
      ]
    },
    {
      "mode": "managed",
      "type": "google_container_node_pool",
      "name": "node_pool",
      "provider": "provider.google-beta",
      "instances": [
        {
          "schema_version": 1,
          "attributes": {
            "autoscaling": [
              {
                "max_node_count": 5,
                "min_node_count": 1
              }
            ],
            "cluster": "example-private-cluster",
            "id": "europe-west2-a/example-private-cluster/private-pool",
            "initial_node_count": 1,
            "instance_group_urls": [
              "https://www.googleapis.com/compute/v1/projects/magento2-269418/zones/europe-west2-a/instanceGroupManagers/gke-example-private-clus-private-pool-e8f2bb37-grp"
            ],
            "location": "europe-west2-a",
            "management": [
              {
                "auto_repair": true,
                "auto_upgrade": true
              }
            ],
            "max_pods_per_node": 110,
            "name": "private-pool",
            "name_prefix": "",
            "node_config": [
              {
                "disk_size_gb": 30,
                "disk_type": "pd-standard",
                "guest_accelerator": [],
                "image_type": "COS",
                "labels": {
                  "private-app-pool": "web-app"
                },
                "local_ssd_count": 0,
                "machine_type": "n1-standard-2",
                "metadata": {
                  "disable-legacy-endpoints": "true"
                },
                "min_cpu_platform": "",
                "oauth_scopes": [
                  "https://www.googleapis.com/auth/cloud-platform"
                ],
                "preemptible": false,
                "sandbox_config": [],
                "service_account": "example-private-cluster-sa@magento2-269418.iam.gserviceaccount.com",
                "shielded_instance_config": [
                  {
                    "enable_integrity_monitoring": true,
                    "enable_secure_boot": false
                  }
                ],
                "tags": [
                  "private",
                  "private-pool-example"
                ],
                "taint": [],
                "workload_metadata_config": []
              }
            ],
            "node_count": 1,
            "node_locations": [
              "europe-west2-a"
            ],
            "project": "magento2-269418",
            "region": null,
            "timeouts": {
              "create": "30m",
              "delete": "30m",
              "update": "30m"
            },
            "version": "1.16.8-gke.15",
            "zone": "europe-west2-a"
          },
          "private": "eyJlMmJmYjczMC1lY2FhLTExZTYtOGY4OC0zNDM2M2JjN2M0YzAiOnsiY3JlYXRlIjoxODAwMDAwMDAwMDAwLCJkZWxldGUiOjE4MDAwMDAwMDAwMDAsInVwZGF0ZSI6MTgwMDAwMDAwMDAwMH0sInNjaGVtYV92ZXJzaW9uIjoiMSJ9",
          "dependencies": [
            "module.gke_cluster.google_container_cluster.cluster",
            "module.gke_service_account.google_service_account.service_account",
            "module.vpc_network.google_compute_network.vpc",
            "module.vpc_network.google_compute_subnetwork.vpc_subnetwork_public",
            "random_string.suffix"
          ]
        }
      ]
    },
    {
      "mode": "managed",
      "type": "google_container_node_pool",
      "name": "redis_single_pool",
      "provider": "provider.google-beta",
      "instances": [
        {
          "schema_version": 1,
          "attributes": {
            "autoscaling": [],
            "cluster": "example-private-cluster",
            "id": "europe-west2-a/example-private-cluster/redis-single-node-pool",
            "initial_node_count": 1,
            "instance_group_urls": [
              "https://www.googleapis.com/compute/v1/projects/magento2-269418/zones/europe-west2-a/instanceGroupManagers/gke-example-private--redis-single-nod-5af4b589-grp"
            ],
            "location": "europe-west2-a",
            "management": [
              {
                "auto_repair": false,
                "auto_upgrade": true
              }
            ],
            "max_pods_per_node": 110,
            "name": "redis-single-node-pool",
            "name_prefix": "",
            "node_config": [
              {
                "disk_size_gb": 10,
                "disk_type": "pd-standard",
                "guest_accelerator": [],
                "image_type": "COS",
                "labels": {
                  "private-redis-single-pool": "redis-single"
                },
                "local_ssd_count": 0,
                "machine_type": "n1-standard-1",
                "metadata": {
                  "disable-legacy-endpoints": "true"
                },
                "min_cpu_platform": "",
                "oauth_scopes": [
                  "https://www.googleapis.com/auth/cloud-platform"
                ],
                "preemptible": false,
                "sandbox_config": [],
                "service_account": "example-private-cluster-sa@magento2-269418.iam.gserviceaccount.com",
                "shielded_instance_config": [
                  {
                    "enable_integrity_monitoring": true,
                    "enable_secure_boot": false
                  }
                ],
                "tags": [
                  "private",
                  "private-redis-single-pool"
                ],
                "taint": [],
                "workload_metadata_config": []
              }
            ],
            "node_count": 1,
            "node_locations": [
              "europe-west2-a"
            ],
            "project": "magento2-269418",
            "region": null,
            "timeouts": null,
            "version": "1.16.8-gke.15",
            "zone": "europe-west2-a"
          },
          "private": "eyJlMmJmYjczMC1lY2FhLTExZTYtOGY4OC0zNDM2M2JjN2M0YzAiOnsiY3JlYXRlIjoxODAwMDAwMDAwMDAwLCJkZWxldGUiOjYwMDAwMDAwMDAwMCwidXBkYXRlIjo2MDAwMDAwMDAwMDB9LCJzY2hlbWFfdmVyc2lvbiI6IjEifQ==",
          "dependencies": [
            "module.gke_cluster.google_container_cluster.cluster",
            "module.gke_service_account.google_service_account.service_account"
          ]
        }
      ]
    },
    {
      "module": "module.gke_service_account",
      "mode": "managed",
      "type": "google_project_iam_member",
      "name": "service_account-roles",
      "each": "map",
      "provider": "provider.google",
      "instances": [
        {
          "index_key": "roles/logging.logWriter",
          "schema_version": 0,
          "attributes": {
            "etag": "BwWl586vD8Y=",
            "id": "magento2-269418/roles/logging.logWriter/serviceaccount:example-private-cluster-sa@magento2-269418.iam.gserviceaccount.com",
            "member": "serviceAccount:example-private-cluster-sa@magento2-269418.iam.gserviceaccount.com",
            "project": "magento2-269418",
            "role": "roles/logging.logWriter"
          },
          "private": "bnVsbA==",
          "dependencies": [
            "module.gke_service_account.google_service_account.service_account"
          ]
        },
        {
          "index_key": "roles/monitoring.metricWriter",
          "schema_version": 0,
          "attributes": {
            "etag": "BwWl586vD8Y=",
            "id": "magento2-269418/roles/monitoring.metricWriter/serviceaccount:example-private-cluster-sa@magento2-269418.iam.gserviceaccount.com",
            "member": "serviceAccount:example-private-cluster-sa@magento2-269418.iam.gserviceaccount.com",
            "project": "magento2-269418",
            "role": "roles/monitoring.metricWriter"
          },
          "private": "bnVsbA==",
          "dependencies": [
            "module.gke_service_account.google_service_account.service_account"
          ]
        },
        {
          "index_key": "roles/monitoring.viewer",
          "schema_version": 0,
          "attributes": {
            "etag": "BwWl586vD8Y=",
            "id": "magento2-269418/roles/monitoring.viewer/serviceaccount:example-private-cluster-sa@magento2-269418.iam.gserviceaccount.com",
            "member": "serviceAccount:example-private-cluster-sa@magento2-269418.iam.gserviceaccount.com",
            "project": "magento2-269418",
            "role": "roles/monitoring.viewer"
          },
          "private": "bnVsbA==",
          "dependencies": [
            "module.gke_service_account.google_service_account.service_account"
          ]
        },
        {
          "index_key": "roles/stackdriver.resourceMetadata.writer",
          "schema_version": 0,
          "attributes": {
            "etag": "BwWl586vD8Y=",
            "id": "magento2-269418/roles/stackdriver.resourceMetadata.writer/serviceaccount:example-private-cluster-sa@magento2-269418.iam.gserviceaccount.com",
            "member": "serviceAccount:example-private-cluster-sa@magento2-269418.iam.gserviceaccount.com",
            "project": "magento2-269418",
            "role": "roles/stackdriver.resourceMetadata.writer"
          },
          "private": "bnVsbA==",
          "dependencies": [
            "module.gke_service_account.google_service_account.service_account"
          ]
        }
      ]
    },
    {
      "module": "module.gke_service_account",
      "mode": "managed",
      "type": "google_service_account",
      "name": "service_account",
      "provider": "provider.google",
      "instances": [
        {
          "schema_version": 0,
          "attributes": {
            "account_id": "example-private-cluster-sa",
            "description": "",
            "display_name": "Example GKE Cluster Service Account managed by Terraform",
            "email": "example-private-cluster-sa@magento2-269418.iam.gserviceaccount.com",
            "id": "projects/magento2-269418/serviceAccounts/example-private-cluster-sa@magento2-269418.iam.gserviceaccount.com",
            "name": "projects/magento2-269418/serviceAccounts/example-private-cluster-sa@magento2-269418.iam.gserviceaccount.com",
            "policy_data": null,
            "project": "magento2-269418",
            "unique_id": "103570293548485739439"
          },
          "private": "bnVsbA=="
        }
      ]
    },
    {
      "mode": "managed",
      "type": "random_string",
      "name": "suffix",
      "provider": "provider.random",
      "instances": [
        {
          "schema_version": 1,
          "attributes": {
            "id": "aene",
            "keepers": null,
            "length": 4,
            "lower": true,
            "min_lower": 0,
            "min_numeric": 0,
            "min_special": 0,
            "min_upper": 0,
            "number": true,
            "override_special": null,
            "result": "aene",
            "special": false,
            "upper": false
          },
          "private": "eyJzY2hlbWFfdmVyc2lvbiI6IjEifQ=="
        }
      ]
    },
    {
      "mode": "managed",
      "type": "tls_private_key",
      "name": "example",
      "provider": "provider.tls",
      "instances": [
        {
          "schema_version": 0,
          "attributes": {
            "algorithm": "RSA",
            "ecdsa_curve": "P224",
            "id": "d3aac6076981489c18bf910b3a2394179bf2f79f",
            "private_key_pem": "-----BEGIN RSA PRIVATE KEY-----\nMIIEowIBAAKCAQEAqRVxZqLDiAlij5RW7kbEopyMoR7yMW95XE759mijha89TyZL\nGWblI8pg3LF4i/j0DF71ig0IOEk2gxy/NAP5AgkadQimwpUmRdbV8PNncAvosawh\nl1f94KvVw39/q5NIbvDCctPgq1QVi4mKXKldpNOchgigP51znN+j1iIjCzPfRgaP\nl3W2pc+QB2jeO5EOSiH32wikZR79aBefLHvDtYkUAfGQnodJhuTSWdH+QKrw1hSa\npjw1i5uq8BrVvZy732tXKb8Q68h0ptQPABh055M65vxiiPFoieIWFffW9V/nkNFw\noxZ5qDNuuJl6cgC4hV003o8RJ6alzim5ouswxQIDAQABAoIBABMktl4kd3bjeSFA\nbkc0A/dVOibT1h/6uwbUekCHwFvWZ16au0349GCE/Up/XWKboSX1al9i8ldNErrt\nekhtWrf8R96QSDEnqdmmZTqOlFt/Pa1AC92SvM+/JMipms7WMhE9eQZ/LqS3NGlD\n/UJYep26x7H1MA+DyB8uwuHvo4AVBEOdPZ7Iesjk4GIO6WJorGZQguT5ET+f1vOG\nTnFXnEhB5HAWnlxH1id7OjMFtscBWejd+ZOJZObYcNpgt1XyLqpboxhpJ2tfzEeu\nWbivLsQixJF8s9dXfoGZVbIT67J+2JNpmZgNMr1WvgSjQjWw7LjRklzb/gpZNyzO\nemIZmYECgYEAyWvolpgQzPoUiKHFD1Re1xbiI64LF8BTU7rbunRbOHLudlNBv83p\nY6IknzsZtR3dZhKa/wmuaUNd46KchkWWqLYPnnr6FAkBetd8rw1wuAtPli7BLm2X\noq1xUtxmzHbeCmjx8GZifYHmrLBUis9MH5iqz38xmCQcp8dTVMQ/FbkCgYEA1uZY\n/xGtLGsEiq1J/GY6ZigtbrDJcdjJOlQKAW+90GfKV4HeGduU1/qCCg4GMlcaPdFq\n5R3DMOE+M/QmV4TxoQMwecAmSZk/VBVbd3EsyzyKAHwEXpxonRyeVCaao99v9Inr\neQD9CBGMQzoLkMsIa9/r1aACJq6Nqnaz665e+W0CgYAF1ucLVqVGDAoEXAxGgX+u\nZK9xsV4I9j50Mvqj0TPD0zEupQNG+EVH6i99nk0EfzUn/GoZ8sHns1hJfTFkgyf3\nBDA3vAD8C7bLROwMdytJaqqIBBr9qZe306dxa4pfayLM0nYRLia01MtHPmV1EMV4\nNQjesyVQ79sU0iaMUpQxoQKBgBIVgkm8qBED1HcDDCXUSHfOS7xz3g/ZiV2CMvFa\nAOQnx8xDXnhYlRbzuruz4GueDtRC6jbroUBcxApFMnDM/DRre0nTlKU+4yhlP7Q2\nbumPZ6GQziFUEi2eeehk80B1DgvLC2i8X46tQ1to6A5AN640QrlQZL3ylHNS1+Mu\nYkmlAoGBAJwUA/4kzItB131G7/XEG24fd/1v7p69RbiBkJ9HLKV8vkA2nAmFHTnD\nC9zpNmCQv21c6SPgdjQfrrODq8BNE2/hP3SiLrQvqa+k+94vcIESoS1NUNnZucmU\nMGEA0BPgU/+YwNNUJH+ocnLO2XGtgGduzqsFzk93rqHnfP0QkICs\n-----END RSA PRIVATE KEY-----\n",
            "public_key_fingerprint_md5": "d6:b3:41:18:11:6a:30:10:d2:25:38:e6:6f:56:a3:6f",
            "public_key_openssh": "ssh-rsa AAAAB3NzaC1yc2EAAAADAQABAAABAQCpFXFmosOICWKPlFbuRsSinIyhHvIxb3lcTvn2aKOFrz1PJksZZuUjymDcsXiL+PQMXvWKDQg4STaDHL80A/kCCRp1CKbClSZF1tXw82dwC+ixrCGXV/3gq9XDf3+rk0hu8MJy0+CrVBWLiYpcqV2k05yGCKA/nXOc36PWIiMLM99GBo+Xdbalz5AHaN47kQ5KIffbCKRlHv1oF58se8O1iRQB8ZCeh0mG5NJZ0f5AqvDWFJqmPDWLm6rwGtW9nLvfa1cpvxDryHSm1A8AGHTnkzrm/GKI8WiJ4hYV99b1X+eQ0XCjFnmoM264mXpyALiFXTTejxEnpqXOKbmi6zDF\n",
            "public_key_pem": "-----BEGIN PUBLIC KEY-----\nMIIBIjANBgkqhkiG9w0BAQEFAAOCAQ8AMIIBCgKCAQEAqRVxZqLDiAlij5RW7kbE\nopyMoR7yMW95XE759mijha89TyZLGWblI8pg3LF4i/j0DF71ig0IOEk2gxy/NAP5\nAgkadQimwpUmRdbV8PNncAvosawhl1f94KvVw39/q5NIbvDCctPgq1QVi4mKXKld\npNOchgigP51znN+j1iIjCzPfRgaPl3W2pc+QB2jeO5EOSiH32wikZR79aBefLHvD\ntYkUAfGQnodJhuTSWdH+QKrw1hSapjw1i5uq8BrVvZy732tXKb8Q68h0ptQPABh0\n55M65vxiiPFoieIWFffW9V/nkNFwoxZ5qDNuuJl6cgC4hV003o8RJ6alzim5ousw\nxQIDAQAB\n-----END PUBLIC KEY-----\n",
            "rsa_bits": 2048
          },
          "private": "bnVsbA=="
        }
      ]
    },
    {
      "mode": "managed",
      "type": "tls_self_signed_cert",
      "name": "example",
      "provider": "provider.tls",
      "instances": [
        {
          "schema_version": 0,
          "attributes": {
            "allowed_uses": [
              "key_encipherment",
              "digital_signature",
              "server_auth"
            ],
            "cert_pem": "-----BEGIN CERTIFICATE-----\nMIIDSjCCAjKgAwIBAgIQTFpf5Uq2JiMAtxeBzC1p0zANBgkqhkiG9w0BAQsFADAz\nMRswGQYDVQQKExJBQ01FIEV4YW1wbGVzLCBJbmMxFDASBgNVBAMTC2V4YW1wbGUu\nY29tMB4XDTIwMDUxODA4MTgxMloXDTIwMDUxODIwMTgxMlowMzEbMBkGA1UEChMS\nQUNNRSBFeGFtcGxlcywgSW5jMRQwEgYDVQQDEwtleGFtcGxlLmNvbTCCASIwDQYJ\nKoZIhvcNAQEBBQADggEPADCCAQoCggEBAKkVcWaiw4gJYo+UVu5GxKKcjKEe8jFv\neVxO+fZoo4WvPU8mSxlm5SPKYNyxeIv49Axe9YoNCDhJNoMcvzQD+QIJGnUIpsKV\nJkXW1fDzZ3AL6LGsIZdX/eCr1cN/f6uTSG7wwnLT4KtUFYuJilypXaTTnIYIoD+d\nc5zfo9YiIwsz30YGj5d1tqXPkAdo3juRDkoh99sIpGUe/WgXnyx7w7WJFAHxkJ6H\nSYbk0lnR/kCq8NYUmqY8NYubqvAa1b2cu99rVym/EOvIdKbUDwAYdOeTOub8Yojx\naIniFhX31vVf55DRcKMWeagzbriZenIAuIVdNN6PESempc4puaLrMMUCAwEAAaNa\nMFgwDgYDVR0PAQH/BAQDAgWgMBMGA1UdJQQMMAoGCCsGAQUFBwMBMAwGA1UdEwEB\n/wQCMAAwIwYDVR0RBBwwGoILZXhhbXBsZS5jb22CC2V4YW1wbGUubmV0MA0GCSqG\nSIb3DQEBCwUAA4IBAQAhEP4UxJ/rDsowTgl1+GMGpQ4oipMeY6M7WE84HeDLbS4k\ngsbmFuFruE0SNsMjhNWdqS61ELgaO8rTbrHMifjwn7T8iyk9u67Hb4D4FeLxDkE6\nyRnIBRn4Zod5biC141kEYePmNs1/XF9J1h9GED663qaQu4F07WTe3uQG99CvbpXi\nShLJfxFQykFtILluBmTXn5ULLtURuXR8fMer6e6qxr0yNew9PtuI30lHloNxJuzm\n0uUGo5ZAYW+OJETKN4dOmLc7sffBcYwVTodyQZ6sCuBZ4DNs/kbiqzt4PbtAD8tU\n181hGxmF8CKZ9ug06rT3iE/TUifzlva+zju7ZAZH\n-----END CERTIFICATE-----\n",
            "dns_names": [
              "example.com",
              "example.net"
            ],
            "early_renewal_hours": 3,
            "id": "101490579392205398824043990150137342419",
            "ip_addresses": null,
            "is_ca_certificate": null,
            "key_algorithm": "RSA",
            "private_key_pem": "bd0a8acf78adb70791ee91e3f5ed91b79ae1b300",
            "ready_for_renewal": false,
            "set_subject_key_id": null,
            "subject": [
              {
                "common_name": "example.com",
                "country": "",
                "locality": "",
                "organization": "ACME Examples, Inc",
                "organizational_unit": "",
                "postal_code": "",
                "province": "",
                "serial_number": "",
                "street_address": []
              }
            ],
            "uris": null,
            "validity_end_time": "2020-05-18T21:18:12.737729+01:00",
            "validity_period_hours": 12,
            "validity_start_time": "2020-05-18T09:18:12.737729+01:00"
          },
          "private": "bnVsbA==",
          "dependencies": [
            "tls_private_key.example"
          ]
        }
      ]
    }
  ]
}
